
Microsoft Visual Studio Solution File, Format Version 12.00
# Visual Studio Version 16
VisualStudioVersion = 16.0.30717.126
MinimumVisualStudioVersion = 10.0.40219.1
Project("{2150E333-8FDC-42A3-9474-1A3956D46DE8}") = ".github", ".github", "{0B8C5D57-D557-4A37-87B9-87FED3044BF9}"
	ProjectSection(SolutionItems) = preProject
		.github\workflows\nightly.yml = .github\workflows\nightly.yml
		.github\workflows\release.yml = .github\workflows\release.yml
	EndProjectSection
EndProject
Project("{2150E333-8FDC-42A3-9474-1A3956D46DE8}") = "1 Core", "1 Core", "{6F4C7055-E7C1-4256-8779-53D38AA7D2FF}"
	ProjectSection(SolutionItems) = preProject
		Core Readme.md = Core Readme.md
	EndProjectSection
EndProject
Project("{2150E333-8FDC-42A3-9474-1A3956D46DE8}") = "2 Infrastructure", "2 Infrastructure", "{283E7207-276B-42D2-B491-6075BA0E0A29}"
	ProjectSection(SolutionItems) = preProject
		Infrastructure Readme.md = Infrastructure Readme.md
	EndProjectSection
EndProject
Project("{2150E333-8FDC-42A3-9474-1A3956D46DE8}") = "3 Shared", "3 Shared", "{26FC3771-00F2-441B-84DD-875F2E374E6D}"
	ProjectSection(SolutionItems) = preProject
		Shared Readme.md = Shared Readme.md
	EndProjectSection
EndProject
Project("{2150E333-8FDC-42A3-9474-1A3956D46DE8}") = "Updated", "Updated", "{879AC60D-510E-4717-AC82-79C9447650DC}"
EndProject
Project("{2150E333-8FDC-42A3-9474-1A3956D46DE8}") = "4 Domain", "4 Domain", "{BF67BB33-FA0F-47AB-90B8-D9CFE6C6FAB3}"
	ProjectSection(SolutionItems) = preProject
		Domain Readme.md = Domain Readme.md
	EndProjectSection
EndProject
Project("{9A19103F-16F7-4668-BE54-9A1E7A4F7556}") = "TableTopCrucible.Starter", "TableTopCrucible.Starter\TableTopCrucible.Starter.csproj", "{508CE470-F440-496C-8607-361F6AC2ED9C}"
EndProject
Project("{9A19103F-16F7-4668-BE54-9A1E7A4F7556}") = "TableTopCrucible.Core.Wpf.Engine", "Core\TableTopCrucible.Core.Wpf.Engine\TableTopCrucible.Core.Wpf.Engine.csproj", "{FBF72B0F-C058-43B7-89F5-AC7F3D2B8A10}"
EndProject
Project("{9A19103F-16F7-4668-BE54-9A1E7A4F7556}") = "TableTopCrucible.Core.Packages", "Core\TableTopCrucible.Core.Packages\TableTopCrucible.Core.Packages.csproj", "{051245BC-0785-47CA-9D11-B060DDC72A07}"
EndProject
Project("{2150E333-8FDC-42A3-9474-1A3956D46DE8}") = "Background", "Background", "{07B444ED-E145-493E-A509-3E24A0115E5C}"
EndProject
Project("{2150E333-8FDC-42A3-9474-1A3956D46DE8}") = "Surface", "Surface", "{24FDC793-9F76-4F81-86F3-26F1AEDF31FD}"
EndProject
Project("{9A19103F-16F7-4668-BE54-9A1E7A4F7556}") = "TableTopCrucible.Core.Database", "Core\TableTopCrucible.Core.Database\TableTopCrucible.Core.Database.csproj", "{EA9ECBF2-3E97-41FB-91EA-B5373D8DFBCD}"
EndProject
Project("{9A19103F-16F7-4668-BE54-9A1E7A4F7556}") = "TableTopCrucible.Core.DependencyInjection", "Core\TableTopCrucible.Core.DependencyInjection\TableTopCrucible.Core.DependencyInjection.csproj", "{C6A7F67C-C3A2-4173-A957-F290AAD46EF7}"
EndProject
Project("{9A19103F-16F7-4668-BE54-9A1E7A4F7556}") = "TableTopCrucible.Core.Helper", "Core\TableTopCrucible.Core.Helper\TableTopCrucible.Core.Helper.csproj", "{5839F2FE-2B0E-4666-A740-3E5636402E90}"
EndProject
Project("{9A19103F-16F7-4668-BE54-9A1E7A4F7556}") = "TableTopCrucible.Core.ValueTypes", "Core\TableTopCrucible.Core.ValueTypes\TableTopCrucible.Core.ValueTypes.csproj", "{D605C1D8-55EC-4CBF-A4DC-51C0123086A4}"
EndProject
Project("{9A19103F-16F7-4668-BE54-9A1E7A4F7556}") = "TableTopCrucible.Core.Test.Packages", "Core\TableTopCrucible.Core.Test.Packages\TableTopCrucible.Core.Test.Packages.csproj", "{1BE2F657-E677-405E-B4F2-DABDC8D02424}"
EndProject
Project("{9A19103F-16F7-4668-BE54-9A1E7A4F7556}") = "TableTopCrucible.Core.WPF.Packages", "Core\TableTopCrucible.Core.WPF.Packages\TableTopCrucible.Core.WPF.Packages.csproj", "{43EBA02D-C384-4FBD-B5BF-308C59B8A78B}"
EndProject
Project("{9A19103F-16F7-4668-BE54-9A1E7A4F7556}") = "TableTopCrucible.Domain.Settings.Wpf", "Domain\TableTopCrucible.Domain.Settings.Wpf\TableTopCrucible.Domain.Settings.Wpf.csproj", "{DDDF42A9-0491-4A99-847E-EB73C554BAAB}"
EndProject
Project("{9A19103F-16F7-4668-BE54-9A1E7A4F7556}") = "TableTopCrucible.Domain.Settings", "TableTopCrucible.Domain.Settings\TableTopCrucible.Domain.Settings.csproj", "{FC1FB8F9-CE42-4B6D-826C-C6B4263E1E4E}"
EndProject
Project("{2150E333-8FDC-42A3-9474-1A3956D46DE8}") = "Background", "Background", "{870DF805-24E5-4954-B672-86CD659ECDB7}"
EndProject
Project("{2150E333-8FDC-42A3-9474-1A3956D46DE8}") = "Surface", "Surface", "{D5DACF3B-57D3-46F3-93CD-ABC02A403AAD}"
EndProject
Global
	GlobalSection(SolutionConfigurationPlatforms) = preSolution
		Debug|Any CPU = Debug|Any CPU
		Debug|ARM = Debug|ARM
		Debug|ARM64 = Debug|ARM64
		Debug|x64 = Debug|x64
		Debug|x86 = Debug|x86
		Release|Any CPU = Release|Any CPU
		Release|ARM = Release|ARM
		Release|ARM64 = Release|ARM64
		Release|x64 = Release|x64
		Release|x86 = Release|x86
	EndGlobalSection
	GlobalSection(ProjectConfigurationPlatforms) = postSolution
		{508CE470-F440-496C-8607-361F6AC2ED9C}.Debug|Any CPU.ActiveCfg = Debug|Any CPU
		{508CE470-F440-496C-8607-361F6AC2ED9C}.Debug|Any CPU.Build.0 = Debug|Any CPU
		{508CE470-F440-496C-8607-361F6AC2ED9C}.Debug|ARM.ActiveCfg = Debug|Any CPU
		{508CE470-F440-496C-8607-361F6AC2ED9C}.Debug|ARM.Build.0 = Debug|Any CPU
		{508CE470-F440-496C-8607-361F6AC2ED9C}.Debug|ARM64.ActiveCfg = Debug|Any CPU
		{508CE470-F440-496C-8607-361F6AC2ED9C}.Debug|ARM64.Build.0 = Debug|Any CPU
		{508CE470-F440-496C-8607-361F6AC2ED9C}.Debug|x64.ActiveCfg = Debug|Any CPU
		{508CE470-F440-496C-8607-361F6AC2ED9C}.Debug|x64.Build.0 = Debug|Any CPU
		{508CE470-F440-496C-8607-361F6AC2ED9C}.Debug|x86.ActiveCfg = Debug|Any CPU
		{508CE470-F440-496C-8607-361F6AC2ED9C}.Debug|x86.Build.0 = Debug|Any CPU
		{508CE470-F440-496C-8607-361F6AC2ED9C}.Release|Any CPU.ActiveCfg = Release|Any CPU
		{508CE470-F440-496C-8607-361F6AC2ED9C}.Release|Any CPU.Build.0 = Release|Any CPU
		{508CE470-F440-496C-8607-361F6AC2ED9C}.Release|ARM.ActiveCfg = Release|Any CPU
		{508CE470-F440-496C-8607-361F6AC2ED9C}.Release|ARM.Build.0 = Release|Any CPU
		{508CE470-F440-496C-8607-361F6AC2ED9C}.Release|ARM64.ActiveCfg = Release|Any CPU
		{508CE470-F440-496C-8607-361F6AC2ED9C}.Release|ARM64.Build.0 = Release|Any CPU
		{508CE470-F440-496C-8607-361F6AC2ED9C}.Release|x64.ActiveCfg = Release|Any CPU
		{508CE470-F440-496C-8607-361F6AC2ED9C}.Release|x64.Build.0 = Release|Any CPU
		{508CE470-F440-496C-8607-361F6AC2ED9C}.Release|x86.ActiveCfg = Release|Any CPU
		{508CE470-F440-496C-8607-361F6AC2ED9C}.Release|x86.Build.0 = Release|Any CPU
		{FBF72B0F-C058-43B7-89F5-AC7F3D2B8A10}.Debug|Any CPU.ActiveCfg = Debug|Any CPU
		{FBF72B0F-C058-43B7-89F5-AC7F3D2B8A10}.Debug|Any CPU.Build.0 = Debug|Any CPU
		{FBF72B0F-C058-43B7-89F5-AC7F3D2B8A10}.Debug|ARM.ActiveCfg = Debug|Any CPU
		{FBF72B0F-C058-43B7-89F5-AC7F3D2B8A10}.Debug|ARM.Build.0 = Debug|Any CPU
		{FBF72B0F-C058-43B7-89F5-AC7F3D2B8A10}.Debug|ARM64.ActiveCfg = Debug|Any CPU
		{FBF72B0F-C058-43B7-89F5-AC7F3D2B8A10}.Debug|ARM64.Build.0 = Debug|Any CPU
		{FBF72B0F-C058-43B7-89F5-AC7F3D2B8A10}.Debug|x64.ActiveCfg = Debug|Any CPU
		{FBF72B0F-C058-43B7-89F5-AC7F3D2B8A10}.Debug|x64.Build.0 = Debug|Any CPU
		{FBF72B0F-C058-43B7-89F5-AC7F3D2B8A10}.Debug|x86.ActiveCfg = Debug|Any CPU
		{FBF72B0F-C058-43B7-89F5-AC7F3D2B8A10}.Debug|x86.Build.0 = Debug|Any CPU
		{FBF72B0F-C058-43B7-89F5-AC7F3D2B8A10}.Release|Any CPU.ActiveCfg = Release|Any CPU
		{FBF72B0F-C058-43B7-89F5-AC7F3D2B8A10}.Release|Any CPU.Build.0 = Release|Any CPU
		{FBF72B0F-C058-43B7-89F5-AC7F3D2B8A10}.Release|ARM.ActiveCfg = Release|Any CPU
		{FBF72B0F-C058-43B7-89F5-AC7F3D2B8A10}.Release|ARM.Build.0 = Release|Any CPU
		{FBF72B0F-C058-43B7-89F5-AC7F3D2B8A10}.Release|ARM64.ActiveCfg = Release|Any CPU
		{FBF72B0F-C058-43B7-89F5-AC7F3D2B8A10}.Release|ARM64.Build.0 = Release|Any CPU
		{FBF72B0F-C058-43B7-89F5-AC7F3D2B8A10}.Release|x64.ActiveCfg = Release|Any CPU
		{FBF72B0F-C058-43B7-89F5-AC7F3D2B8A10}.Release|x64.Build.0 = Release|Any CPU
		{FBF72B0F-C058-43B7-89F5-AC7F3D2B8A10}.Release|x86.ActiveCfg = Release|Any CPU
		{FBF72B0F-C058-43B7-89F5-AC7F3D2B8A10}.Release|x86.Build.0 = Release|Any CPU
		{051245BC-0785-47CA-9D11-B060DDC72A07}.Debug|Any CPU.ActiveCfg = Debug|Any CPU
		{051245BC-0785-47CA-9D11-B060DDC72A07}.Debug|Any CPU.Build.0 = Debug|Any CPU
		{051245BC-0785-47CA-9D11-B060DDC72A07}.Debug|ARM.ActiveCfg = Debug|Any CPU
		{051245BC-0785-47CA-9D11-B060DDC72A07}.Debug|ARM.Build.0 = Debug|Any CPU
		{051245BC-0785-47CA-9D11-B060DDC72A07}.Debug|ARM64.ActiveCfg = Debug|Any CPU
		{051245BC-0785-47CA-9D11-B060DDC72A07}.Debug|ARM64.Build.0 = Debug|Any CPU
		{051245BC-0785-47CA-9D11-B060DDC72A07}.Debug|x64.ActiveCfg = Debug|Any CPU
		{051245BC-0785-47CA-9D11-B060DDC72A07}.Debug|x64.Build.0 = Debug|Any CPU
		{051245BC-0785-47CA-9D11-B060DDC72A07}.Debug|x86.ActiveCfg = Debug|Any CPU
		{051245BC-0785-47CA-9D11-B060DDC72A07}.Debug|x86.Build.0 = Debug|Any CPU
		{051245BC-0785-47CA-9D11-B060DDC72A07}.Release|Any CPU.ActiveCfg = Release|Any CPU
		{051245BC-0785-47CA-9D11-B060DDC72A07}.Release|Any CPU.Build.0 = Release|Any CPU
		{051245BC-0785-47CA-9D11-B060DDC72A07}.Release|ARM.ActiveCfg = Release|Any CPU
		{051245BC-0785-47CA-9D11-B060DDC72A07}.Release|ARM.Build.0 = Release|Any CPU
		{051245BC-0785-47CA-9D11-B060DDC72A07}.Release|ARM64.ActiveCfg = Release|Any CPU
		{051245BC-0785-47CA-9D11-B060DDC72A07}.Release|ARM64.Build.0 = Release|Any CPU
		{051245BC-0785-47CA-9D11-B060DDC72A07}.Release|x64.ActiveCfg = Release|Any CPU
		{051245BC-0785-47CA-9D11-B060DDC72A07}.Release|x64.Build.0 = Release|Any CPU
		{051245BC-0785-47CA-9D11-B060DDC72A07}.Release|x86.ActiveCfg = Release|Any CPU
		{051245BC-0785-47CA-9D11-B060DDC72A07}.Release|x86.Build.0 = Release|Any CPU
		{EA9ECBF2-3E97-41FB-91EA-B5373D8DFBCD}.Debug|Any CPU.ActiveCfg = Debug|Any CPU
		{EA9ECBF2-3E97-41FB-91EA-B5373D8DFBCD}.Debug|Any CPU.Build.0 = Debug|Any CPU
		{EA9ECBF2-3E97-41FB-91EA-B5373D8DFBCD}.Debug|ARM.ActiveCfg = Debug|Any CPU
		{EA9ECBF2-3E97-41FB-91EA-B5373D8DFBCD}.Debug|ARM.Build.0 = Debug|Any CPU
		{EA9ECBF2-3E97-41FB-91EA-B5373D8DFBCD}.Debug|ARM64.ActiveCfg = Debug|Any CPU
		{EA9ECBF2-3E97-41FB-91EA-B5373D8DFBCD}.Debug|ARM64.Build.0 = Debug|Any CPU
		{EA9ECBF2-3E97-41FB-91EA-B5373D8DFBCD}.Debug|x64.ActiveCfg = Debug|Any CPU
		{EA9ECBF2-3E97-41FB-91EA-B5373D8DFBCD}.Debug|x64.Build.0 = Debug|Any CPU
		{EA9ECBF2-3E97-41FB-91EA-B5373D8DFBCD}.Debug|x86.ActiveCfg = Debug|Any CPU
		{EA9ECBF2-3E97-41FB-91EA-B5373D8DFBCD}.Debug|x86.Build.0 = Debug|Any CPU
		{EA9ECBF2-3E97-41FB-91EA-B5373D8DFBCD}.Release|Any CPU.ActiveCfg = Release|Any CPU
		{EA9ECBF2-3E97-41FB-91EA-B5373D8DFBCD}.Release|Any CPU.Build.0 = Release|Any CPU
		{EA9ECBF2-3E97-41FB-91EA-B5373D8DFBCD}.Release|ARM.ActiveCfg = Release|Any CPU
		{EA9ECBF2-3E97-41FB-91EA-B5373D8DFBCD}.Release|ARM.Build.0 = Release|Any CPU
		{EA9ECBF2-3E97-41FB-91EA-B5373D8DFBCD}.Release|ARM64.ActiveCfg = Release|Any CPU
		{EA9ECBF2-3E97-41FB-91EA-B5373D8DFBCD}.Release|ARM64.Build.0 = Release|Any CPU
		{EA9ECBF2-3E97-41FB-91EA-B5373D8DFBCD}.Release|x64.ActiveCfg = Release|Any CPU
		{EA9ECBF2-3E97-41FB-91EA-B5373D8DFBCD}.Release|x64.Build.0 = Release|Any CPU
		{EA9ECBF2-3E97-41FB-91EA-B5373D8DFBCD}.Release|x86.ActiveCfg = Release|Any CPU
		{EA9ECBF2-3E97-41FB-91EA-B5373D8DFBCD}.Release|x86.Build.0 = Release|Any CPU
		{C6A7F67C-C3A2-4173-A957-F290AAD46EF7}.Debug|Any CPU.ActiveCfg = Debug|Any CPU
		{C6A7F67C-C3A2-4173-A957-F290AAD46EF7}.Debug|Any CPU.Build.0 = Debug|Any CPU
		{C6A7F67C-C3A2-4173-A957-F290AAD46EF7}.Debug|ARM.ActiveCfg = Debug|Any CPU
		{C6A7F67C-C3A2-4173-A957-F290AAD46EF7}.Debug|ARM.Build.0 = Debug|Any CPU
		{C6A7F67C-C3A2-4173-A957-F290AAD46EF7}.Debug|ARM64.ActiveCfg = Debug|Any CPU
		{C6A7F67C-C3A2-4173-A957-F290AAD46EF7}.Debug|ARM64.Build.0 = Debug|Any CPU
		{C6A7F67C-C3A2-4173-A957-F290AAD46EF7}.Debug|x64.ActiveCfg = Debug|Any CPU
		{C6A7F67C-C3A2-4173-A957-F290AAD46EF7}.Debug|x64.Build.0 = Debug|Any CPU
		{C6A7F67C-C3A2-4173-A957-F290AAD46EF7}.Debug|x86.ActiveCfg = Debug|Any CPU
		{C6A7F67C-C3A2-4173-A957-F290AAD46EF7}.Debug|x86.Build.0 = Debug|Any CPU
		{C6A7F67C-C3A2-4173-A957-F290AAD46EF7}.Release|Any CPU.ActiveCfg = Release|Any CPU
		{C6A7F67C-C3A2-4173-A957-F290AAD46EF7}.Release|Any CPU.Build.0 = Release|Any CPU
		{C6A7F67C-C3A2-4173-A957-F290AAD46EF7}.Release|ARM.ActiveCfg = Release|Any CPU
		{C6A7F67C-C3A2-4173-A957-F290AAD46EF7}.Release|ARM.Build.0 = Release|Any CPU
		{C6A7F67C-C3A2-4173-A957-F290AAD46EF7}.Release|ARM64.ActiveCfg = Release|Any CPU
		{C6A7F67C-C3A2-4173-A957-F290AAD46EF7}.Release|ARM64.Build.0 = Release|Any CPU
		{C6A7F67C-C3A2-4173-A957-F290AAD46EF7}.Release|x64.ActiveCfg = Release|Any CPU
		{C6A7F67C-C3A2-4173-A957-F290AAD46EF7}.Release|x64.Build.0 = Release|Any CPU
		{C6A7F67C-C3A2-4173-A957-F290AAD46EF7}.Release|x86.ActiveCfg = Release|Any CPU
		{C6A7F67C-C3A2-4173-A957-F290AAD46EF7}.Release|x86.Build.0 = Release|Any CPU
		{5839F2FE-2B0E-4666-A740-3E5636402E90}.Debug|Any CPU.ActiveCfg = Debug|Any CPU
		{5839F2FE-2B0E-4666-A740-3E5636402E90}.Debug|Any CPU.Build.0 = Debug|Any CPU
		{5839F2FE-2B0E-4666-A740-3E5636402E90}.Debug|ARM.ActiveCfg = Debug|Any CPU
		{5839F2FE-2B0E-4666-A740-3E5636402E90}.Debug|ARM.Build.0 = Debug|Any CPU
		{5839F2FE-2B0E-4666-A740-3E5636402E90}.Debug|ARM64.ActiveCfg = Debug|Any CPU
		{5839F2FE-2B0E-4666-A740-3E5636402E90}.Debug|ARM64.Build.0 = Debug|Any CPU
		{5839F2FE-2B0E-4666-A740-3E5636402E90}.Debug|x64.ActiveCfg = Debug|Any CPU
		{5839F2FE-2B0E-4666-A740-3E5636402E90}.Debug|x64.Build.0 = Debug|Any CPU
		{5839F2FE-2B0E-4666-A740-3E5636402E90}.Debug|x86.ActiveCfg = Debug|Any CPU
		{5839F2FE-2B0E-4666-A740-3E5636402E90}.Debug|x86.Build.0 = Debug|Any CPU
		{5839F2FE-2B0E-4666-A740-3E5636402E90}.Release|Any CPU.ActiveCfg = Release|Any CPU
		{5839F2FE-2B0E-4666-A740-3E5636402E90}.Release|Any CPU.Build.0 = Release|Any CPU
		{5839F2FE-2B0E-4666-A740-3E5636402E90}.Release|ARM.ActiveCfg = Release|Any CPU
		{5839F2FE-2B0E-4666-A740-3E5636402E90}.Release|ARM.Build.0 = Release|Any CPU
		{5839F2FE-2B0E-4666-A740-3E5636402E90}.Release|ARM64.ActiveCfg = Release|Any CPU
		{5839F2FE-2B0E-4666-A740-3E5636402E90}.Release|ARM64.Build.0 = Release|Any CPU
		{5839F2FE-2B0E-4666-A740-3E5636402E90}.Release|x64.ActiveCfg = Release|Any CPU
		{5839F2FE-2B0E-4666-A740-3E5636402E90}.Release|x64.Build.0 = Release|Any CPU
		{5839F2FE-2B0E-4666-A740-3E5636402E90}.Release|x86.ActiveCfg = Release|Any CPU
		{5839F2FE-2B0E-4666-A740-3E5636402E90}.Release|x86.Build.0 = Release|Any CPU
		{D605C1D8-55EC-4CBF-A4DC-51C0123086A4}.Debug|Any CPU.ActiveCfg = Debug|Any CPU
		{D605C1D8-55EC-4CBF-A4DC-51C0123086A4}.Debug|Any CPU.Build.0 = Debug|Any CPU
		{D605C1D8-55EC-4CBF-A4DC-51C0123086A4}.Debug|ARM.ActiveCfg = Debug|Any CPU
		{D605C1D8-55EC-4CBF-A4DC-51C0123086A4}.Debug|ARM.Build.0 = Debug|Any CPU
		{D605C1D8-55EC-4CBF-A4DC-51C0123086A4}.Debug|ARM64.ActiveCfg = Debug|Any CPU
		{D605C1D8-55EC-4CBF-A4DC-51C0123086A4}.Debug|ARM64.Build.0 = Debug|Any CPU
		{D605C1D8-55EC-4CBF-A4DC-51C0123086A4}.Debug|x64.ActiveCfg = Debug|Any CPU
		{D605C1D8-55EC-4CBF-A4DC-51C0123086A4}.Debug|x64.Build.0 = Debug|Any CPU
		{D605C1D8-55EC-4CBF-A4DC-51C0123086A4}.Debug|x86.ActiveCfg = Debug|Any CPU
		{D605C1D8-55EC-4CBF-A4DC-51C0123086A4}.Debug|x86.Build.0 = Debug|Any CPU
		{D605C1D8-55EC-4CBF-A4DC-51C0123086A4}.Release|Any CPU.ActiveCfg = Release|Any CPU
		{D605C1D8-55EC-4CBF-A4DC-51C0123086A4}.Release|Any CPU.Build.0 = Release|Any CPU
		{D605C1D8-55EC-4CBF-A4DC-51C0123086A4}.Release|ARM.ActiveCfg = Release|Any CPU
		{D605C1D8-55EC-4CBF-A4DC-51C0123086A4}.Release|ARM.Build.0 = Release|Any CPU
		{D605C1D8-55EC-4CBF-A4DC-51C0123086A4}.Release|ARM64.ActiveCfg = Release|Any CPU
		{D605C1D8-55EC-4CBF-A4DC-51C0123086A4}.Release|ARM64.Build.0 = Release|Any CPU
		{D605C1D8-55EC-4CBF-A4DC-51C0123086A4}.Release|x64.ActiveCfg = Release|Any CPU
		{D605C1D8-55EC-4CBF-A4DC-51C0123086A4}.Release|x64.Build.0 = Release|Any CPU
		{D605C1D8-55EC-4CBF-A4DC-51C0123086A4}.Release|x86.ActiveCfg = Release|Any CPU
		{D605C1D8-55EC-4CBF-A4DC-51C0123086A4}.Release|x86.Build.0 = Release|Any CPU
		{1BE2F657-E677-405E-B4F2-DABDC8D02424}.Debug|Any CPU.ActiveCfg = Debug|Any CPU
		{1BE2F657-E677-405E-B4F2-DABDC8D02424}.Debug|Any CPU.Build.0 = Debug|Any CPU
		{1BE2F657-E677-405E-B4F2-DABDC8D02424}.Debug|ARM.ActiveCfg = Debug|Any CPU
		{1BE2F657-E677-405E-B4F2-DABDC8D02424}.Debug|ARM.Build.0 = Debug|Any CPU
		{1BE2F657-E677-405E-B4F2-DABDC8D02424}.Debug|ARM64.ActiveCfg = Debug|Any CPU
		{1BE2F657-E677-405E-B4F2-DABDC8D02424}.Debug|ARM64.Build.0 = Debug|Any CPU
		{1BE2F657-E677-405E-B4F2-DABDC8D02424}.Debug|x64.ActiveCfg = Debug|Any CPU
		{1BE2F657-E677-405E-B4F2-DABDC8D02424}.Debug|x64.Build.0 = Debug|Any CPU
		{1BE2F657-E677-405E-B4F2-DABDC8D02424}.Debug|x86.ActiveCfg = Debug|Any CPU
		{1BE2F657-E677-405E-B4F2-DABDC8D02424}.Debug|x86.Build.0 = Debug|Any CPU
		{1BE2F657-E677-405E-B4F2-DABDC8D02424}.Release|Any CPU.ActiveCfg = Release|Any CPU
		{1BE2F657-E677-405E-B4F2-DABDC8D02424}.Release|Any CPU.Build.0 = Release|Any CPU
		{1BE2F657-E677-405E-B4F2-DABDC8D02424}.Release|ARM.ActiveCfg = Release|Any CPU
		{1BE2F657-E677-405E-B4F2-DABDC8D02424}.Release|ARM.Build.0 = Release|Any CPU
		{1BE2F657-E677-405E-B4F2-DABDC8D02424}.Release|ARM64.ActiveCfg = Release|Any CPU
		{1BE2F657-E677-405E-B4F2-DABDC8D02424}.Release|ARM64.Build.0 = Release|Any CPU
		{1BE2F657-E677-405E-B4F2-DABDC8D02424}.Release|x64.ActiveCfg = Release|Any CPU
		{1BE2F657-E677-405E-B4F2-DABDC8D02424}.Release|x64.Build.0 = Release|Any CPU
		{1BE2F657-E677-405E-B4F2-DABDC8D02424}.Release|x86.ActiveCfg = Release|Any CPU
		{1BE2F657-E677-405E-B4F2-DABDC8D02424}.Release|x86.Build.0 = Release|Any CPU
		{43EBA02D-C384-4FBD-B5BF-308C59B8A78B}.Debug|Any CPU.ActiveCfg = Debug|Any CPU
		{43EBA02D-C384-4FBD-B5BF-308C59B8A78B}.Debug|Any CPU.Build.0 = Debug|Any CPU
		{43EBA02D-C384-4FBD-B5BF-308C59B8A78B}.Debug|ARM.ActiveCfg = Debug|Any CPU
		{43EBA02D-C384-4FBD-B5BF-308C59B8A78B}.Debug|ARM.Build.0 = Debug|Any CPU
		{43EBA02D-C384-4FBD-B5BF-308C59B8A78B}.Debug|ARM64.ActiveCfg = Debug|Any CPU
		{43EBA02D-C384-4FBD-B5BF-308C59B8A78B}.Debug|ARM64.Build.0 = Debug|Any CPU
		{43EBA02D-C384-4FBD-B5BF-308C59B8A78B}.Debug|x64.ActiveCfg = Debug|Any CPU
		{43EBA02D-C384-4FBD-B5BF-308C59B8A78B}.Debug|x64.Build.0 = Debug|Any CPU
		{43EBA02D-C384-4FBD-B5BF-308C59B8A78B}.Debug|x86.ActiveCfg = Debug|Any CPU
		{43EBA02D-C384-4FBD-B5BF-308C59B8A78B}.Debug|x86.Build.0 = Debug|Any CPU
		{43EBA02D-C384-4FBD-B5BF-308C59B8A78B}.Release|Any CPU.ActiveCfg = Release|Any CPU
		{43EBA02D-C384-4FBD-B5BF-308C59B8A78B}.Release|Any CPU.Build.0 = Release|Any CPU
		{43EBA02D-C384-4FBD-B5BF-308C59B8A78B}.Release|ARM.ActiveCfg = Release|Any CPU
		{43EBA02D-C384-4FBD-B5BF-308C59B8A78B}.Release|ARM.Build.0 = Release|Any CPU
		{43EBA02D-C384-4FBD-B5BF-308C59B8A78B}.Release|ARM64.ActiveCfg = Release|Any CPU
		{43EBA02D-C384-4FBD-B5BF-308C59B8A78B}.Release|ARM64.Build.0 = Release|Any CPU
		{43EBA02D-C384-4FBD-B5BF-308C59B8A78B}.Release|x64.ActiveCfg = Release|Any CPU
		{43EBA02D-C384-4FBD-B5BF-308C59B8A78B}.Release|x64.Build.0 = Release|Any CPU
		{43EBA02D-C384-4FBD-B5BF-308C59B8A78B}.Release|x86.ActiveCfg = Release|Any CPU
		{43EBA02D-C384-4FBD-B5BF-308C59B8A78B}.Release|x86.Build.0 = Release|Any CPU
		{DDDF42A9-0491-4A99-847E-EB73C554BAAB}.Debug|Any CPU.ActiveCfg = Debug|Any CPU
		{DDDF42A9-0491-4A99-847E-EB73C554BAAB}.Debug|Any CPU.Build.0 = Debug|Any CPU
		{DDDF42A9-0491-4A99-847E-EB73C554BAAB}.Debug|ARM.ActiveCfg = Debug|Any CPU
		{DDDF42A9-0491-4A99-847E-EB73C554BAAB}.Debug|ARM.Build.0 = Debug|Any CPU
		{DDDF42A9-0491-4A99-847E-EB73C554BAAB}.Debug|ARM64.ActiveCfg = Debug|Any CPU
		{DDDF42A9-0491-4A99-847E-EB73C554BAAB}.Debug|ARM64.Build.0 = Debug|Any CPU
		{DDDF42A9-0491-4A99-847E-EB73C554BAAB}.Debug|x64.ActiveCfg = Debug|Any CPU
		{DDDF42A9-0491-4A99-847E-EB73C554BAAB}.Debug|x64.Build.0 = Debug|Any CPU
		{DDDF42A9-0491-4A99-847E-EB73C554BAAB}.Debug|x86.ActiveCfg = Debug|Any CPU
		{DDDF42A9-0491-4A99-847E-EB73C554BAAB}.Debug|x86.Build.0 = Debug|Any CPU
		{DDDF42A9-0491-4A99-847E-EB73C554BAAB}.Release|Any CPU.ActiveCfg = Release|Any CPU
		{DDDF42A9-0491-4A99-847E-EB73C554BAAB}.Release|Any CPU.Build.0 = Release|Any CPU
		{DDDF42A9-0491-4A99-847E-EB73C554BAAB}.Release|ARM.ActiveCfg = Release|Any CPU
		{DDDF42A9-0491-4A99-847E-EB73C554BAAB}.Release|ARM.Build.0 = Release|Any CPU
		{DDDF42A9-0491-4A99-847E-EB73C554BAAB}.Release|ARM64.ActiveCfg = Release|Any CPU
		{DDDF42A9-0491-4A99-847E-EB73C554BAAB}.Release|ARM64.Build.0 = Release|Any CPU
		{DDDF42A9-0491-4A99-847E-EB73C554BAAB}.Release|x64.ActiveCfg = Release|Any CPU
		{DDDF42A9-0491-4A99-847E-EB73C554BAAB}.Release|x64.Build.0 = Release|Any CPU
		{DDDF42A9-0491-4A99-847E-EB73C554BAAB}.Release|x86.ActiveCfg = Release|Any CPU
		{DDDF42A9-0491-4A99-847E-EB73C554BAAB}.Release|x86.Build.0 = Release|Any CPU
		{FC1FB8F9-CE42-4B6D-826C-C6B4263E1E4E}.Debug|Any CPU.ActiveCfg = Debug|Any CPU
		{FC1FB8F9-CE42-4B6D-826C-C6B4263E1E4E}.Debug|Any CPU.Build.0 = Debug|Any CPU
		{FC1FB8F9-CE42-4B6D-826C-C6B4263E1E4E}.Debug|ARM.ActiveCfg = Debug|Any CPU
		{FC1FB8F9-CE42-4B6D-826C-C6B4263E1E4E}.Debug|ARM.Build.0 = Debug|Any CPU
		{FC1FB8F9-CE42-4B6D-826C-C6B4263E1E4E}.Debug|ARM64.ActiveCfg = Debug|Any CPU
		{FC1FB8F9-CE42-4B6D-826C-C6B4263E1E4E}.Debug|ARM64.Build.0 = Debug|Any CPU
		{FC1FB8F9-CE42-4B6D-826C-C6B4263E1E4E}.Debug|x64.ActiveCfg = Debug|Any CPU
		{FC1FB8F9-CE42-4B6D-826C-C6B4263E1E4E}.Debug|x64.Build.0 = Debug|Any CPU
		{FC1FB8F9-CE42-4B6D-826C-C6B4263E1E4E}.Debug|x86.ActiveCfg = Debug|Any CPU
		{FC1FB8F9-CE42-4B6D-826C-C6B4263E1E4E}.Debug|x86.Build.0 = Debug|Any CPU
		{FC1FB8F9-CE42-4B6D-826C-C6B4263E1E4E}.Release|Any CPU.ActiveCfg = Release|Any CPU
		{FC1FB8F9-CE42-4B6D-826C-C6B4263E1E4E}.Release|Any CPU.Build.0 = Release|Any CPU
		{FC1FB8F9-CE42-4B6D-826C-C6B4263E1E4E}.Release|ARM.ActiveCfg = Release|Any CPU
		{FC1FB8F9-CE42-4B6D-826C-C6B4263E1E4E}.Release|ARM.Build.0 = Release|Any CPU
		{FC1FB8F9-CE42-4B6D-826C-C6B4263E1E4E}.Release|ARM64.ActiveCfg = Release|Any CPU
		{FC1FB8F9-CE42-4B6D-826C-C6B4263E1E4E}.Release|ARM64.Build.0 = Release|Any CPU
		{FC1FB8F9-CE42-4B6D-826C-C6B4263E1E4E}.Release|x64.ActiveCfg = Release|Any CPU
		{FC1FB8F9-CE42-4B6D-826C-C6B4263E1E4E}.Release|x64.Build.0 = Release|Any CPU
		{FC1FB8F9-CE42-4B6D-826C-C6B4263E1E4E}.Release|x86.ActiveCfg = Release|Any CPU
		{FC1FB8F9-CE42-4B6D-826C-C6B4263E1E4E}.Release|x86.Build.0 = Release|Any CPU
	EndGlobalSection
	GlobalSection(SolutionProperties) = preSolution
		HideSolutionNode = FALSE
	EndGlobalSection
	GlobalSection(NestedProjects) = preSolution
		{6F4C7055-E7C1-4256-8779-53D38AA7D2FF} = {879AC60D-510E-4717-AC82-79C9447650DC}
		{283E7207-276B-42D2-B491-6075BA0E0A29} = {879AC60D-510E-4717-AC82-79C9447650DC}
		{26FC3771-00F2-441B-84DD-875F2E374E6D} = {879AC60D-510E-4717-AC82-79C9447650DC}
		{BF67BB33-FA0F-47AB-90B8-D9CFE6C6FAB3} = {879AC60D-510E-4717-AC82-79C9447650DC}
		{508CE470-F440-496C-8607-361F6AC2ED9C} = {879AC60D-510E-4717-AC82-79C9447650DC}
		{FBF72B0F-C058-43B7-89F5-AC7F3D2B8A10} = {24FDC793-9F76-4F81-86F3-26F1AEDF31FD}
		{051245BC-0785-47CA-9D11-B060DDC72A07} = {07B444ED-E145-493E-A509-3E24A0115E5C}
		{07B444ED-E145-493E-A509-3E24A0115E5C} = {6F4C7055-E7C1-4256-8779-53D38AA7D2FF}
		{24FDC793-9F76-4F81-86F3-26F1AEDF31FD} = {6F4C7055-E7C1-4256-8779-53D38AA7D2FF}
		{EA9ECBF2-3E97-41FB-91EA-B5373D8DFBCD} = {07B444ED-E145-493E-A509-3E24A0115E5C}
		{C6A7F67C-C3A2-4173-A957-F290AAD46EF7} = {07B444ED-E145-493E-A509-3E24A0115E5C}
		{5839F2FE-2B0E-4666-A740-3E5636402E90} = {07B444ED-E145-493E-A509-3E24A0115E5C}
		{D605C1D8-55EC-4CBF-A4DC-51C0123086A4} = {07B444ED-E145-493E-A509-3E24A0115E5C}
		{1BE2F657-E677-405E-B4F2-DABDC8D02424} = {07B444ED-E145-493E-A509-3E24A0115E5C}
		{43EBA02D-C384-4FBD-B5BF-308C59B8A78B} = {24FDC793-9F76-4F81-86F3-26F1AEDF31FD}
		{DDDF42A9-0491-4A99-847E-EB73C554BAAB} = {D5DACF3B-57D3-46F3-93CD-ABC02A403AAD}
		{FC1FB8F9-CE42-4B6D-826C-C6B4263E1E4E} = {870DF805-24E5-4954-B672-86CD659ECDB7}
		{870DF805-24E5-4954-B672-86CD659ECDB7} = {BF67BB33-FA0F-47AB-90B8-D9CFE6C6FAB3}
		{D5DACF3B-57D3-46F3-93CD-ABC02A403AAD} = {BF67BB33-FA0F-47AB-90B8-D9CFE6C6FAB3}
	EndGlobalSection
	GlobalSection(ExtensibilityGlobals) = postSolution
		SolutionGuid = {339A61EA-C5C5-4D0C-BBBD-073C2CCC4A53}
	EndGlobalSection
EndGlobal
