
Microsoft Visual Studio Solution File, Format Version 12.00
# Visual Studio Version 16
VisualStudioVersion = 16.0.30717.126
MinimumVisualStudioVersion = 10.0.40219.1
Project("{2150E333-8FDC-42A3-9474-1A3956D46DE8}") = ".github", ".github", "{0B8C5D57-D557-4A37-87B9-87FED3044BF9}"
	ProjectSection(SolutionItems) = preProject
		.github\workflows\nightly.yml = .github\workflows\nightly.yml
		.github\workflows\release.yml = .github\workflows\release.yml
	EndProjectSection
EndProject
Project("{2150E333-8FDC-42A3-9474-1A3956D46DE8}") = "1 Core", "1 Core", "{6F4C7055-E7C1-4256-8779-53D38AA7D2FF}"
	ProjectSection(SolutionItems) = preProject
		Core Readme.md = Core Readme.md
	EndProjectSection
EndProject
Project("{2150E333-8FDC-42A3-9474-1A3956D46DE8}") = "2 Infrastructure", "2 Infrastructure", "{283E7207-276B-42D2-B491-6075BA0E0A29}"
	ProjectSection(SolutionItems) = preProject
		Infrastructure Readme.md = Infrastructure Readme.md
	EndProjectSection
EndProject
Project("{2150E333-8FDC-42A3-9474-1A3956D46DE8}") = "3 Shared", "3 Shared", "{26FC3771-00F2-441B-84DD-875F2E374E6D}"
	ProjectSection(SolutionItems) = preProject
		Shared Readme.md = Shared Readme.md
	EndProjectSection
EndProject
Project("{2150E333-8FDC-42A3-9474-1A3956D46DE8}") = "4 Domain", "4 Domain", "{BF67BB33-FA0F-47AB-90B8-D9CFE6C6FAB3}"
	ProjectSection(SolutionItems) = preProject
		Domain Readme.md = Domain Readme.md
	EndProjectSection
EndProject
Project("{9A19103F-16F7-4668-BE54-9A1E7A4F7556}") = "TableTopCrucible.Core.Wpf.Engine", "Core\TableTopCrucible.Core.Wpf.Engine\TableTopCrucible.Core.Wpf.Engine.csproj", "{FBF72B0F-C058-43B7-89F5-AC7F3D2B8A10}"
EndProject
Project("{9A19103F-16F7-4668-BE54-9A1E7A4F7556}") = "TableTopCrucible.Core.Packages", "Core\TableTopCrucible.Core.Packages\TableTopCrucible.Core.Packages.csproj", "{051245BC-0785-47CA-9D11-B060DDC72A07}"
EndProject
Project("{2150E333-8FDC-42A3-9474-1A3956D46DE8}") = "Background", "Background", "{07B444ED-E145-493E-A509-3E24A0115E5C}"
EndProject
Project("{2150E333-8FDC-42A3-9474-1A3956D46DE8}") = "Surface", "Surface", "{24FDC793-9F76-4F81-86F3-26F1AEDF31FD}"
EndProject
Project("{9A19103F-16F7-4668-BE54-9A1E7A4F7556}") = "TableTopCrucible.Core.DependencyInjection", "Core\TableTopCrucible.Core.DependencyInjection\TableTopCrucible.Core.DependencyInjection.csproj", "{C6A7F67C-C3A2-4173-A957-F290AAD46EF7}"
EndProject
Project("{9A19103F-16F7-4668-BE54-9A1E7A4F7556}") = "TableTopCrucible.Core.Helper", "Core\TableTopCrucible.Core.Helper\TableTopCrucible.Core.Helper.csproj", "{5839F2FE-2B0E-4666-A740-3E5636402E90}"
EndProject
Project("{9A19103F-16F7-4668-BE54-9A1E7A4F7556}") = "TableTopCrucible.Core.ValueTypes", "Core\TableTopCrucible.Core.ValueTypes\TableTopCrucible.Core.ValueTypes.csproj", "{D605C1D8-55EC-4CBF-A4DC-51C0123086A4}"
EndProject
Project("{9A19103F-16F7-4668-BE54-9A1E7A4F7556}") = "TableTopCrucible.Core.Test.Packages", "Core\TableTopCrucible.Core.Test.Packages\TableTopCrucible.Core.Test.Packages.csproj", "{1BE2F657-E677-405E-B4F2-DABDC8D02424}"
EndProject
Project("{9A19103F-16F7-4668-BE54-9A1E7A4F7556}") = "TableTopCrucible.Core.Wpf.Packages", "Core\TableTopCrucible.Core.WPF.Packages\TableTopCrucible.Core.Wpf.Packages.csproj", "{43EBA02D-C384-4FBD-B5BF-308C59B8A78B}"
EndProject
Project("{9A19103F-16F7-4668-BE54-9A1E7A4F7556}") = "TableTopCrucible.Domain.Settings.Wpf", "Domain\TableTopCrucible.Domain.Settings.Wpf\TableTopCrucible.Domain.Settings.Wpf.csproj", "{DDDF42A9-0491-4A99-847E-EB73C554BAAB}"
EndProject
Project("{2150E333-8FDC-42A3-9474-1A3956D46DE8}") = "Background", "Background", "{870DF805-24E5-4954-B672-86CD659ECDB7}"
EndProject
Project("{2150E333-8FDC-42A3-9474-1A3956D46DE8}") = "Surface", "Surface", "{D5DACF3B-57D3-46F3-93CD-ABC02A403AAD}"
EndProject
Project("{9A19103F-16F7-4668-BE54-9A1E7A4F7556}") = "TableTopCrucible.Shared.Wpf", "Shared\TableTopCrucible.Shared.Wpf\TableTopCrucible.Shared.Wpf.csproj", "{5BE51665-16A4-4C33-8586-6BFDCE4AF3AB}"
EndProject
Project("{2150E333-8FDC-42A3-9474-1A3956D46DE8}") = "Background", "Background", "{62C65F8F-761F-48C2-B9BB-23FA95E9084C}"
EndProject
Project("{2150E333-8FDC-42A3-9474-1A3956D46DE8}") = "Surface", "Surface", "{C543A906-59EF-437F-BF4F-1F0459BD7C96}"
EndProject
Project("{9A19103F-16F7-4668-BE54-9A1E7A4F7556}") = "TableTopCrucible.Infrastructure.Wpf.Commands", "Infrastructure\TableTopCrucible.Infrastructure.Wpf.Commands\TableTopCrucible.Infrastructure.Wpf.Commands.csproj", "{B434E8EF-06C8-4B14-8171-1839AC151152}"
EndProject
Project("{9A19103F-16F7-4668-BE54-9A1E7A4F7556}") = "TableTopCrucible.Infrastructure.Repositories", "Infrastructure\TableTopCrucible.Infrastructure.Repositories\TableTopCrucible.Infrastructure.Repositories.csproj", "{13016D8F-D81E-45ED-A599-F72EDA236238}"
EndProject
Project("{9A19103F-16F7-4668-BE54-9A1E7A4F7556}") = "TableTopCrucible.Starter", "TableTopCrucible.Starter\TableTopCrucible.Starter.csproj", "{8ED853AC-6870-4EFB-A1A8-6170F4314663}"
EndProject
Project("{2150E333-8FDC-42A3-9474-1A3956D46DE8}") = "Solution Items", "Solution Items", "{A441084A-67A2-42D5-A7BC-C96EF7064427}"
	ProjectSection(SolutionItems) = preProject
		.editorconfig = .editorconfig
	EndProjectSection
EndProject
Project("{9A19103F-16F7-4668-BE54-9A1E7A4F7556}") = "TableTopCrucible.Domain.Library.Wpf", "Domain\TableTopCrucible.Domain.Library.Wpf\TableTopCrucible.Domain.Library.Wpf.csproj", "{6F43138A-0D8D-4B50-BB66-72BBDDAB07B5}"
EndProject
Project("{9A19103F-16F7-4668-BE54-9A1E7A4F7556}") = "TableTopCrucible.Domain.Automation.Wpf", "Domain\TableTopCrucible.Domain.Automation.Wpf\TableTopCrucible.Domain.Automation.Wpf.csproj", "{78BF17B1-C760-4B56-A95D-5B6418FD58EF}"
EndProject
Project("{9A19103F-16F7-4668-BE54-9A1E7A4F7556}") = "TableTopCrucible.Infrastructure.Repositories.Tests", "Infrastructure\TableTopCrucible.Infrastructure.Repositories.Tests\TableTopCrucible.Infrastructure.Repositories.Tests.csproj", "{C3B87823-9A01-4876-AECA-8DA91125FC80}"
EndProject
Project("{2150E333-8FDC-42A3-9474-1A3956D46DE8}") = "Surface", "Surface", "{7903F0E4-BA29-4CCE-87E9-6C317B27494A}"
EndProject
Project("{2150E333-8FDC-42A3-9474-1A3956D46DE8}") = "Background", "Background", "{822665D6-4706-45D5-BAB3-42DE3DEBB7FE}"
EndProject
Project("{9A19103F-16F7-4668-BE54-9A1E7A4F7556}") = "TableTopCrucible.Shared.ItemSync", "Shared\TableTopCrucible.Shared.ItemSync\TableTopCrucible.Shared.ItemSync.csproj", "{31F1674F-D710-4CA1-A2ED-CF806780083C}"
EndProject
Project("{9A19103F-16F7-4668-BE54-9A1E7A4F7556}") = "TableTopCrucible.Core.Wpf.UserControls", "Core\TableTopCrucible.Core.Wpf.UserControls\TableTopCrucible.Core.Wpf.UserControls.csproj", "{DC4F1011-B48C-4B92-8E79-9A0209854D39}"
EndProject
Project("{9A19103F-16F7-4668-BE54-9A1E7A4F7556}") = "TableTopCrucible.Core.Wpf.Helper", "Core\TableTopCrucible.Core.Wpf.Helper\TableTopCrucible.Core.Wpf.Helper.csproj", "{A84C79F5-508C-48DC-B468-6DB4B569B62E}"
EndProject
Project("{9A19103F-16F7-4668-BE54-9A1E7A4F7556}") = "TableTopCrucible.Core.ValueTypes.Tests", "Core\TableTopCrucible.Core.ValueTypes.Tests\TableTopCrucible.Core.ValueTypes.Tests.csproj", "{09CC3DB2-7465-49B2-AF66-4FB304CAA0D6}"
EndProject
Project("{9A19103F-16F7-4668-BE54-9A1E7A4F7556}") = "TableTopCrucible.Shared.ItemSync.Tests", "Shared\TableTopCrucible.Shared.ItemSync.Tests\TableTopCrucible.Shared.ItemSync.Tests.csproj", "{BCF30E3B-E882-4771-AA8D-2887E98144D8}"
EndProject
Project("{9A19103F-16F7-4668-BE54-9A1E7A4F7556}") = "TableTopCrucible.Core.TestHelper", "Core\TableTopCrucible.Core.TestHelper\TableTopCrucible.Core.TestHelper.csproj", "{DA2EF1EB-A7AF-4A11-ABE8-07167122976B}"
EndProject
Project("{9A19103F-16F7-4668-BE54-9A1E7A4F7556}") = "TableTopCrucible.Core.Jobs", "Core\TableTopCrucible.Core.Jobs\TableTopCrucible.Core.Jobs.csproj", "{42FE6670-47A2-4D10-BD31-CE42FA36D84B}"
EndProject
Project("{9A19103F-16F7-4668-BE54-9A1E7A4F7556}") = "TableTopCrucible.Core.Jobs.Tests", "Core\TableTopCrucible.Core.Jobs.Tests\TableTopCrucible.Core.Jobs.Tests.csproj", "{690E1772-AD9D-4189-9659-23F656D2A93F}"
EndProject
Project("{9A19103F-16F7-4668-BE54-9A1E7A4F7556}") = "TableTopCrucible.Core.Wpf.Engine.Tests", "Core\TableTopCrucible.Core.Wpf.Engine.Tests\TableTopCrucible.Core.Wpf.Engine.Tests.csproj", "{6C770675-1D44-4E1B-A8E3-89EDC3290C2A}"
EndProject
Project("{FAE04EC0-301F-11D3-BF4B-00C04F79EFBC}") = "TableTopCrucible.Core.Engine", "Core\TableTopCrucible.Core.Engine\TableTopCrucible.Core.Engine.csproj", "{2ED51CB7-6A11-4436-B79A-FC19C341BB51}"
EndProject
Project("{FAE04EC0-301F-11D3-BF4B-00C04F79EFBC}") = "TableTopCrucible.Infrastructure.Models", "Infrastructure\TableTopCrucible.Infrastructure.Models\TableTopCrucible.Infrastructure.Models.csproj", "{EF197FFE-9344-4B5F-B5BB-DDA269AA936C}"
EndProject
Project("{9A19103F-16F7-4668-BE54-9A1E7A4F7556}") = "TableTopCrucible.Infrastructure.DataPersistence", "Infrastructure\TableTopCrucible.Infrastructure.DataPersistence\TableTopCrucible.Infrastructure.DataPersistence.csproj", "{0DDA2824-6A1B-49F6-A4D9-8FB389F6FF6F}"
EndProject
Global
	GlobalSection(SolutionConfigurationPlatforms) = preSolution
		Debug|Any CPU = Debug|Any CPU
		Debug|ARM = Debug|ARM
		Debug|ARM64 = Debug|ARM64
		Debug|x64 = Debug|x64
		Debug|x86 = Debug|x86
		Release|Any CPU = Release|Any CPU
		Release|ARM = Release|ARM
		Release|ARM64 = Release|ARM64
		Release|x64 = Release|x64
		Release|x86 = Release|x86
	EndGlobalSection
	GlobalSection(ProjectConfigurationPlatforms) = postSolution
		{FBF72B0F-C058-43B7-89F5-AC7F3D2B8A10}.Debug|Any CPU.ActiveCfg = Debug|Any CPU
		{FBF72B0F-C058-43B7-89F5-AC7F3D2B8A10}.Debug|Any CPU.Build.0 = Debug|Any CPU
		{FBF72B0F-C058-43B7-89F5-AC7F3D2B8A10}.Debug|ARM.ActiveCfg = Debug|Any CPU
		{FBF72B0F-C058-43B7-89F5-AC7F3D2B8A10}.Debug|ARM.Build.0 = Debug|Any CPU
		{FBF72B0F-C058-43B7-89F5-AC7F3D2B8A10}.Debug|ARM64.ActiveCfg = Debug|Any CPU
		{FBF72B0F-C058-43B7-89F5-AC7F3D2B8A10}.Debug|ARM64.Build.0 = Debug|Any CPU
		{FBF72B0F-C058-43B7-89F5-AC7F3D2B8A10}.Debug|x64.ActiveCfg = Debug|Any CPU
		{FBF72B0F-C058-43B7-89F5-AC7F3D2B8A10}.Debug|x64.Build.0 = Debug|Any CPU
		{FBF72B0F-C058-43B7-89F5-AC7F3D2B8A10}.Debug|x86.ActiveCfg = Debug|Any CPU
		{FBF72B0F-C058-43B7-89F5-AC7F3D2B8A10}.Debug|x86.Build.0 = Debug|Any CPU
		{FBF72B0F-C058-43B7-89F5-AC7F3D2B8A10}.Release|Any CPU.ActiveCfg = Release|Any CPU
		{FBF72B0F-C058-43B7-89F5-AC7F3D2B8A10}.Release|Any CPU.Build.0 = Release|Any CPU
		{FBF72B0F-C058-43B7-89F5-AC7F3D2B8A10}.Release|ARM.ActiveCfg = Release|Any CPU
		{FBF72B0F-C058-43B7-89F5-AC7F3D2B8A10}.Release|ARM.Build.0 = Release|Any CPU
		{FBF72B0F-C058-43B7-89F5-AC7F3D2B8A10}.Release|ARM64.ActiveCfg = Release|Any CPU
		{FBF72B0F-C058-43B7-89F5-AC7F3D2B8A10}.Release|ARM64.Build.0 = Release|Any CPU
		{FBF72B0F-C058-43B7-89F5-AC7F3D2B8A10}.Release|x64.ActiveCfg = Release|Any CPU
		{FBF72B0F-C058-43B7-89F5-AC7F3D2B8A10}.Release|x64.Build.0 = Release|Any CPU
		{FBF72B0F-C058-43B7-89F5-AC7F3D2B8A10}.Release|x86.ActiveCfg = Release|Any CPU
		{FBF72B0F-C058-43B7-89F5-AC7F3D2B8A10}.Release|x86.Build.0 = Release|Any CPU
		{051245BC-0785-47CA-9D11-B060DDC72A07}.Debug|Any CPU.ActiveCfg = Debug|Any CPU
		{051245BC-0785-47CA-9D11-B060DDC72A07}.Debug|Any CPU.Build.0 = Debug|Any CPU
		{051245BC-0785-47CA-9D11-B060DDC72A07}.Debug|ARM.ActiveCfg = Debug|Any CPU
		{051245BC-0785-47CA-9D11-B060DDC72A07}.Debug|ARM.Build.0 = Debug|Any CPU
		{051245BC-0785-47CA-9D11-B060DDC72A07}.Debug|ARM64.ActiveCfg = Debug|Any CPU
		{051245BC-0785-47CA-9D11-B060DDC72A07}.Debug|ARM64.Build.0 = Debug|Any CPU
		{051245BC-0785-47CA-9D11-B060DDC72A07}.Debug|x64.ActiveCfg = Debug|Any CPU
		{051245BC-0785-47CA-9D11-B060DDC72A07}.Debug|x64.Build.0 = Debug|Any CPU
		{051245BC-0785-47CA-9D11-B060DDC72A07}.Debug|x86.ActiveCfg = Debug|Any CPU
		{051245BC-0785-47CA-9D11-B060DDC72A07}.Debug|x86.Build.0 = Debug|Any CPU
		{051245BC-0785-47CA-9D11-B060DDC72A07}.Release|Any CPU.ActiveCfg = Release|Any CPU
		{051245BC-0785-47CA-9D11-B060DDC72A07}.Release|Any CPU.Build.0 = Release|Any CPU
		{051245BC-0785-47CA-9D11-B060DDC72A07}.Release|ARM.ActiveCfg = Release|Any CPU
		{051245BC-0785-47CA-9D11-B060DDC72A07}.Release|ARM.Build.0 = Release|Any CPU
		{051245BC-0785-47CA-9D11-B060DDC72A07}.Release|ARM64.ActiveCfg = Release|Any CPU
		{051245BC-0785-47CA-9D11-B060DDC72A07}.Release|ARM64.Build.0 = Release|Any CPU
		{051245BC-0785-47CA-9D11-B060DDC72A07}.Release|x64.ActiveCfg = Release|Any CPU
		{051245BC-0785-47CA-9D11-B060DDC72A07}.Release|x64.Build.0 = Release|Any CPU
		{051245BC-0785-47CA-9D11-B060DDC72A07}.Release|x86.ActiveCfg = Release|Any CPU
		{051245BC-0785-47CA-9D11-B060DDC72A07}.Release|x86.Build.0 = Release|Any CPU
		{C6A7F67C-C3A2-4173-A957-F290AAD46EF7}.Debug|Any CPU.ActiveCfg = Debug|Any CPU
		{C6A7F67C-C3A2-4173-A957-F290AAD46EF7}.Debug|Any CPU.Build.0 = Debug|Any CPU
		{C6A7F67C-C3A2-4173-A957-F290AAD46EF7}.Debug|ARM.ActiveCfg = Debug|Any CPU
		{C6A7F67C-C3A2-4173-A957-F290AAD46EF7}.Debug|ARM.Build.0 = Debug|Any CPU
		{C6A7F67C-C3A2-4173-A957-F290AAD46EF7}.Debug|ARM64.ActiveCfg = Debug|Any CPU
		{C6A7F67C-C3A2-4173-A957-F290AAD46EF7}.Debug|ARM64.Build.0 = Debug|Any CPU
		{C6A7F67C-C3A2-4173-A957-F290AAD46EF7}.Debug|x64.ActiveCfg = Debug|Any CPU
		{C6A7F67C-C3A2-4173-A957-F290AAD46EF7}.Debug|x64.Build.0 = Debug|Any CPU
		{C6A7F67C-C3A2-4173-A957-F290AAD46EF7}.Debug|x86.ActiveCfg = Debug|Any CPU
		{C6A7F67C-C3A2-4173-A957-F290AAD46EF7}.Debug|x86.Build.0 = Debug|Any CPU
		{C6A7F67C-C3A2-4173-A957-F290AAD46EF7}.Release|Any CPU.ActiveCfg = Release|Any CPU
		{C6A7F67C-C3A2-4173-A957-F290AAD46EF7}.Release|Any CPU.Build.0 = Release|Any CPU
		{C6A7F67C-C3A2-4173-A957-F290AAD46EF7}.Release|ARM.ActiveCfg = Release|Any CPU
		{C6A7F67C-C3A2-4173-A957-F290AAD46EF7}.Release|ARM.Build.0 = Release|Any CPU
		{C6A7F67C-C3A2-4173-A957-F290AAD46EF7}.Release|ARM64.ActiveCfg = Release|Any CPU
		{C6A7F67C-C3A2-4173-A957-F290AAD46EF7}.Release|ARM64.Build.0 = Release|Any CPU
		{C6A7F67C-C3A2-4173-A957-F290AAD46EF7}.Release|x64.ActiveCfg = Release|Any CPU
		{C6A7F67C-C3A2-4173-A957-F290AAD46EF7}.Release|x64.Build.0 = Release|Any CPU
		{C6A7F67C-C3A2-4173-A957-F290AAD46EF7}.Release|x86.ActiveCfg = Release|Any CPU
		{C6A7F67C-C3A2-4173-A957-F290AAD46EF7}.Release|x86.Build.0 = Release|Any CPU
		{5839F2FE-2B0E-4666-A740-3E5636402E90}.Debug|Any CPU.ActiveCfg = Debug|Any CPU
		{5839F2FE-2B0E-4666-A740-3E5636402E90}.Debug|Any CPU.Build.0 = Debug|Any CPU
		{5839F2FE-2B0E-4666-A740-3E5636402E90}.Debug|ARM.ActiveCfg = Debug|Any CPU
		{5839F2FE-2B0E-4666-A740-3E5636402E90}.Debug|ARM.Build.0 = Debug|Any CPU
		{5839F2FE-2B0E-4666-A740-3E5636402E90}.Debug|ARM64.ActiveCfg = Debug|Any CPU
		{5839F2FE-2B0E-4666-A740-3E5636402E90}.Debug|ARM64.Build.0 = Debug|Any CPU
		{5839F2FE-2B0E-4666-A740-3E5636402E90}.Debug|x64.ActiveCfg = Debug|Any CPU
		{5839F2FE-2B0E-4666-A740-3E5636402E90}.Debug|x64.Build.0 = Debug|Any CPU
		{5839F2FE-2B0E-4666-A740-3E5636402E90}.Debug|x86.ActiveCfg = Debug|Any CPU
		{5839F2FE-2B0E-4666-A740-3E5636402E90}.Debug|x86.Build.0 = Debug|Any CPU
		{5839F2FE-2B0E-4666-A740-3E5636402E90}.Release|Any CPU.ActiveCfg = Release|Any CPU
		{5839F2FE-2B0E-4666-A740-3E5636402E90}.Release|Any CPU.Build.0 = Release|Any CPU
		{5839F2FE-2B0E-4666-A740-3E5636402E90}.Release|ARM.ActiveCfg = Release|Any CPU
		{5839F2FE-2B0E-4666-A740-3E5636402E90}.Release|ARM.Build.0 = Release|Any CPU
		{5839F2FE-2B0E-4666-A740-3E5636402E90}.Release|ARM64.ActiveCfg = Release|Any CPU
		{5839F2FE-2B0E-4666-A740-3E5636402E90}.Release|ARM64.Build.0 = Release|Any CPU
		{5839F2FE-2B0E-4666-A740-3E5636402E90}.Release|x64.ActiveCfg = Release|Any CPU
		{5839F2FE-2B0E-4666-A740-3E5636402E90}.Release|x64.Build.0 = Release|Any CPU
		{5839F2FE-2B0E-4666-A740-3E5636402E90}.Release|x86.ActiveCfg = Release|Any CPU
		{5839F2FE-2B0E-4666-A740-3E5636402E90}.Release|x86.Build.0 = Release|Any CPU
		{D605C1D8-55EC-4CBF-A4DC-51C0123086A4}.Debug|Any CPU.ActiveCfg = Debug|Any CPU
		{D605C1D8-55EC-4CBF-A4DC-51C0123086A4}.Debug|Any CPU.Build.0 = Debug|Any CPU
		{D605C1D8-55EC-4CBF-A4DC-51C0123086A4}.Debug|ARM.ActiveCfg = Debug|Any CPU
		{D605C1D8-55EC-4CBF-A4DC-51C0123086A4}.Debug|ARM.Build.0 = Debug|Any CPU
		{D605C1D8-55EC-4CBF-A4DC-51C0123086A4}.Debug|ARM64.ActiveCfg = Debug|Any CPU
		{D605C1D8-55EC-4CBF-A4DC-51C0123086A4}.Debug|ARM64.Build.0 = Debug|Any CPU
		{D605C1D8-55EC-4CBF-A4DC-51C0123086A4}.Debug|x64.ActiveCfg = Debug|Any CPU
		{D605C1D8-55EC-4CBF-A4DC-51C0123086A4}.Debug|x64.Build.0 = Debug|Any CPU
		{D605C1D8-55EC-4CBF-A4DC-51C0123086A4}.Debug|x86.ActiveCfg = Debug|Any CPU
		{D605C1D8-55EC-4CBF-A4DC-51C0123086A4}.Debug|x86.Build.0 = Debug|Any CPU
		{D605C1D8-55EC-4CBF-A4DC-51C0123086A4}.Release|Any CPU.ActiveCfg = Release|Any CPU
		{D605C1D8-55EC-4CBF-A4DC-51C0123086A4}.Release|Any CPU.Build.0 = Release|Any CPU
		{D605C1D8-55EC-4CBF-A4DC-51C0123086A4}.Release|ARM.ActiveCfg = Release|Any CPU
		{D605C1D8-55EC-4CBF-A4DC-51C0123086A4}.Release|ARM.Build.0 = Release|Any CPU
		{D605C1D8-55EC-4CBF-A4DC-51C0123086A4}.Release|ARM64.ActiveCfg = Release|Any CPU
		{D605C1D8-55EC-4CBF-A4DC-51C0123086A4}.Release|ARM64.Build.0 = Release|Any CPU
		{D605C1D8-55EC-4CBF-A4DC-51C0123086A4}.Release|x64.ActiveCfg = Release|Any CPU
		{D605C1D8-55EC-4CBF-A4DC-51C0123086A4}.Release|x64.Build.0 = Release|Any CPU
		{D605C1D8-55EC-4CBF-A4DC-51C0123086A4}.Release|x86.ActiveCfg = Release|Any CPU
		{D605C1D8-55EC-4CBF-A4DC-51C0123086A4}.Release|x86.Build.0 = Release|Any CPU
		{1BE2F657-E677-405E-B4F2-DABDC8D02424}.Debug|Any CPU.ActiveCfg = Debug|Any CPU
		{1BE2F657-E677-405E-B4F2-DABDC8D02424}.Debug|Any CPU.Build.0 = Debug|Any CPU
		{1BE2F657-E677-405E-B4F2-DABDC8D02424}.Debug|ARM.ActiveCfg = Debug|Any CPU
		{1BE2F657-E677-405E-B4F2-DABDC8D02424}.Debug|ARM.Build.0 = Debug|Any CPU
		{1BE2F657-E677-405E-B4F2-DABDC8D02424}.Debug|ARM64.ActiveCfg = Debug|Any CPU
		{1BE2F657-E677-405E-B4F2-DABDC8D02424}.Debug|ARM64.Build.0 = Debug|Any CPU
		{1BE2F657-E677-405E-B4F2-DABDC8D02424}.Debug|x64.ActiveCfg = Debug|Any CPU
		{1BE2F657-E677-405E-B4F2-DABDC8D02424}.Debug|x64.Build.0 = Debug|Any CPU
		{1BE2F657-E677-405E-B4F2-DABDC8D02424}.Debug|x86.ActiveCfg = Debug|Any CPU
		{1BE2F657-E677-405E-B4F2-DABDC8D02424}.Debug|x86.Build.0 = Debug|Any CPU
		{1BE2F657-E677-405E-B4F2-DABDC8D02424}.Release|Any CPU.ActiveCfg = Release|Any CPU
		{1BE2F657-E677-405E-B4F2-DABDC8D02424}.Release|Any CPU.Build.0 = Release|Any CPU
		{1BE2F657-E677-405E-B4F2-DABDC8D02424}.Release|ARM.ActiveCfg = Release|Any CPU
		{1BE2F657-E677-405E-B4F2-DABDC8D02424}.Release|ARM.Build.0 = Release|Any CPU
		{1BE2F657-E677-405E-B4F2-DABDC8D02424}.Release|ARM64.ActiveCfg = Release|Any CPU
		{1BE2F657-E677-405E-B4F2-DABDC8D02424}.Release|ARM64.Build.0 = Release|Any CPU
		{1BE2F657-E677-405E-B4F2-DABDC8D02424}.Release|x64.ActiveCfg = Release|Any CPU
		{1BE2F657-E677-405E-B4F2-DABDC8D02424}.Release|x64.Build.0 = Release|Any CPU
		{1BE2F657-E677-405E-B4F2-DABDC8D02424}.Release|x86.ActiveCfg = Release|Any CPU
		{1BE2F657-E677-405E-B4F2-DABDC8D02424}.Release|x86.Build.0 = Release|Any CPU
		{43EBA02D-C384-4FBD-B5BF-308C59B8A78B}.Debug|Any CPU.ActiveCfg = Debug|Any CPU
		{43EBA02D-C384-4FBD-B5BF-308C59B8A78B}.Debug|Any CPU.Build.0 = Debug|Any CPU
		{43EBA02D-C384-4FBD-B5BF-308C59B8A78B}.Debug|ARM.ActiveCfg = Debug|Any CPU
		{43EBA02D-C384-4FBD-B5BF-308C59B8A78B}.Debug|ARM.Build.0 = Debug|Any CPU
		{43EBA02D-C384-4FBD-B5BF-308C59B8A78B}.Debug|ARM64.ActiveCfg = Debug|Any CPU
		{43EBA02D-C384-4FBD-B5BF-308C59B8A78B}.Debug|ARM64.Build.0 = Debug|Any CPU
		{43EBA02D-C384-4FBD-B5BF-308C59B8A78B}.Debug|x64.ActiveCfg = Debug|Any CPU
		{43EBA02D-C384-4FBD-B5BF-308C59B8A78B}.Debug|x64.Build.0 = Debug|Any CPU
		{43EBA02D-C384-4FBD-B5BF-308C59B8A78B}.Debug|x86.ActiveCfg = Debug|Any CPU
		{43EBA02D-C384-4FBD-B5BF-308C59B8A78B}.Debug|x86.Build.0 = Debug|Any CPU
		{43EBA02D-C384-4FBD-B5BF-308C59B8A78B}.Release|Any CPU.ActiveCfg = Release|Any CPU
		{43EBA02D-C384-4FBD-B5BF-308C59B8A78B}.Release|Any CPU.Build.0 = Release|Any CPU
		{43EBA02D-C384-4FBD-B5BF-308C59B8A78B}.Release|ARM.ActiveCfg = Release|Any CPU
		{43EBA02D-C384-4FBD-B5BF-308C59B8A78B}.Release|ARM.Build.0 = Release|Any CPU
		{43EBA02D-C384-4FBD-B5BF-308C59B8A78B}.Release|ARM64.ActiveCfg = Release|Any CPU
		{43EBA02D-C384-4FBD-B5BF-308C59B8A78B}.Release|ARM64.Build.0 = Release|Any CPU
		{43EBA02D-C384-4FBD-B5BF-308C59B8A78B}.Release|x64.ActiveCfg = Release|Any CPU
		{43EBA02D-C384-4FBD-B5BF-308C59B8A78B}.Release|x64.Build.0 = Release|Any CPU
		{43EBA02D-C384-4FBD-B5BF-308C59B8A78B}.Release|x86.ActiveCfg = Release|Any CPU
		{43EBA02D-C384-4FBD-B5BF-308C59B8A78B}.Release|x86.Build.0 = Release|Any CPU
		{DDDF42A9-0491-4A99-847E-EB73C554BAAB}.Debug|Any CPU.ActiveCfg = Debug|Any CPU
		{DDDF42A9-0491-4A99-847E-EB73C554BAAB}.Debug|Any CPU.Build.0 = Debug|Any CPU
		{DDDF42A9-0491-4A99-847E-EB73C554BAAB}.Debug|ARM.ActiveCfg = Debug|Any CPU
		{DDDF42A9-0491-4A99-847E-EB73C554BAAB}.Debug|ARM.Build.0 = Debug|Any CPU
		{DDDF42A9-0491-4A99-847E-EB73C554BAAB}.Debug|ARM64.ActiveCfg = Debug|Any CPU
		{DDDF42A9-0491-4A99-847E-EB73C554BAAB}.Debug|ARM64.Build.0 = Debug|Any CPU
		{DDDF42A9-0491-4A99-847E-EB73C554BAAB}.Debug|x64.ActiveCfg = Debug|Any CPU
		{DDDF42A9-0491-4A99-847E-EB73C554BAAB}.Debug|x64.Build.0 = Debug|Any CPU
		{DDDF42A9-0491-4A99-847E-EB73C554BAAB}.Debug|x86.ActiveCfg = Debug|Any CPU
		{DDDF42A9-0491-4A99-847E-EB73C554BAAB}.Debug|x86.Build.0 = Debug|Any CPU
		{DDDF42A9-0491-4A99-847E-EB73C554BAAB}.Release|Any CPU.ActiveCfg = Release|Any CPU
		{DDDF42A9-0491-4A99-847E-EB73C554BAAB}.Release|Any CPU.Build.0 = Release|Any CPU
		{DDDF42A9-0491-4A99-847E-EB73C554BAAB}.Release|ARM.ActiveCfg = Release|Any CPU
		{DDDF42A9-0491-4A99-847E-EB73C554BAAB}.Release|ARM.Build.0 = Release|Any CPU
		{DDDF42A9-0491-4A99-847E-EB73C554BAAB}.Release|ARM64.ActiveCfg = Release|Any CPU
		{DDDF42A9-0491-4A99-847E-EB73C554BAAB}.Release|ARM64.Build.0 = Release|Any CPU
		{DDDF42A9-0491-4A99-847E-EB73C554BAAB}.Release|x64.ActiveCfg = Release|Any CPU
		{DDDF42A9-0491-4A99-847E-EB73C554BAAB}.Release|x64.Build.0 = Release|Any CPU
		{DDDF42A9-0491-4A99-847E-EB73C554BAAB}.Release|x86.ActiveCfg = Release|Any CPU
		{DDDF42A9-0491-4A99-847E-EB73C554BAAB}.Release|x86.Build.0 = Release|Any CPU
		{5BE51665-16A4-4C33-8586-6BFDCE4AF3AB}.Debug|Any CPU.ActiveCfg = Debug|Any CPU
		{5BE51665-16A4-4C33-8586-6BFDCE4AF3AB}.Debug|Any CPU.Build.0 = Debug|Any CPU
		{5BE51665-16A4-4C33-8586-6BFDCE4AF3AB}.Debug|ARM.ActiveCfg = Debug|Any CPU
		{5BE51665-16A4-4C33-8586-6BFDCE4AF3AB}.Debug|ARM.Build.0 = Debug|Any CPU
		{5BE51665-16A4-4C33-8586-6BFDCE4AF3AB}.Debug|ARM64.ActiveCfg = Debug|Any CPU
		{5BE51665-16A4-4C33-8586-6BFDCE4AF3AB}.Debug|ARM64.Build.0 = Debug|Any CPU
		{5BE51665-16A4-4C33-8586-6BFDCE4AF3AB}.Debug|x64.ActiveCfg = Debug|Any CPU
		{5BE51665-16A4-4C33-8586-6BFDCE4AF3AB}.Debug|x64.Build.0 = Debug|Any CPU
		{5BE51665-16A4-4C33-8586-6BFDCE4AF3AB}.Debug|x86.ActiveCfg = Debug|Any CPU
		{5BE51665-16A4-4C33-8586-6BFDCE4AF3AB}.Debug|x86.Build.0 = Debug|Any CPU
		{5BE51665-16A4-4C33-8586-6BFDCE4AF3AB}.Release|Any CPU.ActiveCfg = Release|Any CPU
		{5BE51665-16A4-4C33-8586-6BFDCE4AF3AB}.Release|Any CPU.Build.0 = Release|Any CPU
		{5BE51665-16A4-4C33-8586-6BFDCE4AF3AB}.Release|ARM.ActiveCfg = Release|Any CPU
		{5BE51665-16A4-4C33-8586-6BFDCE4AF3AB}.Release|ARM.Build.0 = Release|Any CPU
		{5BE51665-16A4-4C33-8586-6BFDCE4AF3AB}.Release|ARM64.ActiveCfg = Release|Any CPU
		{5BE51665-16A4-4C33-8586-6BFDCE4AF3AB}.Release|ARM64.Build.0 = Release|Any CPU
		{5BE51665-16A4-4C33-8586-6BFDCE4AF3AB}.Release|x64.ActiveCfg = Release|Any CPU
		{5BE51665-16A4-4C33-8586-6BFDCE4AF3AB}.Release|x64.Build.0 = Release|Any CPU
		{5BE51665-16A4-4C33-8586-6BFDCE4AF3AB}.Release|x86.ActiveCfg = Release|Any CPU
		{5BE51665-16A4-4C33-8586-6BFDCE4AF3AB}.Release|x86.Build.0 = Release|Any CPU
		{B434E8EF-06C8-4B14-8171-1839AC151152}.Debug|Any CPU.ActiveCfg = Debug|Any CPU
		{B434E8EF-06C8-4B14-8171-1839AC151152}.Debug|Any CPU.Build.0 = Debug|Any CPU
		{B434E8EF-06C8-4B14-8171-1839AC151152}.Debug|ARM.ActiveCfg = Debug|Any CPU
		{B434E8EF-06C8-4B14-8171-1839AC151152}.Debug|ARM.Build.0 = Debug|Any CPU
		{B434E8EF-06C8-4B14-8171-1839AC151152}.Debug|ARM64.ActiveCfg = Debug|Any CPU
		{B434E8EF-06C8-4B14-8171-1839AC151152}.Debug|ARM64.Build.0 = Debug|Any CPU
		{B434E8EF-06C8-4B14-8171-1839AC151152}.Debug|x64.ActiveCfg = Debug|Any CPU
		{B434E8EF-06C8-4B14-8171-1839AC151152}.Debug|x64.Build.0 = Debug|Any CPU
		{B434E8EF-06C8-4B14-8171-1839AC151152}.Debug|x86.ActiveCfg = Debug|Any CPU
		{B434E8EF-06C8-4B14-8171-1839AC151152}.Debug|x86.Build.0 = Debug|Any CPU
		{B434E8EF-06C8-4B14-8171-1839AC151152}.Release|Any CPU.ActiveCfg = Release|Any CPU
		{B434E8EF-06C8-4B14-8171-1839AC151152}.Release|Any CPU.Build.0 = Release|Any CPU
		{B434E8EF-06C8-4B14-8171-1839AC151152}.Release|ARM.ActiveCfg = Release|Any CPU
		{B434E8EF-06C8-4B14-8171-1839AC151152}.Release|ARM.Build.0 = Release|Any CPU
		{B434E8EF-06C8-4B14-8171-1839AC151152}.Release|ARM64.ActiveCfg = Release|Any CPU
		{B434E8EF-06C8-4B14-8171-1839AC151152}.Release|ARM64.Build.0 = Release|Any CPU
		{B434E8EF-06C8-4B14-8171-1839AC151152}.Release|x64.ActiveCfg = Release|Any CPU
		{B434E8EF-06C8-4B14-8171-1839AC151152}.Release|x64.Build.0 = Release|Any CPU
		{B434E8EF-06C8-4B14-8171-1839AC151152}.Release|x86.ActiveCfg = Release|Any CPU
		{B434E8EF-06C8-4B14-8171-1839AC151152}.Release|x86.Build.0 = Release|Any CPU
		{13016D8F-D81E-45ED-A599-F72EDA236238}.Debug|Any CPU.ActiveCfg = Debug|Any CPU
		{13016D8F-D81E-45ED-A599-F72EDA236238}.Debug|Any CPU.Build.0 = Debug|Any CPU
		{13016D8F-D81E-45ED-A599-F72EDA236238}.Debug|ARM.ActiveCfg = Debug|Any CPU
		{13016D8F-D81E-45ED-A599-F72EDA236238}.Debug|ARM.Build.0 = Debug|Any CPU
		{13016D8F-D81E-45ED-A599-F72EDA236238}.Debug|ARM64.ActiveCfg = Debug|Any CPU
		{13016D8F-D81E-45ED-A599-F72EDA236238}.Debug|ARM64.Build.0 = Debug|Any CPU
		{13016D8F-D81E-45ED-A599-F72EDA236238}.Debug|x64.ActiveCfg = Debug|Any CPU
		{13016D8F-D81E-45ED-A599-F72EDA236238}.Debug|x64.Build.0 = Debug|Any CPU
		{13016D8F-D81E-45ED-A599-F72EDA236238}.Debug|x86.ActiveCfg = Debug|Any CPU
		{13016D8F-D81E-45ED-A599-F72EDA236238}.Debug|x86.Build.0 = Debug|Any CPU
		{13016D8F-D81E-45ED-A599-F72EDA236238}.Release|Any CPU.ActiveCfg = Release|Any CPU
		{13016D8F-D81E-45ED-A599-F72EDA236238}.Release|Any CPU.Build.0 = Release|Any CPU
		{13016D8F-D81E-45ED-A599-F72EDA236238}.Release|ARM.ActiveCfg = Release|Any CPU
		{13016D8F-D81E-45ED-A599-F72EDA236238}.Release|ARM.Build.0 = Release|Any CPU
		{13016D8F-D81E-45ED-A599-F72EDA236238}.Release|ARM64.ActiveCfg = Release|Any CPU
		{13016D8F-D81E-45ED-A599-F72EDA236238}.Release|ARM64.Build.0 = Release|Any CPU
		{13016D8F-D81E-45ED-A599-F72EDA236238}.Release|x64.ActiveCfg = Release|Any CPU
		{13016D8F-D81E-45ED-A599-F72EDA236238}.Release|x64.Build.0 = Release|Any CPU
		{13016D8F-D81E-45ED-A599-F72EDA236238}.Release|x86.ActiveCfg = Release|Any CPU
		{13016D8F-D81E-45ED-A599-F72EDA236238}.Release|x86.Build.0 = Release|Any CPU
		{8ED853AC-6870-4EFB-A1A8-6170F4314663}.Debug|Any CPU.ActiveCfg = Debug|Any CPU
		{8ED853AC-6870-4EFB-A1A8-6170F4314663}.Debug|Any CPU.Build.0 = Debug|Any CPU
		{8ED853AC-6870-4EFB-A1A8-6170F4314663}.Debug|ARM.ActiveCfg = Debug|Any CPU
		{8ED853AC-6870-4EFB-A1A8-6170F4314663}.Debug|ARM.Build.0 = Debug|Any CPU
		{8ED853AC-6870-4EFB-A1A8-6170F4314663}.Debug|ARM64.ActiveCfg = Debug|Any CPU
		{8ED853AC-6870-4EFB-A1A8-6170F4314663}.Debug|ARM64.Build.0 = Debug|Any CPU
		{8ED853AC-6870-4EFB-A1A8-6170F4314663}.Debug|x64.ActiveCfg = Debug|Any CPU
		{8ED853AC-6870-4EFB-A1A8-6170F4314663}.Debug|x64.Build.0 = Debug|Any CPU
		{8ED853AC-6870-4EFB-A1A8-6170F4314663}.Debug|x86.ActiveCfg = Debug|Any CPU
		{8ED853AC-6870-4EFB-A1A8-6170F4314663}.Debug|x86.Build.0 = Debug|Any CPU
		{8ED853AC-6870-4EFB-A1A8-6170F4314663}.Release|Any CPU.ActiveCfg = Release|Any CPU
		{8ED853AC-6870-4EFB-A1A8-6170F4314663}.Release|Any CPU.Build.0 = Release|Any CPU
		{8ED853AC-6870-4EFB-A1A8-6170F4314663}.Release|ARM.ActiveCfg = Release|Any CPU
		{8ED853AC-6870-4EFB-A1A8-6170F4314663}.Release|ARM.Build.0 = Release|Any CPU
		{8ED853AC-6870-4EFB-A1A8-6170F4314663}.Release|ARM64.ActiveCfg = Release|Any CPU
		{8ED853AC-6870-4EFB-A1A8-6170F4314663}.Release|ARM64.Build.0 = Release|Any CPU
		{8ED853AC-6870-4EFB-A1A8-6170F4314663}.Release|x64.ActiveCfg = Release|Any CPU
		{8ED853AC-6870-4EFB-A1A8-6170F4314663}.Release|x64.Build.0 = Release|Any CPU
		{8ED853AC-6870-4EFB-A1A8-6170F4314663}.Release|x86.ActiveCfg = Release|Any CPU
		{8ED853AC-6870-4EFB-A1A8-6170F4314663}.Release|x86.Build.0 = Release|Any CPU
		{6F43138A-0D8D-4B50-BB66-72BBDDAB07B5}.Debug|Any CPU.ActiveCfg = Debug|Any CPU
		{6F43138A-0D8D-4B50-BB66-72BBDDAB07B5}.Debug|Any CPU.Build.0 = Debug|Any CPU
		{6F43138A-0D8D-4B50-BB66-72BBDDAB07B5}.Debug|ARM.ActiveCfg = Debug|Any CPU
		{6F43138A-0D8D-4B50-BB66-72BBDDAB07B5}.Debug|ARM.Build.0 = Debug|Any CPU
		{6F43138A-0D8D-4B50-BB66-72BBDDAB07B5}.Debug|ARM64.ActiveCfg = Debug|Any CPU
		{6F43138A-0D8D-4B50-BB66-72BBDDAB07B5}.Debug|ARM64.Build.0 = Debug|Any CPU
		{6F43138A-0D8D-4B50-BB66-72BBDDAB07B5}.Debug|x64.ActiveCfg = Debug|Any CPU
		{6F43138A-0D8D-4B50-BB66-72BBDDAB07B5}.Debug|x64.Build.0 = Debug|Any CPU
		{6F43138A-0D8D-4B50-BB66-72BBDDAB07B5}.Debug|x86.ActiveCfg = Debug|Any CPU
		{6F43138A-0D8D-4B50-BB66-72BBDDAB07B5}.Debug|x86.Build.0 = Debug|Any CPU
		{6F43138A-0D8D-4B50-BB66-72BBDDAB07B5}.Release|Any CPU.ActiveCfg = Release|Any CPU
		{6F43138A-0D8D-4B50-BB66-72BBDDAB07B5}.Release|Any CPU.Build.0 = Release|Any CPU
		{6F43138A-0D8D-4B50-BB66-72BBDDAB07B5}.Release|ARM.ActiveCfg = Release|Any CPU
		{6F43138A-0D8D-4B50-BB66-72BBDDAB07B5}.Release|ARM.Build.0 = Release|Any CPU
		{6F43138A-0D8D-4B50-BB66-72BBDDAB07B5}.Release|ARM64.ActiveCfg = Release|Any CPU
		{6F43138A-0D8D-4B50-BB66-72BBDDAB07B5}.Release|ARM64.Build.0 = Release|Any CPU
		{6F43138A-0D8D-4B50-BB66-72BBDDAB07B5}.Release|x64.ActiveCfg = Release|Any CPU
		{6F43138A-0D8D-4B50-BB66-72BBDDAB07B5}.Release|x64.Build.0 = Release|Any CPU
		{6F43138A-0D8D-4B50-BB66-72BBDDAB07B5}.Release|x86.ActiveCfg = Release|Any CPU
		{6F43138A-0D8D-4B50-BB66-72BBDDAB07B5}.Release|x86.Build.0 = Release|Any CPU
		{78BF17B1-C760-4B56-A95D-5B6418FD58EF}.Debug|Any CPU.ActiveCfg = Debug|Any CPU
		{78BF17B1-C760-4B56-A95D-5B6418FD58EF}.Debug|Any CPU.Build.0 = Debug|Any CPU
		{78BF17B1-C760-4B56-A95D-5B6418FD58EF}.Debug|ARM.ActiveCfg = Debug|Any CPU
		{78BF17B1-C760-4B56-A95D-5B6418FD58EF}.Debug|ARM.Build.0 = Debug|Any CPU
		{78BF17B1-C760-4B56-A95D-5B6418FD58EF}.Debug|ARM64.ActiveCfg = Debug|Any CPU
		{78BF17B1-C760-4B56-A95D-5B6418FD58EF}.Debug|ARM64.Build.0 = Debug|Any CPU
		{78BF17B1-C760-4B56-A95D-5B6418FD58EF}.Debug|x64.ActiveCfg = Debug|Any CPU
		{78BF17B1-C760-4B56-A95D-5B6418FD58EF}.Debug|x64.Build.0 = Debug|Any CPU
		{78BF17B1-C760-4B56-A95D-5B6418FD58EF}.Debug|x86.ActiveCfg = Debug|Any CPU
		{78BF17B1-C760-4B56-A95D-5B6418FD58EF}.Debug|x86.Build.0 = Debug|Any CPU
		{78BF17B1-C760-4B56-A95D-5B6418FD58EF}.Release|Any CPU.ActiveCfg = Release|Any CPU
		{78BF17B1-C760-4B56-A95D-5B6418FD58EF}.Release|Any CPU.Build.0 = Release|Any CPU
		{78BF17B1-C760-4B56-A95D-5B6418FD58EF}.Release|ARM.ActiveCfg = Release|Any CPU
		{78BF17B1-C760-4B56-A95D-5B6418FD58EF}.Release|ARM.Build.0 = Release|Any CPU
		{78BF17B1-C760-4B56-A95D-5B6418FD58EF}.Release|ARM64.ActiveCfg = Release|Any CPU
		{78BF17B1-C760-4B56-A95D-5B6418FD58EF}.Release|ARM64.Build.0 = Release|Any CPU
		{78BF17B1-C760-4B56-A95D-5B6418FD58EF}.Release|x64.ActiveCfg = Release|Any CPU
		{78BF17B1-C760-4B56-A95D-5B6418FD58EF}.Release|x64.Build.0 = Release|Any CPU
		{78BF17B1-C760-4B56-A95D-5B6418FD58EF}.Release|x86.ActiveCfg = Release|Any CPU
		{78BF17B1-C760-4B56-A95D-5B6418FD58EF}.Release|x86.Build.0 = Release|Any CPU
		{C3B87823-9A01-4876-AECA-8DA91125FC80}.Debug|Any CPU.ActiveCfg = Debug|Any CPU
		{C3B87823-9A01-4876-AECA-8DA91125FC80}.Debug|Any CPU.Build.0 = Debug|Any CPU
		{C3B87823-9A01-4876-AECA-8DA91125FC80}.Debug|ARM.ActiveCfg = Debug|Any CPU
		{C3B87823-9A01-4876-AECA-8DA91125FC80}.Debug|ARM.Build.0 = Debug|Any CPU
		{C3B87823-9A01-4876-AECA-8DA91125FC80}.Debug|ARM64.ActiveCfg = Debug|Any CPU
		{C3B87823-9A01-4876-AECA-8DA91125FC80}.Debug|ARM64.Build.0 = Debug|Any CPU
		{C3B87823-9A01-4876-AECA-8DA91125FC80}.Debug|x64.ActiveCfg = Debug|Any CPU
		{C3B87823-9A01-4876-AECA-8DA91125FC80}.Debug|x64.Build.0 = Debug|Any CPU
		{C3B87823-9A01-4876-AECA-8DA91125FC80}.Debug|x86.ActiveCfg = Debug|Any CPU
		{C3B87823-9A01-4876-AECA-8DA91125FC80}.Debug|x86.Build.0 = Debug|Any CPU
		{C3B87823-9A01-4876-AECA-8DA91125FC80}.Release|Any CPU.ActiveCfg = Release|Any CPU
		{C3B87823-9A01-4876-AECA-8DA91125FC80}.Release|Any CPU.Build.0 = Release|Any CPU
		{C3B87823-9A01-4876-AECA-8DA91125FC80}.Release|ARM.ActiveCfg = Release|Any CPU
		{C3B87823-9A01-4876-AECA-8DA91125FC80}.Release|ARM.Build.0 = Release|Any CPU
		{C3B87823-9A01-4876-AECA-8DA91125FC80}.Release|ARM64.ActiveCfg = Release|Any CPU
		{C3B87823-9A01-4876-AECA-8DA91125FC80}.Release|ARM64.Build.0 = Release|Any CPU
		{C3B87823-9A01-4876-AECA-8DA91125FC80}.Release|x64.ActiveCfg = Release|Any CPU
		{C3B87823-9A01-4876-AECA-8DA91125FC80}.Release|x64.Build.0 = Release|Any CPU
		{C3B87823-9A01-4876-AECA-8DA91125FC80}.Release|x86.ActiveCfg = Release|Any CPU
		{C3B87823-9A01-4876-AECA-8DA91125FC80}.Release|x86.Build.0 = Release|Any CPU
		{31F1674F-D710-4CA1-A2ED-CF806780083C}.Debug|Any CPU.ActiveCfg = Debug|Any CPU
		{31F1674F-D710-4CA1-A2ED-CF806780083C}.Debug|Any CPU.Build.0 = Debug|Any CPU
		{31F1674F-D710-4CA1-A2ED-CF806780083C}.Debug|ARM.ActiveCfg = Debug|Any CPU
		{31F1674F-D710-4CA1-A2ED-CF806780083C}.Debug|ARM.Build.0 = Debug|Any CPU
		{31F1674F-D710-4CA1-A2ED-CF806780083C}.Debug|ARM64.ActiveCfg = Debug|Any CPU
		{31F1674F-D710-4CA1-A2ED-CF806780083C}.Debug|ARM64.Build.0 = Debug|Any CPU
		{31F1674F-D710-4CA1-A2ED-CF806780083C}.Debug|x64.ActiveCfg = Debug|Any CPU
		{31F1674F-D710-4CA1-A2ED-CF806780083C}.Debug|x64.Build.0 = Debug|Any CPU
		{31F1674F-D710-4CA1-A2ED-CF806780083C}.Debug|x86.ActiveCfg = Debug|Any CPU
		{31F1674F-D710-4CA1-A2ED-CF806780083C}.Debug|x86.Build.0 = Debug|Any CPU
		{31F1674F-D710-4CA1-A2ED-CF806780083C}.Release|Any CPU.ActiveCfg = Release|Any CPU
		{31F1674F-D710-4CA1-A2ED-CF806780083C}.Release|Any CPU.Build.0 = Release|Any CPU
		{31F1674F-D710-4CA1-A2ED-CF806780083C}.Release|ARM.ActiveCfg = Release|Any CPU
		{31F1674F-D710-4CA1-A2ED-CF806780083C}.Release|ARM.Build.0 = Release|Any CPU
		{31F1674F-D710-4CA1-A2ED-CF806780083C}.Release|ARM64.ActiveCfg = Release|Any CPU
		{31F1674F-D710-4CA1-A2ED-CF806780083C}.Release|ARM64.Build.0 = Release|Any CPU
		{31F1674F-D710-4CA1-A2ED-CF806780083C}.Release|x64.ActiveCfg = Release|Any CPU
		{31F1674F-D710-4CA1-A2ED-CF806780083C}.Release|x64.Build.0 = Release|Any CPU
		{31F1674F-D710-4CA1-A2ED-CF806780083C}.Release|x86.ActiveCfg = Release|Any CPU
		{31F1674F-D710-4CA1-A2ED-CF806780083C}.Release|x86.Build.0 = Release|Any CPU
		{DC4F1011-B48C-4B92-8E79-9A0209854D39}.Debug|Any CPU.ActiveCfg = Debug|Any CPU
		{DC4F1011-B48C-4B92-8E79-9A0209854D39}.Debug|Any CPU.Build.0 = Debug|Any CPU
		{DC4F1011-B48C-4B92-8E79-9A0209854D39}.Debug|ARM.ActiveCfg = Debug|Any CPU
		{DC4F1011-B48C-4B92-8E79-9A0209854D39}.Debug|ARM.Build.0 = Debug|Any CPU
		{DC4F1011-B48C-4B92-8E79-9A0209854D39}.Debug|ARM64.ActiveCfg = Debug|Any CPU
		{DC4F1011-B48C-4B92-8E79-9A0209854D39}.Debug|ARM64.Build.0 = Debug|Any CPU
		{DC4F1011-B48C-4B92-8E79-9A0209854D39}.Debug|x64.ActiveCfg = Debug|Any CPU
		{DC4F1011-B48C-4B92-8E79-9A0209854D39}.Debug|x64.Build.0 = Debug|Any CPU
		{DC4F1011-B48C-4B92-8E79-9A0209854D39}.Debug|x86.ActiveCfg = Debug|Any CPU
		{DC4F1011-B48C-4B92-8E79-9A0209854D39}.Debug|x86.Build.0 = Debug|Any CPU
		{DC4F1011-B48C-4B92-8E79-9A0209854D39}.Release|Any CPU.ActiveCfg = Release|Any CPU
		{DC4F1011-B48C-4B92-8E79-9A0209854D39}.Release|Any CPU.Build.0 = Release|Any CPU
		{DC4F1011-B48C-4B92-8E79-9A0209854D39}.Release|ARM.ActiveCfg = Release|Any CPU
		{DC4F1011-B48C-4B92-8E79-9A0209854D39}.Release|ARM.Build.0 = Release|Any CPU
		{DC4F1011-B48C-4B92-8E79-9A0209854D39}.Release|ARM64.ActiveCfg = Release|Any CPU
		{DC4F1011-B48C-4B92-8E79-9A0209854D39}.Release|ARM64.Build.0 = Release|Any CPU
		{DC4F1011-B48C-4B92-8E79-9A0209854D39}.Release|x64.ActiveCfg = Release|Any CPU
		{DC4F1011-B48C-4B92-8E79-9A0209854D39}.Release|x64.Build.0 = Release|Any CPU
		{DC4F1011-B48C-4B92-8E79-9A0209854D39}.Release|x86.ActiveCfg = Release|Any CPU
		{DC4F1011-B48C-4B92-8E79-9A0209854D39}.Release|x86.Build.0 = Release|Any CPU
		{A84C79F5-508C-48DC-B468-6DB4B569B62E}.Debug|Any CPU.ActiveCfg = Debug|Any CPU
		{A84C79F5-508C-48DC-B468-6DB4B569B62E}.Debug|Any CPU.Build.0 = Debug|Any CPU
		{A84C79F5-508C-48DC-B468-6DB4B569B62E}.Debug|ARM.ActiveCfg = Debug|Any CPU
		{A84C79F5-508C-48DC-B468-6DB4B569B62E}.Debug|ARM.Build.0 = Debug|Any CPU
		{A84C79F5-508C-48DC-B468-6DB4B569B62E}.Debug|ARM64.ActiveCfg = Debug|Any CPU
		{A84C79F5-508C-48DC-B468-6DB4B569B62E}.Debug|ARM64.Build.0 = Debug|Any CPU
		{A84C79F5-508C-48DC-B468-6DB4B569B62E}.Debug|x64.ActiveCfg = Debug|Any CPU
		{A84C79F5-508C-48DC-B468-6DB4B569B62E}.Debug|x64.Build.0 = Debug|Any CPU
		{A84C79F5-508C-48DC-B468-6DB4B569B62E}.Debug|x86.ActiveCfg = Debug|Any CPU
		{A84C79F5-508C-48DC-B468-6DB4B569B62E}.Debug|x86.Build.0 = Debug|Any CPU
		{A84C79F5-508C-48DC-B468-6DB4B569B62E}.Release|Any CPU.ActiveCfg = Release|Any CPU
		{A84C79F5-508C-48DC-B468-6DB4B569B62E}.Release|Any CPU.Build.0 = Release|Any CPU
		{A84C79F5-508C-48DC-B468-6DB4B569B62E}.Release|ARM.ActiveCfg = Release|Any CPU
		{A84C79F5-508C-48DC-B468-6DB4B569B62E}.Release|ARM.Build.0 = Release|Any CPU
		{A84C79F5-508C-48DC-B468-6DB4B569B62E}.Release|ARM64.ActiveCfg = Release|Any CPU
		{A84C79F5-508C-48DC-B468-6DB4B569B62E}.Release|ARM64.Build.0 = Release|Any CPU
		{A84C79F5-508C-48DC-B468-6DB4B569B62E}.Release|x64.ActiveCfg = Release|Any CPU
		{A84C79F5-508C-48DC-B468-6DB4B569B62E}.Release|x64.Build.0 = Release|Any CPU
		{A84C79F5-508C-48DC-B468-6DB4B569B62E}.Release|x86.ActiveCfg = Release|Any CPU
		{A84C79F5-508C-48DC-B468-6DB4B569B62E}.Release|x86.Build.0 = Release|Any CPU
		{09CC3DB2-7465-49B2-AF66-4FB304CAA0D6}.Debug|Any CPU.ActiveCfg = Debug|Any CPU
		{09CC3DB2-7465-49B2-AF66-4FB304CAA0D6}.Debug|Any CPU.Build.0 = Debug|Any CPU
		{09CC3DB2-7465-49B2-AF66-4FB304CAA0D6}.Debug|ARM.ActiveCfg = Debug|Any CPU
		{09CC3DB2-7465-49B2-AF66-4FB304CAA0D6}.Debug|ARM.Build.0 = Debug|Any CPU
		{09CC3DB2-7465-49B2-AF66-4FB304CAA0D6}.Debug|ARM64.ActiveCfg = Debug|Any CPU
		{09CC3DB2-7465-49B2-AF66-4FB304CAA0D6}.Debug|ARM64.Build.0 = Debug|Any CPU
		{09CC3DB2-7465-49B2-AF66-4FB304CAA0D6}.Debug|x64.ActiveCfg = Debug|Any CPU
		{09CC3DB2-7465-49B2-AF66-4FB304CAA0D6}.Debug|x64.Build.0 = Debug|Any CPU
		{09CC3DB2-7465-49B2-AF66-4FB304CAA0D6}.Debug|x86.ActiveCfg = Debug|Any CPU
		{09CC3DB2-7465-49B2-AF66-4FB304CAA0D6}.Debug|x86.Build.0 = Debug|Any CPU
		{09CC3DB2-7465-49B2-AF66-4FB304CAA0D6}.Release|Any CPU.ActiveCfg = Release|Any CPU
		{09CC3DB2-7465-49B2-AF66-4FB304CAA0D6}.Release|Any CPU.Build.0 = Release|Any CPU
		{09CC3DB2-7465-49B2-AF66-4FB304CAA0D6}.Release|ARM.ActiveCfg = Release|Any CPU
		{09CC3DB2-7465-49B2-AF66-4FB304CAA0D6}.Release|ARM.Build.0 = Release|Any CPU
		{09CC3DB2-7465-49B2-AF66-4FB304CAA0D6}.Release|ARM64.ActiveCfg = Release|Any CPU
		{09CC3DB2-7465-49B2-AF66-4FB304CAA0D6}.Release|ARM64.Build.0 = Release|Any CPU
		{09CC3DB2-7465-49B2-AF66-4FB304CAA0D6}.Release|x64.ActiveCfg = Release|Any CPU
		{09CC3DB2-7465-49B2-AF66-4FB304CAA0D6}.Release|x64.Build.0 = Release|Any CPU
		{09CC3DB2-7465-49B2-AF66-4FB304CAA0D6}.Release|x86.ActiveCfg = Release|Any CPU
		{09CC3DB2-7465-49B2-AF66-4FB304CAA0D6}.Release|x86.Build.0 = Release|Any CPU
		{BCF30E3B-E882-4771-AA8D-2887E98144D8}.Debug|Any CPU.ActiveCfg = Debug|Any CPU
		{BCF30E3B-E882-4771-AA8D-2887E98144D8}.Debug|Any CPU.Build.0 = Debug|Any CPU
		{BCF30E3B-E882-4771-AA8D-2887E98144D8}.Debug|ARM.ActiveCfg = Debug|Any CPU
		{BCF30E3B-E882-4771-AA8D-2887E98144D8}.Debug|ARM.Build.0 = Debug|Any CPU
		{BCF30E3B-E882-4771-AA8D-2887E98144D8}.Debug|ARM64.ActiveCfg = Debug|Any CPU
		{BCF30E3B-E882-4771-AA8D-2887E98144D8}.Debug|ARM64.Build.0 = Debug|Any CPU
		{BCF30E3B-E882-4771-AA8D-2887E98144D8}.Debug|x64.ActiveCfg = Debug|Any CPU
		{BCF30E3B-E882-4771-AA8D-2887E98144D8}.Debug|x64.Build.0 = Debug|Any CPU
		{BCF30E3B-E882-4771-AA8D-2887E98144D8}.Debug|x86.ActiveCfg = Debug|Any CPU
		{BCF30E3B-E882-4771-AA8D-2887E98144D8}.Debug|x86.Build.0 = Debug|Any CPU
		{BCF30E3B-E882-4771-AA8D-2887E98144D8}.Release|Any CPU.ActiveCfg = Release|Any CPU
		{BCF30E3B-E882-4771-AA8D-2887E98144D8}.Release|Any CPU.Build.0 = Release|Any CPU
		{BCF30E3B-E882-4771-AA8D-2887E98144D8}.Release|ARM.ActiveCfg = Release|Any CPU
		{BCF30E3B-E882-4771-AA8D-2887E98144D8}.Release|ARM.Build.0 = Release|Any CPU
		{BCF30E3B-E882-4771-AA8D-2887E98144D8}.Release|ARM64.ActiveCfg = Release|Any CPU
		{BCF30E3B-E882-4771-AA8D-2887E98144D8}.Release|ARM64.Build.0 = Release|Any CPU
		{BCF30E3B-E882-4771-AA8D-2887E98144D8}.Release|x64.ActiveCfg = Release|Any CPU
		{BCF30E3B-E882-4771-AA8D-2887E98144D8}.Release|x64.Build.0 = Release|Any CPU
		{BCF30E3B-E882-4771-AA8D-2887E98144D8}.Release|x86.ActiveCfg = Release|Any CPU
		{BCF30E3B-E882-4771-AA8D-2887E98144D8}.Release|x86.Build.0 = Release|Any CPU
		{DA2EF1EB-A7AF-4A11-ABE8-07167122976B}.Debug|Any CPU.ActiveCfg = Debug|Any CPU
		{DA2EF1EB-A7AF-4A11-ABE8-07167122976B}.Debug|Any CPU.Build.0 = Debug|Any CPU
		{DA2EF1EB-A7AF-4A11-ABE8-07167122976B}.Debug|ARM.ActiveCfg = Debug|Any CPU
		{DA2EF1EB-A7AF-4A11-ABE8-07167122976B}.Debug|ARM.Build.0 = Debug|Any CPU
		{DA2EF1EB-A7AF-4A11-ABE8-07167122976B}.Debug|ARM64.ActiveCfg = Debug|Any CPU
		{DA2EF1EB-A7AF-4A11-ABE8-07167122976B}.Debug|ARM64.Build.0 = Debug|Any CPU
		{DA2EF1EB-A7AF-4A11-ABE8-07167122976B}.Debug|x64.ActiveCfg = Debug|Any CPU
		{DA2EF1EB-A7AF-4A11-ABE8-07167122976B}.Debug|x64.Build.0 = Debug|Any CPU
		{DA2EF1EB-A7AF-4A11-ABE8-07167122976B}.Debug|x86.ActiveCfg = Debug|Any CPU
		{DA2EF1EB-A7AF-4A11-ABE8-07167122976B}.Debug|x86.Build.0 = Debug|Any CPU
		{DA2EF1EB-A7AF-4A11-ABE8-07167122976B}.Release|Any CPU.ActiveCfg = Release|Any CPU
		{DA2EF1EB-A7AF-4A11-ABE8-07167122976B}.Release|Any CPU.Build.0 = Release|Any CPU
		{DA2EF1EB-A7AF-4A11-ABE8-07167122976B}.Release|ARM.ActiveCfg = Release|Any CPU
		{DA2EF1EB-A7AF-4A11-ABE8-07167122976B}.Release|ARM.Build.0 = Release|Any CPU
		{DA2EF1EB-A7AF-4A11-ABE8-07167122976B}.Release|ARM64.ActiveCfg = Release|Any CPU
		{DA2EF1EB-A7AF-4A11-ABE8-07167122976B}.Release|ARM64.Build.0 = Release|Any CPU
		{DA2EF1EB-A7AF-4A11-ABE8-07167122976B}.Release|x64.ActiveCfg = Release|Any CPU
		{DA2EF1EB-A7AF-4A11-ABE8-07167122976B}.Release|x64.Build.0 = Release|Any CPU
		{DA2EF1EB-A7AF-4A11-ABE8-07167122976B}.Release|x86.ActiveCfg = Release|Any CPU
		{DA2EF1EB-A7AF-4A11-ABE8-07167122976B}.Release|x86.Build.0 = Release|Any CPU
		{42FE6670-47A2-4D10-BD31-CE42FA36D84B}.Debug|Any CPU.ActiveCfg = Debug|Any CPU
		{42FE6670-47A2-4D10-BD31-CE42FA36D84B}.Debug|Any CPU.Build.0 = Debug|Any CPU
		{42FE6670-47A2-4D10-BD31-CE42FA36D84B}.Debug|ARM.ActiveCfg = Debug|Any CPU
		{42FE6670-47A2-4D10-BD31-CE42FA36D84B}.Debug|ARM.Build.0 = Debug|Any CPU
		{42FE6670-47A2-4D10-BD31-CE42FA36D84B}.Debug|ARM64.ActiveCfg = Debug|Any CPU
		{42FE6670-47A2-4D10-BD31-CE42FA36D84B}.Debug|ARM64.Build.0 = Debug|Any CPU
		{42FE6670-47A2-4D10-BD31-CE42FA36D84B}.Debug|x64.ActiveCfg = Debug|Any CPU
		{42FE6670-47A2-4D10-BD31-CE42FA36D84B}.Debug|x64.Build.0 = Debug|Any CPU
		{42FE6670-47A2-4D10-BD31-CE42FA36D84B}.Debug|x86.ActiveCfg = Debug|Any CPU
		{42FE6670-47A2-4D10-BD31-CE42FA36D84B}.Debug|x86.Build.0 = Debug|Any CPU
		{42FE6670-47A2-4D10-BD31-CE42FA36D84B}.Release|Any CPU.ActiveCfg = Release|Any CPU
		{42FE6670-47A2-4D10-BD31-CE42FA36D84B}.Release|Any CPU.Build.0 = Release|Any CPU
		{42FE6670-47A2-4D10-BD31-CE42FA36D84B}.Release|ARM.ActiveCfg = Release|Any CPU
		{42FE6670-47A2-4D10-BD31-CE42FA36D84B}.Release|ARM.Build.0 = Release|Any CPU
		{42FE6670-47A2-4D10-BD31-CE42FA36D84B}.Release|ARM64.ActiveCfg = Release|Any CPU
		{42FE6670-47A2-4D10-BD31-CE42FA36D84B}.Release|ARM64.Build.0 = Release|Any CPU
		{42FE6670-47A2-4D10-BD31-CE42FA36D84B}.Release|x64.ActiveCfg = Release|Any CPU
		{42FE6670-47A2-4D10-BD31-CE42FA36D84B}.Release|x64.Build.0 = Release|Any CPU
		{42FE6670-47A2-4D10-BD31-CE42FA36D84B}.Release|x86.ActiveCfg = Release|Any CPU
		{42FE6670-47A2-4D10-BD31-CE42FA36D84B}.Release|x86.Build.0 = Release|Any CPU
		{690E1772-AD9D-4189-9659-23F656D2A93F}.Debug|Any CPU.ActiveCfg = Debug|Any CPU
		{690E1772-AD9D-4189-9659-23F656D2A93F}.Debug|Any CPU.Build.0 = Debug|Any CPU
		{690E1772-AD9D-4189-9659-23F656D2A93F}.Debug|ARM.ActiveCfg = Debug|Any CPU
		{690E1772-AD9D-4189-9659-23F656D2A93F}.Debug|ARM.Build.0 = Debug|Any CPU
		{690E1772-AD9D-4189-9659-23F656D2A93F}.Debug|ARM64.ActiveCfg = Debug|Any CPU
		{690E1772-AD9D-4189-9659-23F656D2A93F}.Debug|ARM64.Build.0 = Debug|Any CPU
		{690E1772-AD9D-4189-9659-23F656D2A93F}.Debug|x64.ActiveCfg = Debug|Any CPU
		{690E1772-AD9D-4189-9659-23F656D2A93F}.Debug|x64.Build.0 = Debug|Any CPU
		{690E1772-AD9D-4189-9659-23F656D2A93F}.Debug|x86.ActiveCfg = Debug|Any CPU
		{690E1772-AD9D-4189-9659-23F656D2A93F}.Debug|x86.Build.0 = Debug|Any CPU
		{690E1772-AD9D-4189-9659-23F656D2A93F}.Release|Any CPU.ActiveCfg = Release|Any CPU
		{690E1772-AD9D-4189-9659-23F656D2A93F}.Release|Any CPU.Build.0 = Release|Any CPU
		{690E1772-AD9D-4189-9659-23F656D2A93F}.Release|ARM.ActiveCfg = Release|Any CPU
		{690E1772-AD9D-4189-9659-23F656D2A93F}.Release|ARM.Build.0 = Release|Any CPU
		{690E1772-AD9D-4189-9659-23F656D2A93F}.Release|ARM64.ActiveCfg = Release|Any CPU
		{690E1772-AD9D-4189-9659-23F656D2A93F}.Release|ARM64.Build.0 = Release|Any CPU
		{690E1772-AD9D-4189-9659-23F656D2A93F}.Release|x64.ActiveCfg = Release|Any CPU
		{690E1772-AD9D-4189-9659-23F656D2A93F}.Release|x64.Build.0 = Release|Any CPU
		{690E1772-AD9D-4189-9659-23F656D2A93F}.Release|x86.ActiveCfg = Release|Any CPU
		{690E1772-AD9D-4189-9659-23F656D2A93F}.Release|x86.Build.0 = Release|Any CPU
		{6C770675-1D44-4E1B-A8E3-89EDC3290C2A}.Debug|Any CPU.ActiveCfg = Debug|Any CPU
		{6C770675-1D44-4E1B-A8E3-89EDC3290C2A}.Debug|Any CPU.Build.0 = Debug|Any CPU
		{6C770675-1D44-4E1B-A8E3-89EDC3290C2A}.Debug|ARM.ActiveCfg = Debug|Any CPU
		{6C770675-1D44-4E1B-A8E3-89EDC3290C2A}.Debug|ARM.Build.0 = Debug|Any CPU
		{6C770675-1D44-4E1B-A8E3-89EDC3290C2A}.Debug|ARM64.ActiveCfg = Debug|Any CPU
		{6C770675-1D44-4E1B-A8E3-89EDC3290C2A}.Debug|ARM64.Build.0 = Debug|Any CPU
		{6C770675-1D44-4E1B-A8E3-89EDC3290C2A}.Debug|x64.ActiveCfg = Debug|Any CPU
		{6C770675-1D44-4E1B-A8E3-89EDC3290C2A}.Debug|x64.Build.0 = Debug|Any CPU
		{6C770675-1D44-4E1B-A8E3-89EDC3290C2A}.Debug|x86.ActiveCfg = Debug|Any CPU
		{6C770675-1D44-4E1B-A8E3-89EDC3290C2A}.Debug|x86.Build.0 = Debug|Any CPU
		{6C770675-1D44-4E1B-A8E3-89EDC3290C2A}.Release|Any CPU.ActiveCfg = Release|Any CPU
		{6C770675-1D44-4E1B-A8E3-89EDC3290C2A}.Release|Any CPU.Build.0 = Release|Any CPU
		{6C770675-1D44-4E1B-A8E3-89EDC3290C2A}.Release|ARM.ActiveCfg = Release|Any CPU
		{6C770675-1D44-4E1B-A8E3-89EDC3290C2A}.Release|ARM.Build.0 = Release|Any CPU
		{6C770675-1D44-4E1B-A8E3-89EDC3290C2A}.Release|ARM64.ActiveCfg = Release|Any CPU
		{6C770675-1D44-4E1B-A8E3-89EDC3290C2A}.Release|ARM64.Build.0 = Release|Any CPU
		{6C770675-1D44-4E1B-A8E3-89EDC3290C2A}.Release|x64.ActiveCfg = Release|Any CPU
		{6C770675-1D44-4E1B-A8E3-89EDC3290C2A}.Release|x64.Build.0 = Release|Any CPU
		{6C770675-1D44-4E1B-A8E3-89EDC3290C2A}.Release|x86.ActiveCfg = Release|Any CPU
		{6C770675-1D44-4E1B-A8E3-89EDC3290C2A}.Release|x86.Build.0 = Release|Any CPU
		{2ED51CB7-6A11-4436-B79A-FC19C341BB51}.Debug|Any CPU.ActiveCfg = Debug|Any CPU
		{2ED51CB7-6A11-4436-B79A-FC19C341BB51}.Debug|Any CPU.Build.0 = Debug|Any CPU
		{2ED51CB7-6A11-4436-B79A-FC19C341BB51}.Debug|ARM.ActiveCfg = Debug|Any CPU
		{2ED51CB7-6A11-4436-B79A-FC19C341BB51}.Debug|ARM.Build.0 = Debug|Any CPU
		{2ED51CB7-6A11-4436-B79A-FC19C341BB51}.Debug|ARM64.ActiveCfg = Debug|Any CPU
		{2ED51CB7-6A11-4436-B79A-FC19C341BB51}.Debug|ARM64.Build.0 = Debug|Any CPU
		{2ED51CB7-6A11-4436-B79A-FC19C341BB51}.Debug|x64.ActiveCfg = Debug|Any CPU
		{2ED51CB7-6A11-4436-B79A-FC19C341BB51}.Debug|x64.Build.0 = Debug|Any CPU
		{2ED51CB7-6A11-4436-B79A-FC19C341BB51}.Debug|x86.ActiveCfg = Debug|Any CPU
		{2ED51CB7-6A11-4436-B79A-FC19C341BB51}.Debug|x86.Build.0 = Debug|Any CPU
		{2ED51CB7-6A11-4436-B79A-FC19C341BB51}.Release|Any CPU.ActiveCfg = Release|Any CPU
		{2ED51CB7-6A11-4436-B79A-FC19C341BB51}.Release|Any CPU.Build.0 = Release|Any CPU
		{2ED51CB7-6A11-4436-B79A-FC19C341BB51}.Release|ARM.ActiveCfg = Release|Any CPU
		{2ED51CB7-6A11-4436-B79A-FC19C341BB51}.Release|ARM.Build.0 = Release|Any CPU
		{2ED51CB7-6A11-4436-B79A-FC19C341BB51}.Release|ARM64.ActiveCfg = Release|Any CPU
		{2ED51CB7-6A11-4436-B79A-FC19C341BB51}.Release|ARM64.Build.0 = Release|Any CPU
		{2ED51CB7-6A11-4436-B79A-FC19C341BB51}.Release|x64.ActiveCfg = Release|Any CPU
		{2ED51CB7-6A11-4436-B79A-FC19C341BB51}.Release|x64.Build.0 = Release|Any CPU
		{2ED51CB7-6A11-4436-B79A-FC19C341BB51}.Release|x86.ActiveCfg = Release|Any CPU
		{2ED51CB7-6A11-4436-B79A-FC19C341BB51}.Release|x86.Build.0 = Release|Any CPU
		{EF197FFE-9344-4B5F-B5BB-DDA269AA936C}.Debug|Any CPU.ActiveCfg = Debug|Any CPU
		{EF197FFE-9344-4B5F-B5BB-DDA269AA936C}.Debug|Any CPU.Build.0 = Debug|Any CPU
		{EF197FFE-9344-4B5F-B5BB-DDA269AA936C}.Debug|ARM.ActiveCfg = Debug|Any CPU
		{EF197FFE-9344-4B5F-B5BB-DDA269AA936C}.Debug|ARM.Build.0 = Debug|Any CPU
		{EF197FFE-9344-4B5F-B5BB-DDA269AA936C}.Debug|ARM64.ActiveCfg = Debug|Any CPU
		{EF197FFE-9344-4B5F-B5BB-DDA269AA936C}.Debug|ARM64.Build.0 = Debug|Any CPU
		{EF197FFE-9344-4B5F-B5BB-DDA269AA936C}.Debug|x64.ActiveCfg = Debug|Any CPU
		{EF197FFE-9344-4B5F-B5BB-DDA269AA936C}.Debug|x64.Build.0 = Debug|Any CPU
		{EF197FFE-9344-4B5F-B5BB-DDA269AA936C}.Debug|x86.ActiveCfg = Debug|Any CPU
		{EF197FFE-9344-4B5F-B5BB-DDA269AA936C}.Debug|x86.Build.0 = Debug|Any CPU
		{EF197FFE-9344-4B5F-B5BB-DDA269AA936C}.Release|Any CPU.ActiveCfg = Release|Any CPU
		{EF197FFE-9344-4B5F-B5BB-DDA269AA936C}.Release|Any CPU.Build.0 = Release|Any CPU
		{EF197FFE-9344-4B5F-B5BB-DDA269AA936C}.Release|ARM.ActiveCfg = Release|Any CPU
		{EF197FFE-9344-4B5F-B5BB-DDA269AA936C}.Release|ARM.Build.0 = Release|Any CPU
		{EF197FFE-9344-4B5F-B5BB-DDA269AA936C}.Release|ARM64.ActiveCfg = Release|Any CPU
		{EF197FFE-9344-4B5F-B5BB-DDA269AA936C}.Release|ARM64.Build.0 = Release|Any CPU
		{EF197FFE-9344-4B5F-B5BB-DDA269AA936C}.Release|x64.ActiveCfg = Release|Any CPU
		{EF197FFE-9344-4B5F-B5BB-DDA269AA936C}.Release|x64.Build.0 = Release|Any CPU
		{EF197FFE-9344-4B5F-B5BB-DDA269AA936C}.Release|x86.ActiveCfg = Release|Any CPU
		{EF197FFE-9344-4B5F-B5BB-DDA269AA936C}.Release|x86.Build.0 = Release|Any CPU
		{0DDA2824-6A1B-49F6-A4D9-8FB389F6FF6F}.Debug|Any CPU.ActiveCfg = Debug|Any CPU
		{0DDA2824-6A1B-49F6-A4D9-8FB389F6FF6F}.Debug|Any CPU.Build.0 = Debug|Any CPU
		{0DDA2824-6A1B-49F6-A4D9-8FB389F6FF6F}.Debug|ARM.ActiveCfg = Debug|Any CPU
		{0DDA2824-6A1B-49F6-A4D9-8FB389F6FF6F}.Debug|ARM.Build.0 = Debug|Any CPU
		{0DDA2824-6A1B-49F6-A4D9-8FB389F6FF6F}.Debug|ARM64.ActiveCfg = Debug|Any CPU
		{0DDA2824-6A1B-49F6-A4D9-8FB389F6FF6F}.Debug|ARM64.Build.0 = Debug|Any CPU
		{0DDA2824-6A1B-49F6-A4D9-8FB389F6FF6F}.Debug|x64.ActiveCfg = Debug|Any CPU
		{0DDA2824-6A1B-49F6-A4D9-8FB389F6FF6F}.Debug|x64.Build.0 = Debug|Any CPU
		{0DDA2824-6A1B-49F6-A4D9-8FB389F6FF6F}.Debug|x86.ActiveCfg = Debug|Any CPU
		{0DDA2824-6A1B-49F6-A4D9-8FB389F6FF6F}.Debug|x86.Build.0 = Debug|Any CPU
		{0DDA2824-6A1B-49F6-A4D9-8FB389F6FF6F}.Release|Any CPU.ActiveCfg = Release|Any CPU
		{0DDA2824-6A1B-49F6-A4D9-8FB389F6FF6F}.Release|Any CPU.Build.0 = Release|Any CPU
		{0DDA2824-6A1B-49F6-A4D9-8FB389F6FF6F}.Release|ARM.ActiveCfg = Release|Any CPU
		{0DDA2824-6A1B-49F6-A4D9-8FB389F6FF6F}.Release|ARM.Build.0 = Release|Any CPU
		{0DDA2824-6A1B-49F6-A4D9-8FB389F6FF6F}.Release|ARM64.ActiveCfg = Release|Any CPU
		{0DDA2824-6A1B-49F6-A4D9-8FB389F6FF6F}.Release|ARM64.Build.0 = Release|Any CPU
		{0DDA2824-6A1B-49F6-A4D9-8FB389F6FF6F}.Release|x64.ActiveCfg = Release|Any CPU
		{0DDA2824-6A1B-49F6-A4D9-8FB389F6FF6F}.Release|x64.Build.0 = Release|Any CPU
		{0DDA2824-6A1B-49F6-A4D9-8FB389F6FF6F}.Release|x86.ActiveCfg = Release|Any CPU
		{0DDA2824-6A1B-49F6-A4D9-8FB389F6FF6F}.Release|x86.Build.0 = Release|Any CPU
	EndGlobalSection
	GlobalSection(SolutionProperties) = preSolution
		HideSolutionNode = FALSE
	EndGlobalSection
	GlobalSection(NestedProjects) = preSolution
		{FBF72B0F-C058-43B7-89F5-AC7F3D2B8A10} = {24FDC793-9F76-4F81-86F3-26F1AEDF31FD}
		{051245BC-0785-47CA-9D11-B060DDC72A07} = {07B444ED-E145-493E-A509-3E24A0115E5C}
		{07B444ED-E145-493E-A509-3E24A0115E5C} = {6F4C7055-E7C1-4256-8779-53D38AA7D2FF}
		{24FDC793-9F76-4F81-86F3-26F1AEDF31FD} = {6F4C7055-E7C1-4256-8779-53D38AA7D2FF}
		{C6A7F67C-C3A2-4173-A957-F290AAD46EF7} = {07B444ED-E145-493E-A509-3E24A0115E5C}
		{5839F2FE-2B0E-4666-A740-3E5636402E90} = {07B444ED-E145-493E-A509-3E24A0115E5C}
		{D605C1D8-55EC-4CBF-A4DC-51C0123086A4} = {07B444ED-E145-493E-A509-3E24A0115E5C}
		{1BE2F657-E677-405E-B4F2-DABDC8D02424} = {07B444ED-E145-493E-A509-3E24A0115E5C}
		{43EBA02D-C384-4FBD-B5BF-308C59B8A78B} = {24FDC793-9F76-4F81-86F3-26F1AEDF31FD}
		{DDDF42A9-0491-4A99-847E-EB73C554BAAB} = {D5DACF3B-57D3-46F3-93CD-ABC02A403AAD}
		{870DF805-24E5-4954-B672-86CD659ECDB7} = {BF67BB33-FA0F-47AB-90B8-D9CFE6C6FAB3}
		{D5DACF3B-57D3-46F3-93CD-ABC02A403AAD} = {BF67BB33-FA0F-47AB-90B8-D9CFE6C6FAB3}
		{5BE51665-16A4-4C33-8586-6BFDCE4AF3AB} = {7903F0E4-BA29-4CCE-87E9-6C317B27494A}
		{62C65F8F-761F-48C2-B9BB-23FA95E9084C} = {283E7207-276B-42D2-B491-6075BA0E0A29}
		{C543A906-59EF-437F-BF4F-1F0459BD7C96} = {283E7207-276B-42D2-B491-6075BA0E0A29}
		{B434E8EF-06C8-4B14-8171-1839AC151152} = {C543A906-59EF-437F-BF4F-1F0459BD7C96}
		{13016D8F-D81E-45ED-A599-F72EDA236238} = {62C65F8F-761F-48C2-B9BB-23FA95E9084C}
		{6F43138A-0D8D-4B50-BB66-72BBDDAB07B5} = {D5DACF3B-57D3-46F3-93CD-ABC02A403AAD}
		{78BF17B1-C760-4B56-A95D-5B6418FD58EF} = {D5DACF3B-57D3-46F3-93CD-ABC02A403AAD}
		{C3B87823-9A01-4876-AECA-8DA91125FC80} = {62C65F8F-761F-48C2-B9BB-23FA95E9084C}
		{7903F0E4-BA29-4CCE-87E9-6C317B27494A} = {26FC3771-00F2-441B-84DD-875F2E374E6D}
		{822665D6-4706-45D5-BAB3-42DE3DEBB7FE} = {26FC3771-00F2-441B-84DD-875F2E374E6D}
		{31F1674F-D710-4CA1-A2ED-CF806780083C} = {822665D6-4706-45D5-BAB3-42DE3DEBB7FE}
		{DC4F1011-B48C-4B92-8E79-9A0209854D39} = {24FDC793-9F76-4F81-86F3-26F1AEDF31FD}
		{A84C79F5-508C-48DC-B468-6DB4B569B62E} = {24FDC793-9F76-4F81-86F3-26F1AEDF31FD}
		{09CC3DB2-7465-49B2-AF66-4FB304CAA0D6} = {07B444ED-E145-493E-A509-3E24A0115E5C}
		{BCF30E3B-E882-4771-AA8D-2887E98144D8} = {822665D6-4706-45D5-BAB3-42DE3DEBB7FE}
		{DA2EF1EB-A7AF-4A11-ABE8-07167122976B} = {07B444ED-E145-493E-A509-3E24A0115E5C}
		{42FE6670-47A2-4D10-BD31-CE42FA36D84B} = {07B444ED-E145-493E-A509-3E24A0115E5C}
		{690E1772-AD9D-4189-9659-23F656D2A93F} = {07B444ED-E145-493E-A509-3E24A0115E5C}
		{6C770675-1D44-4E1B-A8E3-89EDC3290C2A} = {24FDC793-9F76-4F81-86F3-26F1AEDF31FD}
		{2ED51CB7-6A11-4436-B79A-FC19C341BB51} = {07B444ED-E145-493E-A509-3E24A0115E5C}
		{EF197FFE-9344-4B5F-B5BB-DDA269AA936C} = {62C65F8F-761F-48C2-B9BB-23FA95E9084C}
		{0DDA2824-6A1B-49F6-A4D9-8FB389F6FF6F} = {62C65F8F-761F-48C2-B9BB-23FA95E9084C}
	EndGlobalSection
	GlobalSection(ExtensibilityGlobals) = postSolution
		SolutionGuid = {339A61EA-C5C5-4D0C-BBBD-073C2CCC4A53}
	EndGlobalSection
EndGlobal
