
Microsoft Visual Studio Solution File, Format Version 12.00
# Visual Studio Version 16
VisualStudioVersion = 16.0.30717.126
MinimumVisualStudioVersion = 10.0.40219.1
Project("{9A19103F-16F7-4668-BE54-9A1E7A4F7556}") = "TableTopCrucible.Core.Jobs", "TableTopCrucible.Core.Jobs\TableTopCrucible.Core.Jobs.csproj", "{878DC04C-D786-4B03-A88E-B778F9DB947B}"
EndProject
Project("{2150E333-8FDC-42A3-9474-1A3956D46DE8}") = "1 - Core", "1 - Core", "{53588FC7-7A26-4DED-A995-6D4CCB64EEA3}"
EndProject
Project("{2150E333-8FDC-42A3-9474-1A3956D46DE8}") = "WPF", "WPF", "{63E76212-B2A1-4E11-AF72-0D8A01608C89}"
EndProject
Project("{2150E333-8FDC-42A3-9474-1A3956D46DE8}") = "Genral", "Genral", "{5A14B6A3-DFB8-4C1E-A9E2-0FA575E11D17}"
EndProject
Project("{9A19103F-16F7-4668-BE54-9A1E7A4F7556}") = "TableTopCrucible.Core.Helper", "TableTopCrucible.Core.Helper\TableTopCrucible.Core.Helper.csproj", "{056070B3-24B5-48D7-BCA4-235491019646}"
EndProject
Project("{9A19103F-16F7-4668-BE54-9A1E7A4F7556}") = "TableTopCrucible.Core.BaseUtils", "TableTopcrucible.Core.BaseUtils\TableTopCrucible.Core.BaseUtils.csproj", "{713CB01A-8199-4F1D-BACA-6094B133E65C}"
EndProject
Project("{2150E333-8FDC-42A3-9474-1A3956D46DE8}") = ".github", ".github", "{0B8C5D57-D557-4A37-87B9-87FED3044BF9}"
	ProjectSection(SolutionItems) = preProject
		.github\workflows\nightly.yml = .github\workflows\nightly.yml
		.github\workflows\release.yml = .github\workflows\release.yml
	EndProjectSection
EndProject
Project("{9A19103F-16F7-4668-BE54-9A1E7A4F7556}") = "TableTopCrucible.Core.DI", "TableTopCrucible.Core.DI\TableTopCrucible.Core.DI.csproj", "{7B9E6DC4-B51D-42F6-BB76-2E92A4546C6C}"
EndProject
Project("{9A19103F-16F7-4668-BE54-9A1E7A4F7556}") = "TableTopCrucible.Core.ValueTypes", "TableTopCrucible.Core.ValueTypes\TableTopCrucible.Core.ValueTypes.csproj", "{85EAC9D7-43AA-444F-BFC2-D73E2AD9E683}"
EndProject
Project("{9A19103F-16F7-4668-BE54-9A1E7A4F7556}") = "TableTopCrucible.Core.ValueTypes.Tests", "TableTopCrucible.Core.ValueTypes.Tests\TableTopCrucible.Core.ValueTypes.Tests.csproj", "{83EDD86C-2808-4E55-A0FA-D60DF6A063C9}"
EndProject
Project("{9A19103F-16F7-4668-BE54-9A1E7A4F7556}") = "TableTopCrucible.Core.WPF.Styles", "TableTopCrucible.Core.WPF.Styles\TableTopCrucible.Core.WPF.Styles.csproj", "{E11E0F5F-123B-4CE8-ADFF-C1562814B5FE}"
EndProject
Project("{9A19103F-16F7-4668-BE54-9A1E7A4F7556}") = "TableTopCrucible.Core.WPF.MainWindow", "TableTopCrucible.Core.WPF.MainWindow\TableTopCrucible.Core.WPF.MainWindow.csproj", "{8F7D78D8-3003-4D0D-9D50-3AD3F92BEB22}"
EndProject
Project("{9A19103F-16F7-4668-BE54-9A1E7A4F7556}") = "TableTopCrucible.Core.WPF", "TableTopCrucible.Core.WPF\TableTopCrucible.Core.WPF.csproj", "{0A405AAA-B920-495E-BE16-21C8CEA52905}"
EndProject
Project("{2150E333-8FDC-42A3-9474-1A3956D46DE8}") = "Testing", "Testing", "{52FC3594-7FE0-4B50-AEE2-4FCDF656E0DF}"
EndProject
Project("{9A19103F-16F7-4668-BE54-9A1E7A4F7556}") = "TableTopCrucible.Core.WPF.Testing", "TableTopCrucible.Core.WPF.Testing\TableTopCrucible.Core.WPF.Testing.csproj", "{B5C7E4D6-4005-425A-B638-8EBC0F9A9D08}"
EndProject
Project("{9A19103F-16F7-4668-BE54-9A1E7A4F7556}") = "TableTopCrucible.Core.DataAccess", "TableTopCrucible.Core.DataAccess\TableTopCrucible.Core.DataAccess.csproj", "{985A7CE9-1A3B-437E-B03D-78F1F0400541}"
EndProject
Project("{9A19103F-16F7-4668-BE54-9A1E7A4F7556}") = "TableTopCrucible.Core.DataAccess.Tests", "TableTopCrucible.Core.DataAccess.Tests\TableTopCrucible.Core.DataAccess.Tests.csproj", "{22926F9D-2AED-46E1-9C45-240B09419567}"
EndProject
Project("{2150E333-8FDC-42A3-9474-1A3956D46DE8}") = "2.- Data", "2.- Data", "{78FB79C6-74BB-4346-A00E-E3933101BD3B}"
EndProject
Project("{2150E333-8FDC-42A3-9474-1A3956D46DE8}") = "4.- Domain", "4.- Domain", "{A63D44F4-9FDC-48DE-AD87-293954FB2ED1}"
EndProject
Project("{2150E333-8FDC-42A3-9474-1A3956D46DE8}") = "3.- DomainCore", "3.- DomainCore", "{6EDAF3E8-F536-43E8-818B-30E06B738419}"
EndProject
Project("{2150E333-8FDC-42A3-9474-1A3956D46DE8}") = "5.- App", "5.- App", "{FBBCDE98-75A2-458A-B68C-2F81FEC0F686}"
EndProject
Project("{9A19103F-16F7-4668-BE54-9A1E7A4F7556}") = "TableTopCrucible.Data.Library.ValueTypes.IDs", "TableTopCrucible.Data.Library.ValueTypes.IDs\TableTopCrucible.Data.Library.ValueTypes.IDs.csproj", "{5F31654B-BA70-404C-845E-06698135F505}"
EndProject
Project("{9A19103F-16F7-4668-BE54-9A1E7A4F7556}") = "TableTopCrucible.Data.Library.Services.Sources", "TableTopCrucible.Data.Library.Services.Sources\TableTopCrucible.Data.Library.Services.Sources.csproj", "{9FBED483-73BA-4F22-B4E9-C58E121C6BE1}"
EndProject
Project("{9A19103F-16F7-4668-BE54-9A1E7A4F7556}") = "TableTopCrucible.Data.Library.Models", "TableTopCrucible.Data.Library.Models\TableTopCrucible.Data.Library.Models.csproj", "{6F67755A-E982-46DB-A810-8175D7151D31}"
EndProject
Project("{9A19103F-16F7-4668-BE54-9A1E7A4F7556}") = "TableTopCrucible.DomainCore.FileIntegration", "TableTopCrucible.DomainCore.FileIntegration\TableTopCrucible.DomainCore.FileIntegration.csproj", "{AE49D91C-C524-4EC4-96CB-E462165180F9}"
EndProject
Project("{9A19103F-16F7-4668-BE54-9A1E7A4F7556}") = "TableTopCrucible.DomainCore.WPF.ItemList", "TableTopCrucible.DomainCore.WPF.ItemList\TableTopCrucible.DomainCore.WPF.ItemList.csproj", "{E019BB93-DB0C-45D2-AC93-3D9AA369D972}"
EndProject
Project("{9A19103F-16F7-4668-BE54-9A1E7A4F7556}") = "TableTopCrucible.DomainCore.WPF.MainWindow", "TableTopCrucible.DomainCore.WPF.MainWindow\TableTopCrucible.DomainCore.WPF.MainWindow.csproj", "{3DCA30B7-12CC-4A53-8FFF-12454358C916}"
EndProject
Project("{9A19103F-16F7-4668-BE54-9A1E7A4F7556}") = "TableTopCrucible.DomainCore.WPF.Settings", "TableTopCrucible.DomainCore.WPF.Settings\TableTopCrucible.DomainCore.WPF.Settings.csproj", "{D042D29B-C0F9-4D79-A2F3-E27F5DADA5D8}"
EndProject
Project("{9A19103F-16F7-4668-BE54-9A1E7A4F7556}") = "TableTopCrucible.DomainCore.WPF.Startup", "TableTopCrucible.DomainCore.WPF.Startup\TableTopCrucible.DomainCore.WPF.Startup.csproj", "{3D3D87FA-1BDE-436D-8259-01B036BD42FC}"
EndProject
Project("{9A19103F-16F7-4668-BE54-9A1E7A4F7556}") = "TableTopCrucible.DomainCore.WPF.Startup.Tests", "TableTopCrucible.DomainCore.WPF.Startup.Tests\TableTopCrucible.DomainCore.WPF.Startup.Tests.csproj", "{24321036-B1F5-46E8-9CF4-B02309D4237E}"
EndProject
Project("{9A19103F-16F7-4668-BE54-9A1E7A4F7556}") = "TableTopCrucible.Domain.WPF.Library", "TableTopCrucible.Domain.WPF.Library\TableTopCrucible.Domain.WPF.Library.csproj", "{F0AA81DF-A71B-405E-A34B-2FDACFB8906C}"
EndProject
Project("{9A19103F-16F7-4668-BE54-9A1E7A4F7556}") = "TableTopCrucible.App.WPF", "TableTopCrucible.App.WPF\TableTopCrucible.App.WPF.csproj", "{E9145266-23B8-4D93-BBCD-5A0BE6F58334}"
EndProject
Project("{9A19103F-16F7-4668-BE54-9A1E7A4F7556}") = "TableTopCrucible.App.WpfTestApp", "TableTopCrucible.App.WpfTestApp\TableTopCrucible.App.WpfTestApp.csproj", "{FBDFE21A-9946-4188-A621-E66186396203}"
EndProject
Project("{2150E333-8FDC-42A3-9474-1A3956D46DE8}") = "Depricated", "Depricated", "{8AC0BA10-7583-4702-A5D8-4C487B794B69}"
EndProject
Project("{2150E333-8FDC-42A3-9474-1A3956D46DE8}") = "1 Core", "1 Core", "{6F4C7055-E7C1-4256-8779-53D38AA7D2FF}"
	ProjectSection(SolutionItems) = preProject
		Core Readme.md = Core Readme.md
	EndProjectSection
EndProject
Project("{2150E333-8FDC-42A3-9474-1A3956D46DE8}") = "2 Infrastructure", "2 Infrastructure", "{283E7207-276B-42D2-B491-6075BA0E0A29}"
	ProjectSection(SolutionItems) = preProject
		Infrastructure Readme.md = Infrastructure Readme.md
	EndProjectSection
EndProject
Project("{2150E333-8FDC-42A3-9474-1A3956D46DE8}") = "3 Shared", "3 Shared", "{26FC3771-00F2-441B-84DD-875F2E374E6D}"
	ProjectSection(SolutionItems) = preProject
		Shared Readme.md = Shared Readme.md
	EndProjectSection
EndProject
Project("{2150E333-8FDC-42A3-9474-1A3956D46DE8}") = "Updated", "Updated", "{879AC60D-510E-4717-AC82-79C9447650DC}"
EndProject
Project("{2150E333-8FDC-42A3-9474-1A3956D46DE8}") = "4 Domain", "4 Domain", "{BF67BB33-FA0F-47AB-90B8-D9CFE6C6FAB3}"
	ProjectSection(SolutionItems) = preProject
		Domain Readme.md = Domain Readme.md
	EndProjectSection
EndProject
Project("{FAE04EC0-301F-11D3-BF4B-00C04F79EFBC}") = "TableTopCrucible.Starter", "TableTopCrucible.Starter\TableTopCrucible.Starter.csproj", "{508CE470-F440-496C-8607-361F6AC2ED9C}"
EndProject
Project("{FAE04EC0-301F-11D3-BF4B-00C04F79EFBC}") = "TableTopCrucible.Core.Wpf.Engine", "Core\TableTopCrucible.Core.Wpf.Engine\TableTopCrucible.Core.Wpf.Engine.csproj", "{FBF72B0F-C058-43B7-89F5-AC7F3D2B8A10}"
EndProject
Project("{FAE04EC0-301F-11D3-BF4B-00C04F79EFBC}") = "TableTopCrucible.Core.Packages", "Core\TableTopCrucible.Core.Packages\TableTopCrucible.Core.Packages.csproj", "{051245BC-0785-47CA-9D11-B060DDC72A07}"
EndProject
Project("{2150E333-8FDC-42A3-9474-1A3956D46DE8}") = "Background", "Background", "{07B444ED-E145-493E-A509-3E24A0115E5C}"
EndProject
Project("{2150E333-8FDC-42A3-9474-1A3956D46DE8}") = "Surface", "Surface", "{24FDC793-9F76-4F81-86F3-26F1AEDF31FD}"
EndProject
Project("{FAE04EC0-301F-11D3-BF4B-00C04F79EFBC}") = "TableTopCrucible.Core.Wpf.Styles", "Core\TableTopCrucible.Core.Wpf.Styles\TableTopCrucible.Core.Wpf.Styles.csproj", "{5D9A972E-30EE-4FE3-84CA-03A1FAA7C765}"
EndProject
Project("{9A19103F-16F7-4668-BE54-9A1E7A4F7556}") = "TableTopCrucible.Core.Database", "Core\TableTopCrucible.Core.Database\TableTopCrucible.Core.Database.csproj", "{EA9ECBF2-3E97-41FB-91EA-B5373D8DFBCD}"
EndProject
Global
	GlobalSection(SolutionConfigurationPlatforms) = preSolution
		Debug|Any CPU = Debug|Any CPU
		Debug|ARM = Debug|ARM
		Debug|ARM64 = Debug|ARM64
		Debug|x64 = Debug|x64
		Debug|x86 = Debug|x86
		Release|Any CPU = Release|Any CPU
		Release|ARM = Release|ARM
		Release|ARM64 = Release|ARM64
		Release|x64 = Release|x64
		Release|x86 = Release|x86
	EndGlobalSection
	GlobalSection(ProjectConfigurationPlatforms) = postSolution
		{878DC04C-D786-4B03-A88E-B778F9DB947B}.Debug|Any CPU.ActiveCfg = Debug|Any CPU
		{878DC04C-D786-4B03-A88E-B778F9DB947B}.Debug|Any CPU.Build.0 = Debug|Any CPU
		{878DC04C-D786-4B03-A88E-B778F9DB947B}.Debug|ARM.ActiveCfg = Debug|Any CPU
		{878DC04C-D786-4B03-A88E-B778F9DB947B}.Debug|ARM.Build.0 = Debug|Any CPU
		{878DC04C-D786-4B03-A88E-B778F9DB947B}.Debug|ARM64.ActiveCfg = Debug|Any CPU
		{878DC04C-D786-4B03-A88E-B778F9DB947B}.Debug|ARM64.Build.0 = Debug|Any CPU
		{878DC04C-D786-4B03-A88E-B778F9DB947B}.Debug|x64.ActiveCfg = Debug|Any CPU
		{878DC04C-D786-4B03-A88E-B778F9DB947B}.Debug|x64.Build.0 = Debug|Any CPU
		{878DC04C-D786-4B03-A88E-B778F9DB947B}.Debug|x86.ActiveCfg = Debug|Any CPU
		{878DC04C-D786-4B03-A88E-B778F9DB947B}.Debug|x86.Build.0 = Debug|Any CPU
		{878DC04C-D786-4B03-A88E-B778F9DB947B}.Release|Any CPU.ActiveCfg = Release|Any CPU
		{878DC04C-D786-4B03-A88E-B778F9DB947B}.Release|Any CPU.Build.0 = Release|Any CPU
		{878DC04C-D786-4B03-A88E-B778F9DB947B}.Release|ARM.ActiveCfg = Release|Any CPU
		{878DC04C-D786-4B03-A88E-B778F9DB947B}.Release|ARM.Build.0 = Release|Any CPU
		{878DC04C-D786-4B03-A88E-B778F9DB947B}.Release|ARM64.ActiveCfg = Release|Any CPU
		{878DC04C-D786-4B03-A88E-B778F9DB947B}.Release|ARM64.Build.0 = Release|Any CPU
		{878DC04C-D786-4B03-A88E-B778F9DB947B}.Release|x64.ActiveCfg = Release|Any CPU
		{878DC04C-D786-4B03-A88E-B778F9DB947B}.Release|x64.Build.0 = Release|Any CPU
		{878DC04C-D786-4B03-A88E-B778F9DB947B}.Release|x86.ActiveCfg = Release|Any CPU
		{878DC04C-D786-4B03-A88E-B778F9DB947B}.Release|x86.Build.0 = Release|Any CPU
		{056070B3-24B5-48D7-BCA4-235491019646}.Debug|Any CPU.ActiveCfg = Debug|Any CPU
		{056070B3-24B5-48D7-BCA4-235491019646}.Debug|Any CPU.Build.0 = Debug|Any CPU
		{056070B3-24B5-48D7-BCA4-235491019646}.Debug|ARM.ActiveCfg = Debug|Any CPU
		{056070B3-24B5-48D7-BCA4-235491019646}.Debug|ARM.Build.0 = Debug|Any CPU
		{056070B3-24B5-48D7-BCA4-235491019646}.Debug|ARM64.ActiveCfg = Debug|Any CPU
		{056070B3-24B5-48D7-BCA4-235491019646}.Debug|ARM64.Build.0 = Debug|Any CPU
		{056070B3-24B5-48D7-BCA4-235491019646}.Debug|x64.ActiveCfg = Debug|Any CPU
		{056070B3-24B5-48D7-BCA4-235491019646}.Debug|x64.Build.0 = Debug|Any CPU
		{056070B3-24B5-48D7-BCA4-235491019646}.Debug|x86.ActiveCfg = Debug|Any CPU
		{056070B3-24B5-48D7-BCA4-235491019646}.Debug|x86.Build.0 = Debug|Any CPU
		{056070B3-24B5-48D7-BCA4-235491019646}.Release|Any CPU.ActiveCfg = Release|Any CPU
		{056070B3-24B5-48D7-BCA4-235491019646}.Release|Any CPU.Build.0 = Release|Any CPU
		{056070B3-24B5-48D7-BCA4-235491019646}.Release|ARM.ActiveCfg = Release|Any CPU
		{056070B3-24B5-48D7-BCA4-235491019646}.Release|ARM.Build.0 = Release|Any CPU
		{056070B3-24B5-48D7-BCA4-235491019646}.Release|ARM64.ActiveCfg = Release|Any CPU
		{056070B3-24B5-48D7-BCA4-235491019646}.Release|ARM64.Build.0 = Release|Any CPU
		{056070B3-24B5-48D7-BCA4-235491019646}.Release|x64.ActiveCfg = Release|Any CPU
		{056070B3-24B5-48D7-BCA4-235491019646}.Release|x64.Build.0 = Release|Any CPU
		{056070B3-24B5-48D7-BCA4-235491019646}.Release|x86.ActiveCfg = Release|Any CPU
		{056070B3-24B5-48D7-BCA4-235491019646}.Release|x86.Build.0 = Release|Any CPU
		{713CB01A-8199-4F1D-BACA-6094B133E65C}.Debug|Any CPU.ActiveCfg = Debug|Any CPU
		{713CB01A-8199-4F1D-BACA-6094B133E65C}.Debug|Any CPU.Build.0 = Debug|Any CPU
		{713CB01A-8199-4F1D-BACA-6094B133E65C}.Debug|ARM.ActiveCfg = Debug|Any CPU
		{713CB01A-8199-4F1D-BACA-6094B133E65C}.Debug|ARM.Build.0 = Debug|Any CPU
		{713CB01A-8199-4F1D-BACA-6094B133E65C}.Debug|ARM64.ActiveCfg = Debug|Any CPU
		{713CB01A-8199-4F1D-BACA-6094B133E65C}.Debug|ARM64.Build.0 = Debug|Any CPU
		{713CB01A-8199-4F1D-BACA-6094B133E65C}.Debug|x64.ActiveCfg = Debug|Any CPU
		{713CB01A-8199-4F1D-BACA-6094B133E65C}.Debug|x64.Build.0 = Debug|Any CPU
		{713CB01A-8199-4F1D-BACA-6094B133E65C}.Debug|x86.ActiveCfg = Debug|Any CPU
		{713CB01A-8199-4F1D-BACA-6094B133E65C}.Debug|x86.Build.0 = Debug|Any CPU
		{713CB01A-8199-4F1D-BACA-6094B133E65C}.Release|Any CPU.ActiveCfg = Release|Any CPU
		{713CB01A-8199-4F1D-BACA-6094B133E65C}.Release|Any CPU.Build.0 = Release|Any CPU
		{713CB01A-8199-4F1D-BACA-6094B133E65C}.Release|ARM.ActiveCfg = Release|Any CPU
		{713CB01A-8199-4F1D-BACA-6094B133E65C}.Release|ARM.Build.0 = Release|Any CPU
		{713CB01A-8199-4F1D-BACA-6094B133E65C}.Release|ARM64.ActiveCfg = Release|Any CPU
		{713CB01A-8199-4F1D-BACA-6094B133E65C}.Release|ARM64.Build.0 = Release|Any CPU
		{713CB01A-8199-4F1D-BACA-6094B133E65C}.Release|x64.ActiveCfg = Release|Any CPU
		{713CB01A-8199-4F1D-BACA-6094B133E65C}.Release|x64.Build.0 = Release|Any CPU
		{713CB01A-8199-4F1D-BACA-6094B133E65C}.Release|x86.ActiveCfg = Release|Any CPU
		{713CB01A-8199-4F1D-BACA-6094B133E65C}.Release|x86.Build.0 = Release|Any CPU
		{7B9E6DC4-B51D-42F6-BB76-2E92A4546C6C}.Debug|Any CPU.ActiveCfg = Debug|Any CPU
		{7B9E6DC4-B51D-42F6-BB76-2E92A4546C6C}.Debug|Any CPU.Build.0 = Debug|Any CPU
		{7B9E6DC4-B51D-42F6-BB76-2E92A4546C6C}.Debug|ARM.ActiveCfg = Debug|Any CPU
		{7B9E6DC4-B51D-42F6-BB76-2E92A4546C6C}.Debug|ARM.Build.0 = Debug|Any CPU
		{7B9E6DC4-B51D-42F6-BB76-2E92A4546C6C}.Debug|ARM64.ActiveCfg = Debug|Any CPU
		{7B9E6DC4-B51D-42F6-BB76-2E92A4546C6C}.Debug|ARM64.Build.0 = Debug|Any CPU
		{7B9E6DC4-B51D-42F6-BB76-2E92A4546C6C}.Debug|x64.ActiveCfg = Debug|Any CPU
		{7B9E6DC4-B51D-42F6-BB76-2E92A4546C6C}.Debug|x64.Build.0 = Debug|Any CPU
		{7B9E6DC4-B51D-42F6-BB76-2E92A4546C6C}.Debug|x86.ActiveCfg = Debug|Any CPU
		{7B9E6DC4-B51D-42F6-BB76-2E92A4546C6C}.Debug|x86.Build.0 = Debug|Any CPU
		{7B9E6DC4-B51D-42F6-BB76-2E92A4546C6C}.Release|Any CPU.ActiveCfg = Release|Any CPU
		{7B9E6DC4-B51D-42F6-BB76-2E92A4546C6C}.Release|Any CPU.Build.0 = Release|Any CPU
		{7B9E6DC4-B51D-42F6-BB76-2E92A4546C6C}.Release|ARM.ActiveCfg = Release|Any CPU
		{7B9E6DC4-B51D-42F6-BB76-2E92A4546C6C}.Release|ARM.Build.0 = Release|Any CPU
		{7B9E6DC4-B51D-42F6-BB76-2E92A4546C6C}.Release|ARM64.ActiveCfg = Release|Any CPU
		{7B9E6DC4-B51D-42F6-BB76-2E92A4546C6C}.Release|ARM64.Build.0 = Release|Any CPU
		{7B9E6DC4-B51D-42F6-BB76-2E92A4546C6C}.Release|x64.ActiveCfg = Release|Any CPU
		{7B9E6DC4-B51D-42F6-BB76-2E92A4546C6C}.Release|x64.Build.0 = Release|Any CPU
		{7B9E6DC4-B51D-42F6-BB76-2E92A4546C6C}.Release|x86.ActiveCfg = Release|Any CPU
		{7B9E6DC4-B51D-42F6-BB76-2E92A4546C6C}.Release|x86.Build.0 = Release|Any CPU
		{85EAC9D7-43AA-444F-BFC2-D73E2AD9E683}.Debug|Any CPU.ActiveCfg = Debug|Any CPU
		{85EAC9D7-43AA-444F-BFC2-D73E2AD9E683}.Debug|Any CPU.Build.0 = Debug|Any CPU
		{85EAC9D7-43AA-444F-BFC2-D73E2AD9E683}.Debug|ARM.ActiveCfg = Debug|Any CPU
		{85EAC9D7-43AA-444F-BFC2-D73E2AD9E683}.Debug|ARM.Build.0 = Debug|Any CPU
		{85EAC9D7-43AA-444F-BFC2-D73E2AD9E683}.Debug|ARM64.ActiveCfg = Debug|Any CPU
		{85EAC9D7-43AA-444F-BFC2-D73E2AD9E683}.Debug|ARM64.Build.0 = Debug|Any CPU
		{85EAC9D7-43AA-444F-BFC2-D73E2AD9E683}.Debug|x64.ActiveCfg = Debug|Any CPU
		{85EAC9D7-43AA-444F-BFC2-D73E2AD9E683}.Debug|x64.Build.0 = Debug|Any CPU
		{85EAC9D7-43AA-444F-BFC2-D73E2AD9E683}.Debug|x86.ActiveCfg = Debug|Any CPU
		{85EAC9D7-43AA-444F-BFC2-D73E2AD9E683}.Debug|x86.Build.0 = Debug|Any CPU
		{85EAC9D7-43AA-444F-BFC2-D73E2AD9E683}.Release|Any CPU.ActiveCfg = Release|Any CPU
		{85EAC9D7-43AA-444F-BFC2-D73E2AD9E683}.Release|Any CPU.Build.0 = Release|Any CPU
		{85EAC9D7-43AA-444F-BFC2-D73E2AD9E683}.Release|ARM.ActiveCfg = Release|Any CPU
		{85EAC9D7-43AA-444F-BFC2-D73E2AD9E683}.Release|ARM.Build.0 = Release|Any CPU
		{85EAC9D7-43AA-444F-BFC2-D73E2AD9E683}.Release|ARM64.ActiveCfg = Release|Any CPU
		{85EAC9D7-43AA-444F-BFC2-D73E2AD9E683}.Release|ARM64.Build.0 = Release|Any CPU
		{85EAC9D7-43AA-444F-BFC2-D73E2AD9E683}.Release|x64.ActiveCfg = Release|Any CPU
		{85EAC9D7-43AA-444F-BFC2-D73E2AD9E683}.Release|x64.Build.0 = Release|Any CPU
		{85EAC9D7-43AA-444F-BFC2-D73E2AD9E683}.Release|x86.ActiveCfg = Release|Any CPU
		{85EAC9D7-43AA-444F-BFC2-D73E2AD9E683}.Release|x86.Build.0 = Release|Any CPU
		{83EDD86C-2808-4E55-A0FA-D60DF6A063C9}.Debug|Any CPU.ActiveCfg = Debug|Any CPU
		{83EDD86C-2808-4E55-A0FA-D60DF6A063C9}.Debug|Any CPU.Build.0 = Debug|Any CPU
		{83EDD86C-2808-4E55-A0FA-D60DF6A063C9}.Debug|ARM.ActiveCfg = Debug|Any CPU
		{83EDD86C-2808-4E55-A0FA-D60DF6A063C9}.Debug|ARM.Build.0 = Debug|Any CPU
		{83EDD86C-2808-4E55-A0FA-D60DF6A063C9}.Debug|ARM64.ActiveCfg = Debug|Any CPU
		{83EDD86C-2808-4E55-A0FA-D60DF6A063C9}.Debug|ARM64.Build.0 = Debug|Any CPU
		{83EDD86C-2808-4E55-A0FA-D60DF6A063C9}.Debug|x64.ActiveCfg = Debug|Any CPU
		{83EDD86C-2808-4E55-A0FA-D60DF6A063C9}.Debug|x64.Build.0 = Debug|Any CPU
		{83EDD86C-2808-4E55-A0FA-D60DF6A063C9}.Debug|x86.ActiveCfg = Debug|Any CPU
		{83EDD86C-2808-4E55-A0FA-D60DF6A063C9}.Debug|x86.Build.0 = Debug|Any CPU
		{83EDD86C-2808-4E55-A0FA-D60DF6A063C9}.Release|Any CPU.ActiveCfg = Release|Any CPU
		{83EDD86C-2808-4E55-A0FA-D60DF6A063C9}.Release|Any CPU.Build.0 = Release|Any CPU
		{83EDD86C-2808-4E55-A0FA-D60DF6A063C9}.Release|ARM.ActiveCfg = Release|Any CPU
		{83EDD86C-2808-4E55-A0FA-D60DF6A063C9}.Release|ARM.Build.0 = Release|Any CPU
		{83EDD86C-2808-4E55-A0FA-D60DF6A063C9}.Release|ARM64.ActiveCfg = Release|Any CPU
		{83EDD86C-2808-4E55-A0FA-D60DF6A063C9}.Release|ARM64.Build.0 = Release|Any CPU
		{83EDD86C-2808-4E55-A0FA-D60DF6A063C9}.Release|x64.ActiveCfg = Release|Any CPU
		{83EDD86C-2808-4E55-A0FA-D60DF6A063C9}.Release|x64.Build.0 = Release|Any CPU
		{83EDD86C-2808-4E55-A0FA-D60DF6A063C9}.Release|x86.ActiveCfg = Release|Any CPU
		{83EDD86C-2808-4E55-A0FA-D60DF6A063C9}.Release|x86.Build.0 = Release|Any CPU
		{E11E0F5F-123B-4CE8-ADFF-C1562814B5FE}.Debug|Any CPU.ActiveCfg = Debug|Any CPU
		{E11E0F5F-123B-4CE8-ADFF-C1562814B5FE}.Debug|Any CPU.Build.0 = Debug|Any CPU
		{E11E0F5F-123B-4CE8-ADFF-C1562814B5FE}.Debug|ARM.ActiveCfg = Debug|Any CPU
		{E11E0F5F-123B-4CE8-ADFF-C1562814B5FE}.Debug|ARM.Build.0 = Debug|Any CPU
		{E11E0F5F-123B-4CE8-ADFF-C1562814B5FE}.Debug|ARM64.ActiveCfg = Debug|Any CPU
		{E11E0F5F-123B-4CE8-ADFF-C1562814B5FE}.Debug|ARM64.Build.0 = Debug|Any CPU
		{E11E0F5F-123B-4CE8-ADFF-C1562814B5FE}.Debug|x64.ActiveCfg = Debug|Any CPU
		{E11E0F5F-123B-4CE8-ADFF-C1562814B5FE}.Debug|x64.Build.0 = Debug|Any CPU
		{E11E0F5F-123B-4CE8-ADFF-C1562814B5FE}.Debug|x86.ActiveCfg = Debug|Any CPU
		{E11E0F5F-123B-4CE8-ADFF-C1562814B5FE}.Debug|x86.Build.0 = Debug|Any CPU
		{E11E0F5F-123B-4CE8-ADFF-C1562814B5FE}.Release|Any CPU.ActiveCfg = Release|Any CPU
		{E11E0F5F-123B-4CE8-ADFF-C1562814B5FE}.Release|Any CPU.Build.0 = Release|Any CPU
		{E11E0F5F-123B-4CE8-ADFF-C1562814B5FE}.Release|ARM.ActiveCfg = Release|Any CPU
		{E11E0F5F-123B-4CE8-ADFF-C1562814B5FE}.Release|ARM.Build.0 = Release|Any CPU
		{E11E0F5F-123B-4CE8-ADFF-C1562814B5FE}.Release|ARM64.ActiveCfg = Release|Any CPU
		{E11E0F5F-123B-4CE8-ADFF-C1562814B5FE}.Release|ARM64.Build.0 = Release|Any CPU
		{E11E0F5F-123B-4CE8-ADFF-C1562814B5FE}.Release|x64.ActiveCfg = Release|Any CPU
		{E11E0F5F-123B-4CE8-ADFF-C1562814B5FE}.Release|x64.Build.0 = Release|Any CPU
		{E11E0F5F-123B-4CE8-ADFF-C1562814B5FE}.Release|x86.ActiveCfg = Release|Any CPU
		{E11E0F5F-123B-4CE8-ADFF-C1562814B5FE}.Release|x86.Build.0 = Release|Any CPU
		{8F7D78D8-3003-4D0D-9D50-3AD3F92BEB22}.Debug|Any CPU.ActiveCfg = Debug|Any CPU
		{8F7D78D8-3003-4D0D-9D50-3AD3F92BEB22}.Debug|Any CPU.Build.0 = Debug|Any CPU
		{8F7D78D8-3003-4D0D-9D50-3AD3F92BEB22}.Debug|ARM.ActiveCfg = Debug|Any CPU
		{8F7D78D8-3003-4D0D-9D50-3AD3F92BEB22}.Debug|ARM.Build.0 = Debug|Any CPU
		{8F7D78D8-3003-4D0D-9D50-3AD3F92BEB22}.Debug|ARM64.ActiveCfg = Debug|Any CPU
		{8F7D78D8-3003-4D0D-9D50-3AD3F92BEB22}.Debug|ARM64.Build.0 = Debug|Any CPU
		{8F7D78D8-3003-4D0D-9D50-3AD3F92BEB22}.Debug|x64.ActiveCfg = Debug|Any CPU
		{8F7D78D8-3003-4D0D-9D50-3AD3F92BEB22}.Debug|x64.Build.0 = Debug|Any CPU
		{8F7D78D8-3003-4D0D-9D50-3AD3F92BEB22}.Debug|x86.ActiveCfg = Debug|Any CPU
		{8F7D78D8-3003-4D0D-9D50-3AD3F92BEB22}.Debug|x86.Build.0 = Debug|Any CPU
		{8F7D78D8-3003-4D0D-9D50-3AD3F92BEB22}.Release|Any CPU.ActiveCfg = Release|Any CPU
		{8F7D78D8-3003-4D0D-9D50-3AD3F92BEB22}.Release|Any CPU.Build.0 = Release|Any CPU
		{8F7D78D8-3003-4D0D-9D50-3AD3F92BEB22}.Release|ARM.ActiveCfg = Release|Any CPU
		{8F7D78D8-3003-4D0D-9D50-3AD3F92BEB22}.Release|ARM.Build.0 = Release|Any CPU
		{8F7D78D8-3003-4D0D-9D50-3AD3F92BEB22}.Release|ARM64.ActiveCfg = Release|Any CPU
		{8F7D78D8-3003-4D0D-9D50-3AD3F92BEB22}.Release|ARM64.Build.0 = Release|Any CPU
		{8F7D78D8-3003-4D0D-9D50-3AD3F92BEB22}.Release|x64.ActiveCfg = Release|Any CPU
		{8F7D78D8-3003-4D0D-9D50-3AD3F92BEB22}.Release|x64.Build.0 = Release|Any CPU
		{8F7D78D8-3003-4D0D-9D50-3AD3F92BEB22}.Release|x86.ActiveCfg = Release|Any CPU
		{8F7D78D8-3003-4D0D-9D50-3AD3F92BEB22}.Release|x86.Build.0 = Release|Any CPU
		{0A405AAA-B920-495E-BE16-21C8CEA52905}.Debug|Any CPU.ActiveCfg = Debug|Any CPU
		{0A405AAA-B920-495E-BE16-21C8CEA52905}.Debug|Any CPU.Build.0 = Debug|Any CPU
		{0A405AAA-B920-495E-BE16-21C8CEA52905}.Debug|ARM.ActiveCfg = Debug|Any CPU
		{0A405AAA-B920-495E-BE16-21C8CEA52905}.Debug|ARM.Build.0 = Debug|Any CPU
		{0A405AAA-B920-495E-BE16-21C8CEA52905}.Debug|ARM64.ActiveCfg = Debug|Any CPU
		{0A405AAA-B920-495E-BE16-21C8CEA52905}.Debug|ARM64.Build.0 = Debug|Any CPU
		{0A405AAA-B920-495E-BE16-21C8CEA52905}.Debug|x64.ActiveCfg = Debug|Any CPU
		{0A405AAA-B920-495E-BE16-21C8CEA52905}.Debug|x64.Build.0 = Debug|Any CPU
		{0A405AAA-B920-495E-BE16-21C8CEA52905}.Debug|x86.ActiveCfg = Debug|Any CPU
		{0A405AAA-B920-495E-BE16-21C8CEA52905}.Debug|x86.Build.0 = Debug|Any CPU
		{0A405AAA-B920-495E-BE16-21C8CEA52905}.Release|Any CPU.ActiveCfg = Release|Any CPU
		{0A405AAA-B920-495E-BE16-21C8CEA52905}.Release|Any CPU.Build.0 = Release|Any CPU
		{0A405AAA-B920-495E-BE16-21C8CEA52905}.Release|ARM.ActiveCfg = Release|Any CPU
		{0A405AAA-B920-495E-BE16-21C8CEA52905}.Release|ARM.Build.0 = Release|Any CPU
		{0A405AAA-B920-495E-BE16-21C8CEA52905}.Release|ARM64.ActiveCfg = Release|Any CPU
		{0A405AAA-B920-495E-BE16-21C8CEA52905}.Release|ARM64.Build.0 = Release|Any CPU
		{0A405AAA-B920-495E-BE16-21C8CEA52905}.Release|x64.ActiveCfg = Release|Any CPU
		{0A405AAA-B920-495E-BE16-21C8CEA52905}.Release|x64.Build.0 = Release|Any CPU
		{0A405AAA-B920-495E-BE16-21C8CEA52905}.Release|x86.ActiveCfg = Release|Any CPU
		{0A405AAA-B920-495E-BE16-21C8CEA52905}.Release|x86.Build.0 = Release|Any CPU
		{B5C7E4D6-4005-425A-B638-8EBC0F9A9D08}.Debug|Any CPU.ActiveCfg = Debug|Any CPU
		{B5C7E4D6-4005-425A-B638-8EBC0F9A9D08}.Debug|Any CPU.Build.0 = Debug|Any CPU
		{B5C7E4D6-4005-425A-B638-8EBC0F9A9D08}.Debug|ARM.ActiveCfg = Debug|Any CPU
		{B5C7E4D6-4005-425A-B638-8EBC0F9A9D08}.Debug|ARM.Build.0 = Debug|Any CPU
		{B5C7E4D6-4005-425A-B638-8EBC0F9A9D08}.Debug|ARM64.ActiveCfg = Debug|Any CPU
		{B5C7E4D6-4005-425A-B638-8EBC0F9A9D08}.Debug|ARM64.Build.0 = Debug|Any CPU
		{B5C7E4D6-4005-425A-B638-8EBC0F9A9D08}.Debug|x64.ActiveCfg = Debug|Any CPU
		{B5C7E4D6-4005-425A-B638-8EBC0F9A9D08}.Debug|x64.Build.0 = Debug|Any CPU
		{B5C7E4D6-4005-425A-B638-8EBC0F9A9D08}.Debug|x86.ActiveCfg = Debug|Any CPU
		{B5C7E4D6-4005-425A-B638-8EBC0F9A9D08}.Debug|x86.Build.0 = Debug|Any CPU
		{B5C7E4D6-4005-425A-B638-8EBC0F9A9D08}.Release|Any CPU.ActiveCfg = Release|Any CPU
		{B5C7E4D6-4005-425A-B638-8EBC0F9A9D08}.Release|Any CPU.Build.0 = Release|Any CPU
		{B5C7E4D6-4005-425A-B638-8EBC0F9A9D08}.Release|ARM.ActiveCfg = Release|Any CPU
		{B5C7E4D6-4005-425A-B638-8EBC0F9A9D08}.Release|ARM.Build.0 = Release|Any CPU
		{B5C7E4D6-4005-425A-B638-8EBC0F9A9D08}.Release|ARM64.ActiveCfg = Release|Any CPU
		{B5C7E4D6-4005-425A-B638-8EBC0F9A9D08}.Release|ARM64.Build.0 = Release|Any CPU
		{B5C7E4D6-4005-425A-B638-8EBC0F9A9D08}.Release|x64.ActiveCfg = Release|Any CPU
		{B5C7E4D6-4005-425A-B638-8EBC0F9A9D08}.Release|x64.Build.0 = Release|Any CPU
		{B5C7E4D6-4005-425A-B638-8EBC0F9A9D08}.Release|x86.ActiveCfg = Release|Any CPU
		{B5C7E4D6-4005-425A-B638-8EBC0F9A9D08}.Release|x86.Build.0 = Release|Any CPU
		{985A7CE9-1A3B-437E-B03D-78F1F0400541}.Debug|Any CPU.ActiveCfg = Debug|Any CPU
		{985A7CE9-1A3B-437E-B03D-78F1F0400541}.Debug|Any CPU.Build.0 = Debug|Any CPU
		{985A7CE9-1A3B-437E-B03D-78F1F0400541}.Debug|ARM.ActiveCfg = Debug|Any CPU
		{985A7CE9-1A3B-437E-B03D-78F1F0400541}.Debug|ARM.Build.0 = Debug|Any CPU
		{985A7CE9-1A3B-437E-B03D-78F1F0400541}.Debug|ARM64.ActiveCfg = Debug|Any CPU
		{985A7CE9-1A3B-437E-B03D-78F1F0400541}.Debug|ARM64.Build.0 = Debug|Any CPU
		{985A7CE9-1A3B-437E-B03D-78F1F0400541}.Debug|x64.ActiveCfg = Debug|Any CPU
		{985A7CE9-1A3B-437E-B03D-78F1F0400541}.Debug|x64.Build.0 = Debug|Any CPU
		{985A7CE9-1A3B-437E-B03D-78F1F0400541}.Debug|x86.ActiveCfg = Debug|Any CPU
		{985A7CE9-1A3B-437E-B03D-78F1F0400541}.Debug|x86.Build.0 = Debug|Any CPU
		{985A7CE9-1A3B-437E-B03D-78F1F0400541}.Release|Any CPU.ActiveCfg = Release|Any CPU
		{985A7CE9-1A3B-437E-B03D-78F1F0400541}.Release|Any CPU.Build.0 = Release|Any CPU
		{985A7CE9-1A3B-437E-B03D-78F1F0400541}.Release|ARM.ActiveCfg = Release|Any CPU
		{985A7CE9-1A3B-437E-B03D-78F1F0400541}.Release|ARM.Build.0 = Release|Any CPU
		{985A7CE9-1A3B-437E-B03D-78F1F0400541}.Release|ARM64.ActiveCfg = Release|Any CPU
		{985A7CE9-1A3B-437E-B03D-78F1F0400541}.Release|ARM64.Build.0 = Release|Any CPU
		{985A7CE9-1A3B-437E-B03D-78F1F0400541}.Release|x64.ActiveCfg = Release|Any CPU
		{985A7CE9-1A3B-437E-B03D-78F1F0400541}.Release|x64.Build.0 = Release|Any CPU
		{985A7CE9-1A3B-437E-B03D-78F1F0400541}.Release|x86.ActiveCfg = Release|Any CPU
		{985A7CE9-1A3B-437E-B03D-78F1F0400541}.Release|x86.Build.0 = Release|Any CPU
		{22926F9D-2AED-46E1-9C45-240B09419567}.Debug|Any CPU.ActiveCfg = Debug|Any CPU
		{22926F9D-2AED-46E1-9C45-240B09419567}.Debug|Any CPU.Build.0 = Debug|Any CPU
		{22926F9D-2AED-46E1-9C45-240B09419567}.Debug|ARM.ActiveCfg = Debug|Any CPU
		{22926F9D-2AED-46E1-9C45-240B09419567}.Debug|ARM.Build.0 = Debug|Any CPU
		{22926F9D-2AED-46E1-9C45-240B09419567}.Debug|ARM64.ActiveCfg = Debug|Any CPU
		{22926F9D-2AED-46E1-9C45-240B09419567}.Debug|ARM64.Build.0 = Debug|Any CPU
		{22926F9D-2AED-46E1-9C45-240B09419567}.Debug|x64.ActiveCfg = Debug|Any CPU
		{22926F9D-2AED-46E1-9C45-240B09419567}.Debug|x64.Build.0 = Debug|Any CPU
		{22926F9D-2AED-46E1-9C45-240B09419567}.Debug|x86.ActiveCfg = Debug|Any CPU
		{22926F9D-2AED-46E1-9C45-240B09419567}.Debug|x86.Build.0 = Debug|Any CPU
		{22926F9D-2AED-46E1-9C45-240B09419567}.Release|Any CPU.ActiveCfg = Release|Any CPU
		{22926F9D-2AED-46E1-9C45-240B09419567}.Release|Any CPU.Build.0 = Release|Any CPU
		{22926F9D-2AED-46E1-9C45-240B09419567}.Release|ARM.ActiveCfg = Release|Any CPU
		{22926F9D-2AED-46E1-9C45-240B09419567}.Release|ARM.Build.0 = Release|Any CPU
		{22926F9D-2AED-46E1-9C45-240B09419567}.Release|ARM64.ActiveCfg = Release|Any CPU
		{22926F9D-2AED-46E1-9C45-240B09419567}.Release|ARM64.Build.0 = Release|Any CPU
		{22926F9D-2AED-46E1-9C45-240B09419567}.Release|x64.ActiveCfg = Release|Any CPU
		{22926F9D-2AED-46E1-9C45-240B09419567}.Release|x64.Build.0 = Release|Any CPU
		{22926F9D-2AED-46E1-9C45-240B09419567}.Release|x86.ActiveCfg = Release|Any CPU
		{22926F9D-2AED-46E1-9C45-240B09419567}.Release|x86.Build.0 = Release|Any CPU
		{5F31654B-BA70-404C-845E-06698135F505}.Debug|Any CPU.ActiveCfg = Debug|Any CPU
		{5F31654B-BA70-404C-845E-06698135F505}.Debug|Any CPU.Build.0 = Debug|Any CPU
		{5F31654B-BA70-404C-845E-06698135F505}.Debug|ARM.ActiveCfg = Debug|Any CPU
		{5F31654B-BA70-404C-845E-06698135F505}.Debug|ARM.Build.0 = Debug|Any CPU
		{5F31654B-BA70-404C-845E-06698135F505}.Debug|ARM64.ActiveCfg = Debug|Any CPU
		{5F31654B-BA70-404C-845E-06698135F505}.Debug|ARM64.Build.0 = Debug|Any CPU
		{5F31654B-BA70-404C-845E-06698135F505}.Debug|x64.ActiveCfg = Debug|Any CPU
		{5F31654B-BA70-404C-845E-06698135F505}.Debug|x64.Build.0 = Debug|Any CPU
		{5F31654B-BA70-404C-845E-06698135F505}.Debug|x86.ActiveCfg = Debug|Any CPU
		{5F31654B-BA70-404C-845E-06698135F505}.Debug|x86.Build.0 = Debug|Any CPU
		{5F31654B-BA70-404C-845E-06698135F505}.Release|Any CPU.ActiveCfg = Release|Any CPU
		{5F31654B-BA70-404C-845E-06698135F505}.Release|Any CPU.Build.0 = Release|Any CPU
		{5F31654B-BA70-404C-845E-06698135F505}.Release|ARM.ActiveCfg = Release|Any CPU
		{5F31654B-BA70-404C-845E-06698135F505}.Release|ARM.Build.0 = Release|Any CPU
		{5F31654B-BA70-404C-845E-06698135F505}.Release|ARM64.ActiveCfg = Release|Any CPU
		{5F31654B-BA70-404C-845E-06698135F505}.Release|ARM64.Build.0 = Release|Any CPU
		{5F31654B-BA70-404C-845E-06698135F505}.Release|x64.ActiveCfg = Release|Any CPU
		{5F31654B-BA70-404C-845E-06698135F505}.Release|x64.Build.0 = Release|Any CPU
		{5F31654B-BA70-404C-845E-06698135F505}.Release|x86.ActiveCfg = Release|Any CPU
		{5F31654B-BA70-404C-845E-06698135F505}.Release|x86.Build.0 = Release|Any CPU
		{9FBED483-73BA-4F22-B4E9-C58E121C6BE1}.Debug|Any CPU.ActiveCfg = Debug|Any CPU
		{9FBED483-73BA-4F22-B4E9-C58E121C6BE1}.Debug|Any CPU.Build.0 = Debug|Any CPU
		{9FBED483-73BA-4F22-B4E9-C58E121C6BE1}.Debug|ARM.ActiveCfg = Debug|Any CPU
		{9FBED483-73BA-4F22-B4E9-C58E121C6BE1}.Debug|ARM.Build.0 = Debug|Any CPU
		{9FBED483-73BA-4F22-B4E9-C58E121C6BE1}.Debug|ARM64.ActiveCfg = Debug|Any CPU
		{9FBED483-73BA-4F22-B4E9-C58E121C6BE1}.Debug|ARM64.Build.0 = Debug|Any CPU
		{9FBED483-73BA-4F22-B4E9-C58E121C6BE1}.Debug|x64.ActiveCfg = Debug|Any CPU
		{9FBED483-73BA-4F22-B4E9-C58E121C6BE1}.Debug|x64.Build.0 = Debug|Any CPU
		{9FBED483-73BA-4F22-B4E9-C58E121C6BE1}.Debug|x86.ActiveCfg = Debug|Any CPU
		{9FBED483-73BA-4F22-B4E9-C58E121C6BE1}.Debug|x86.Build.0 = Debug|Any CPU
		{9FBED483-73BA-4F22-B4E9-C58E121C6BE1}.Release|Any CPU.ActiveCfg = Release|Any CPU
		{9FBED483-73BA-4F22-B4E9-C58E121C6BE1}.Release|Any CPU.Build.0 = Release|Any CPU
		{9FBED483-73BA-4F22-B4E9-C58E121C6BE1}.Release|ARM.ActiveCfg = Release|Any CPU
		{9FBED483-73BA-4F22-B4E9-C58E121C6BE1}.Release|ARM.Build.0 = Release|Any CPU
		{9FBED483-73BA-4F22-B4E9-C58E121C6BE1}.Release|ARM64.ActiveCfg = Release|Any CPU
		{9FBED483-73BA-4F22-B4E9-C58E121C6BE1}.Release|ARM64.Build.0 = Release|Any CPU
		{9FBED483-73BA-4F22-B4E9-C58E121C6BE1}.Release|x64.ActiveCfg = Release|Any CPU
		{9FBED483-73BA-4F22-B4E9-C58E121C6BE1}.Release|x64.Build.0 = Release|Any CPU
		{9FBED483-73BA-4F22-B4E9-C58E121C6BE1}.Release|x86.ActiveCfg = Release|Any CPU
		{9FBED483-73BA-4F22-B4E9-C58E121C6BE1}.Release|x86.Build.0 = Release|Any CPU
		{6F67755A-E982-46DB-A810-8175D7151D31}.Debug|Any CPU.ActiveCfg = Debug|Any CPU
		{6F67755A-E982-46DB-A810-8175D7151D31}.Debug|Any CPU.Build.0 = Debug|Any CPU
		{6F67755A-E982-46DB-A810-8175D7151D31}.Debug|ARM.ActiveCfg = Debug|Any CPU
		{6F67755A-E982-46DB-A810-8175D7151D31}.Debug|ARM.Build.0 = Debug|Any CPU
		{6F67755A-E982-46DB-A810-8175D7151D31}.Debug|ARM64.ActiveCfg = Debug|Any CPU
		{6F67755A-E982-46DB-A810-8175D7151D31}.Debug|ARM64.Build.0 = Debug|Any CPU
		{6F67755A-E982-46DB-A810-8175D7151D31}.Debug|x64.ActiveCfg = Debug|Any CPU
		{6F67755A-E982-46DB-A810-8175D7151D31}.Debug|x64.Build.0 = Debug|Any CPU
		{6F67755A-E982-46DB-A810-8175D7151D31}.Debug|x86.ActiveCfg = Debug|Any CPU
		{6F67755A-E982-46DB-A810-8175D7151D31}.Debug|x86.Build.0 = Debug|Any CPU
		{6F67755A-E982-46DB-A810-8175D7151D31}.Release|Any CPU.ActiveCfg = Release|Any CPU
		{6F67755A-E982-46DB-A810-8175D7151D31}.Release|Any CPU.Build.0 = Release|Any CPU
		{6F67755A-E982-46DB-A810-8175D7151D31}.Release|ARM.ActiveCfg = Release|Any CPU
		{6F67755A-E982-46DB-A810-8175D7151D31}.Release|ARM.Build.0 = Release|Any CPU
		{6F67755A-E982-46DB-A810-8175D7151D31}.Release|ARM64.ActiveCfg = Release|Any CPU
		{6F67755A-E982-46DB-A810-8175D7151D31}.Release|ARM64.Build.0 = Release|Any CPU
		{6F67755A-E982-46DB-A810-8175D7151D31}.Release|x64.ActiveCfg = Release|Any CPU
		{6F67755A-E982-46DB-A810-8175D7151D31}.Release|x64.Build.0 = Release|Any CPU
		{6F67755A-E982-46DB-A810-8175D7151D31}.Release|x86.ActiveCfg = Release|Any CPU
		{6F67755A-E982-46DB-A810-8175D7151D31}.Release|x86.Build.0 = Release|Any CPU
		{AE49D91C-C524-4EC4-96CB-E462165180F9}.Debug|Any CPU.ActiveCfg = Debug|Any CPU
		{AE49D91C-C524-4EC4-96CB-E462165180F9}.Debug|Any CPU.Build.0 = Debug|Any CPU
		{AE49D91C-C524-4EC4-96CB-E462165180F9}.Debug|ARM.ActiveCfg = Debug|Any CPU
		{AE49D91C-C524-4EC4-96CB-E462165180F9}.Debug|ARM.Build.0 = Debug|Any CPU
		{AE49D91C-C524-4EC4-96CB-E462165180F9}.Debug|ARM64.ActiveCfg = Debug|Any CPU
		{AE49D91C-C524-4EC4-96CB-E462165180F9}.Debug|ARM64.Build.0 = Debug|Any CPU
		{AE49D91C-C524-4EC4-96CB-E462165180F9}.Debug|x64.ActiveCfg = Debug|Any CPU
		{AE49D91C-C524-4EC4-96CB-E462165180F9}.Debug|x64.Build.0 = Debug|Any CPU
		{AE49D91C-C524-4EC4-96CB-E462165180F9}.Debug|x86.ActiveCfg = Debug|Any CPU
		{AE49D91C-C524-4EC4-96CB-E462165180F9}.Debug|x86.Build.0 = Debug|Any CPU
		{AE49D91C-C524-4EC4-96CB-E462165180F9}.Release|Any CPU.ActiveCfg = Release|Any CPU
		{AE49D91C-C524-4EC4-96CB-E462165180F9}.Release|Any CPU.Build.0 = Release|Any CPU
		{AE49D91C-C524-4EC4-96CB-E462165180F9}.Release|ARM.ActiveCfg = Release|Any CPU
		{AE49D91C-C524-4EC4-96CB-E462165180F9}.Release|ARM.Build.0 = Release|Any CPU
		{AE49D91C-C524-4EC4-96CB-E462165180F9}.Release|ARM64.ActiveCfg = Release|Any CPU
		{AE49D91C-C524-4EC4-96CB-E462165180F9}.Release|ARM64.Build.0 = Release|Any CPU
		{AE49D91C-C524-4EC4-96CB-E462165180F9}.Release|x64.ActiveCfg = Release|Any CPU
		{AE49D91C-C524-4EC4-96CB-E462165180F9}.Release|x64.Build.0 = Release|Any CPU
		{AE49D91C-C524-4EC4-96CB-E462165180F9}.Release|x86.ActiveCfg = Release|Any CPU
		{AE49D91C-C524-4EC4-96CB-E462165180F9}.Release|x86.Build.0 = Release|Any CPU
		{E019BB93-DB0C-45D2-AC93-3D9AA369D972}.Debug|Any CPU.ActiveCfg = Debug|Any CPU
		{E019BB93-DB0C-45D2-AC93-3D9AA369D972}.Debug|Any CPU.Build.0 = Debug|Any CPU
		{E019BB93-DB0C-45D2-AC93-3D9AA369D972}.Debug|ARM.ActiveCfg = Debug|Any CPU
		{E019BB93-DB0C-45D2-AC93-3D9AA369D972}.Debug|ARM.Build.0 = Debug|Any CPU
		{E019BB93-DB0C-45D2-AC93-3D9AA369D972}.Debug|ARM64.ActiveCfg = Debug|Any CPU
		{E019BB93-DB0C-45D2-AC93-3D9AA369D972}.Debug|ARM64.Build.0 = Debug|Any CPU
		{E019BB93-DB0C-45D2-AC93-3D9AA369D972}.Debug|x64.ActiveCfg = Debug|Any CPU
		{E019BB93-DB0C-45D2-AC93-3D9AA369D972}.Debug|x64.Build.0 = Debug|Any CPU
		{E019BB93-DB0C-45D2-AC93-3D9AA369D972}.Debug|x86.ActiveCfg = Debug|Any CPU
		{E019BB93-DB0C-45D2-AC93-3D9AA369D972}.Debug|x86.Build.0 = Debug|Any CPU
		{E019BB93-DB0C-45D2-AC93-3D9AA369D972}.Release|Any CPU.ActiveCfg = Release|Any CPU
		{E019BB93-DB0C-45D2-AC93-3D9AA369D972}.Release|Any CPU.Build.0 = Release|Any CPU
		{E019BB93-DB0C-45D2-AC93-3D9AA369D972}.Release|ARM.ActiveCfg = Release|Any CPU
		{E019BB93-DB0C-45D2-AC93-3D9AA369D972}.Release|ARM.Build.0 = Release|Any CPU
		{E019BB93-DB0C-45D2-AC93-3D9AA369D972}.Release|ARM64.ActiveCfg = Release|Any CPU
		{E019BB93-DB0C-45D2-AC93-3D9AA369D972}.Release|ARM64.Build.0 = Release|Any CPU
		{E019BB93-DB0C-45D2-AC93-3D9AA369D972}.Release|x64.ActiveCfg = Release|Any CPU
		{E019BB93-DB0C-45D2-AC93-3D9AA369D972}.Release|x64.Build.0 = Release|Any CPU
		{E019BB93-DB0C-45D2-AC93-3D9AA369D972}.Release|x86.ActiveCfg = Release|Any CPU
		{E019BB93-DB0C-45D2-AC93-3D9AA369D972}.Release|x86.Build.0 = Release|Any CPU
		{3DCA30B7-12CC-4A53-8FFF-12454358C916}.Debug|Any CPU.ActiveCfg = Debug|Any CPU
		{3DCA30B7-12CC-4A53-8FFF-12454358C916}.Debug|Any CPU.Build.0 = Debug|Any CPU
		{3DCA30B7-12CC-4A53-8FFF-12454358C916}.Debug|ARM.ActiveCfg = Debug|Any CPU
		{3DCA30B7-12CC-4A53-8FFF-12454358C916}.Debug|ARM.Build.0 = Debug|Any CPU
		{3DCA30B7-12CC-4A53-8FFF-12454358C916}.Debug|ARM64.ActiveCfg = Debug|Any CPU
		{3DCA30B7-12CC-4A53-8FFF-12454358C916}.Debug|ARM64.Build.0 = Debug|Any CPU
		{3DCA30B7-12CC-4A53-8FFF-12454358C916}.Debug|x64.ActiveCfg = Debug|Any CPU
		{3DCA30B7-12CC-4A53-8FFF-12454358C916}.Debug|x64.Build.0 = Debug|Any CPU
		{3DCA30B7-12CC-4A53-8FFF-12454358C916}.Debug|x86.ActiveCfg = Debug|Any CPU
		{3DCA30B7-12CC-4A53-8FFF-12454358C916}.Debug|x86.Build.0 = Debug|Any CPU
		{3DCA30B7-12CC-4A53-8FFF-12454358C916}.Release|Any CPU.ActiveCfg = Release|Any CPU
		{3DCA30B7-12CC-4A53-8FFF-12454358C916}.Release|Any CPU.Build.0 = Release|Any CPU
		{3DCA30B7-12CC-4A53-8FFF-12454358C916}.Release|ARM.ActiveCfg = Release|Any CPU
		{3DCA30B7-12CC-4A53-8FFF-12454358C916}.Release|ARM.Build.0 = Release|Any CPU
		{3DCA30B7-12CC-4A53-8FFF-12454358C916}.Release|ARM64.ActiveCfg = Release|Any CPU
		{3DCA30B7-12CC-4A53-8FFF-12454358C916}.Release|ARM64.Build.0 = Release|Any CPU
		{3DCA30B7-12CC-4A53-8FFF-12454358C916}.Release|x64.ActiveCfg = Release|Any CPU
		{3DCA30B7-12CC-4A53-8FFF-12454358C916}.Release|x64.Build.0 = Release|Any CPU
		{3DCA30B7-12CC-4A53-8FFF-12454358C916}.Release|x86.ActiveCfg = Release|Any CPU
		{3DCA30B7-12CC-4A53-8FFF-12454358C916}.Release|x86.Build.0 = Release|Any CPU
		{D042D29B-C0F9-4D79-A2F3-E27F5DADA5D8}.Debug|Any CPU.ActiveCfg = Debug|Any CPU
		{D042D29B-C0F9-4D79-A2F3-E27F5DADA5D8}.Debug|Any CPU.Build.0 = Debug|Any CPU
		{D042D29B-C0F9-4D79-A2F3-E27F5DADA5D8}.Debug|ARM.ActiveCfg = Debug|Any CPU
		{D042D29B-C0F9-4D79-A2F3-E27F5DADA5D8}.Debug|ARM.Build.0 = Debug|Any CPU
		{D042D29B-C0F9-4D79-A2F3-E27F5DADA5D8}.Debug|ARM64.ActiveCfg = Debug|Any CPU
		{D042D29B-C0F9-4D79-A2F3-E27F5DADA5D8}.Debug|ARM64.Build.0 = Debug|Any CPU
		{D042D29B-C0F9-4D79-A2F3-E27F5DADA5D8}.Debug|x64.ActiveCfg = Debug|Any CPU
		{D042D29B-C0F9-4D79-A2F3-E27F5DADA5D8}.Debug|x64.Build.0 = Debug|Any CPU
		{D042D29B-C0F9-4D79-A2F3-E27F5DADA5D8}.Debug|x86.ActiveCfg = Debug|Any CPU
		{D042D29B-C0F9-4D79-A2F3-E27F5DADA5D8}.Debug|x86.Build.0 = Debug|Any CPU
		{D042D29B-C0F9-4D79-A2F3-E27F5DADA5D8}.Release|Any CPU.ActiveCfg = Release|Any CPU
		{D042D29B-C0F9-4D79-A2F3-E27F5DADA5D8}.Release|Any CPU.Build.0 = Release|Any CPU
		{D042D29B-C0F9-4D79-A2F3-E27F5DADA5D8}.Release|ARM.ActiveCfg = Release|Any CPU
		{D042D29B-C0F9-4D79-A2F3-E27F5DADA5D8}.Release|ARM.Build.0 = Release|Any CPU
		{D042D29B-C0F9-4D79-A2F3-E27F5DADA5D8}.Release|ARM64.ActiveCfg = Release|Any CPU
		{D042D29B-C0F9-4D79-A2F3-E27F5DADA5D8}.Release|ARM64.Build.0 = Release|Any CPU
		{D042D29B-C0F9-4D79-A2F3-E27F5DADA5D8}.Release|x64.ActiveCfg = Release|Any CPU
		{D042D29B-C0F9-4D79-A2F3-E27F5DADA5D8}.Release|x64.Build.0 = Release|Any CPU
		{D042D29B-C0F9-4D79-A2F3-E27F5DADA5D8}.Release|x86.ActiveCfg = Release|Any CPU
		{D042D29B-C0F9-4D79-A2F3-E27F5DADA5D8}.Release|x86.Build.0 = Release|Any CPU
		{3D3D87FA-1BDE-436D-8259-01B036BD42FC}.Debug|Any CPU.ActiveCfg = Debug|Any CPU
		{3D3D87FA-1BDE-436D-8259-01B036BD42FC}.Debug|Any CPU.Build.0 = Debug|Any CPU
		{3D3D87FA-1BDE-436D-8259-01B036BD42FC}.Debug|ARM.ActiveCfg = Debug|Any CPU
		{3D3D87FA-1BDE-436D-8259-01B036BD42FC}.Debug|ARM.Build.0 = Debug|Any CPU
		{3D3D87FA-1BDE-436D-8259-01B036BD42FC}.Debug|ARM64.ActiveCfg = Debug|Any CPU
		{3D3D87FA-1BDE-436D-8259-01B036BD42FC}.Debug|ARM64.Build.0 = Debug|Any CPU
		{3D3D87FA-1BDE-436D-8259-01B036BD42FC}.Debug|x64.ActiveCfg = Debug|Any CPU
		{3D3D87FA-1BDE-436D-8259-01B036BD42FC}.Debug|x64.Build.0 = Debug|Any CPU
		{3D3D87FA-1BDE-436D-8259-01B036BD42FC}.Debug|x86.ActiveCfg = Debug|Any CPU
		{3D3D87FA-1BDE-436D-8259-01B036BD42FC}.Debug|x86.Build.0 = Debug|Any CPU
		{3D3D87FA-1BDE-436D-8259-01B036BD42FC}.Release|Any CPU.ActiveCfg = Release|Any CPU
		{3D3D87FA-1BDE-436D-8259-01B036BD42FC}.Release|Any CPU.Build.0 = Release|Any CPU
		{3D3D87FA-1BDE-436D-8259-01B036BD42FC}.Release|ARM.ActiveCfg = Release|Any CPU
		{3D3D87FA-1BDE-436D-8259-01B036BD42FC}.Release|ARM.Build.0 = Release|Any CPU
		{3D3D87FA-1BDE-436D-8259-01B036BD42FC}.Release|ARM64.ActiveCfg = Release|Any CPU
		{3D3D87FA-1BDE-436D-8259-01B036BD42FC}.Release|ARM64.Build.0 = Release|Any CPU
		{3D3D87FA-1BDE-436D-8259-01B036BD42FC}.Release|x64.ActiveCfg = Release|Any CPU
		{3D3D87FA-1BDE-436D-8259-01B036BD42FC}.Release|x64.Build.0 = Release|Any CPU
		{3D3D87FA-1BDE-436D-8259-01B036BD42FC}.Release|x86.ActiveCfg = Release|Any CPU
		{3D3D87FA-1BDE-436D-8259-01B036BD42FC}.Release|x86.Build.0 = Release|Any CPU
		{24321036-B1F5-46E8-9CF4-B02309D4237E}.Debug|Any CPU.ActiveCfg = Debug|Any CPU
		{24321036-B1F5-46E8-9CF4-B02309D4237E}.Debug|Any CPU.Build.0 = Debug|Any CPU
		{24321036-B1F5-46E8-9CF4-B02309D4237E}.Debug|ARM.ActiveCfg = Debug|Any CPU
		{24321036-B1F5-46E8-9CF4-B02309D4237E}.Debug|ARM.Build.0 = Debug|Any CPU
		{24321036-B1F5-46E8-9CF4-B02309D4237E}.Debug|ARM64.ActiveCfg = Debug|Any CPU
		{24321036-B1F5-46E8-9CF4-B02309D4237E}.Debug|ARM64.Build.0 = Debug|Any CPU
		{24321036-B1F5-46E8-9CF4-B02309D4237E}.Debug|x64.ActiveCfg = Debug|Any CPU
		{24321036-B1F5-46E8-9CF4-B02309D4237E}.Debug|x64.Build.0 = Debug|Any CPU
		{24321036-B1F5-46E8-9CF4-B02309D4237E}.Debug|x86.ActiveCfg = Debug|Any CPU
		{24321036-B1F5-46E8-9CF4-B02309D4237E}.Debug|x86.Build.0 = Debug|Any CPU
		{24321036-B1F5-46E8-9CF4-B02309D4237E}.Release|Any CPU.ActiveCfg = Release|Any CPU
		{24321036-B1F5-46E8-9CF4-B02309D4237E}.Release|Any CPU.Build.0 = Release|Any CPU
		{24321036-B1F5-46E8-9CF4-B02309D4237E}.Release|ARM.ActiveCfg = Release|Any CPU
		{24321036-B1F5-46E8-9CF4-B02309D4237E}.Release|ARM.Build.0 = Release|Any CPU
		{24321036-B1F5-46E8-9CF4-B02309D4237E}.Release|ARM64.ActiveCfg = Release|Any CPU
		{24321036-B1F5-46E8-9CF4-B02309D4237E}.Release|ARM64.Build.0 = Release|Any CPU
		{24321036-B1F5-46E8-9CF4-B02309D4237E}.Release|x64.ActiveCfg = Release|Any CPU
		{24321036-B1F5-46E8-9CF4-B02309D4237E}.Release|x64.Build.0 = Release|Any CPU
		{24321036-B1F5-46E8-9CF4-B02309D4237E}.Release|x86.ActiveCfg = Release|Any CPU
		{24321036-B1F5-46E8-9CF4-B02309D4237E}.Release|x86.Build.0 = Release|Any CPU
		{F0AA81DF-A71B-405E-A34B-2FDACFB8906C}.Debug|Any CPU.ActiveCfg = Debug|Any CPU
		{F0AA81DF-A71B-405E-A34B-2FDACFB8906C}.Debug|Any CPU.Build.0 = Debug|Any CPU
		{F0AA81DF-A71B-405E-A34B-2FDACFB8906C}.Debug|ARM.ActiveCfg = Debug|Any CPU
		{F0AA81DF-A71B-405E-A34B-2FDACFB8906C}.Debug|ARM.Build.0 = Debug|Any CPU
		{F0AA81DF-A71B-405E-A34B-2FDACFB8906C}.Debug|ARM64.ActiveCfg = Debug|Any CPU
		{F0AA81DF-A71B-405E-A34B-2FDACFB8906C}.Debug|ARM64.Build.0 = Debug|Any CPU
		{F0AA81DF-A71B-405E-A34B-2FDACFB8906C}.Debug|x64.ActiveCfg = Debug|Any CPU
		{F0AA81DF-A71B-405E-A34B-2FDACFB8906C}.Debug|x64.Build.0 = Debug|Any CPU
		{F0AA81DF-A71B-405E-A34B-2FDACFB8906C}.Debug|x86.ActiveCfg = Debug|Any CPU
		{F0AA81DF-A71B-405E-A34B-2FDACFB8906C}.Debug|x86.Build.0 = Debug|Any CPU
		{F0AA81DF-A71B-405E-A34B-2FDACFB8906C}.Release|Any CPU.ActiveCfg = Release|Any CPU
		{F0AA81DF-A71B-405E-A34B-2FDACFB8906C}.Release|Any CPU.Build.0 = Release|Any CPU
		{F0AA81DF-A71B-405E-A34B-2FDACFB8906C}.Release|ARM.ActiveCfg = Release|Any CPU
		{F0AA81DF-A71B-405E-A34B-2FDACFB8906C}.Release|ARM.Build.0 = Release|Any CPU
		{F0AA81DF-A71B-405E-A34B-2FDACFB8906C}.Release|ARM64.ActiveCfg = Release|Any CPU
		{F0AA81DF-A71B-405E-A34B-2FDACFB8906C}.Release|ARM64.Build.0 = Release|Any CPU
		{F0AA81DF-A71B-405E-A34B-2FDACFB8906C}.Release|x64.ActiveCfg = Release|Any CPU
		{F0AA81DF-A71B-405E-A34B-2FDACFB8906C}.Release|x64.Build.0 = Release|Any CPU
		{F0AA81DF-A71B-405E-A34B-2FDACFB8906C}.Release|x86.ActiveCfg = Release|Any CPU
		{F0AA81DF-A71B-405E-A34B-2FDACFB8906C}.Release|x86.Build.0 = Release|Any CPU
		{E9145266-23B8-4D93-BBCD-5A0BE6F58334}.Debug|Any CPU.ActiveCfg = Debug|Any CPU
		{E9145266-23B8-4D93-BBCD-5A0BE6F58334}.Debug|Any CPU.Build.0 = Debug|Any CPU
		{E9145266-23B8-4D93-BBCD-5A0BE6F58334}.Debug|ARM.ActiveCfg = Debug|Any CPU
		{E9145266-23B8-4D93-BBCD-5A0BE6F58334}.Debug|ARM.Build.0 = Debug|Any CPU
		{E9145266-23B8-4D93-BBCD-5A0BE6F58334}.Debug|ARM64.ActiveCfg = Debug|Any CPU
		{E9145266-23B8-4D93-BBCD-5A0BE6F58334}.Debug|ARM64.Build.0 = Debug|Any CPU
		{E9145266-23B8-4D93-BBCD-5A0BE6F58334}.Debug|x64.ActiveCfg = Debug|Any CPU
		{E9145266-23B8-4D93-BBCD-5A0BE6F58334}.Debug|x64.Build.0 = Debug|Any CPU
		{E9145266-23B8-4D93-BBCD-5A0BE6F58334}.Debug|x86.ActiveCfg = Debug|Any CPU
		{E9145266-23B8-4D93-BBCD-5A0BE6F58334}.Debug|x86.Build.0 = Debug|Any CPU
		{E9145266-23B8-4D93-BBCD-5A0BE6F58334}.Release|Any CPU.ActiveCfg = Release|Any CPU
		{E9145266-23B8-4D93-BBCD-5A0BE6F58334}.Release|Any CPU.Build.0 = Release|Any CPU
		{E9145266-23B8-4D93-BBCD-5A0BE6F58334}.Release|ARM.ActiveCfg = Release|Any CPU
		{E9145266-23B8-4D93-BBCD-5A0BE6F58334}.Release|ARM.Build.0 = Release|Any CPU
		{E9145266-23B8-4D93-BBCD-5A0BE6F58334}.Release|ARM64.ActiveCfg = Release|Any CPU
		{E9145266-23B8-4D93-BBCD-5A0BE6F58334}.Release|ARM64.Build.0 = Release|Any CPU
		{E9145266-23B8-4D93-BBCD-5A0BE6F58334}.Release|x64.ActiveCfg = Release|Any CPU
		{E9145266-23B8-4D93-BBCD-5A0BE6F58334}.Release|x64.Build.0 = Release|Any CPU
		{E9145266-23B8-4D93-BBCD-5A0BE6F58334}.Release|x86.ActiveCfg = Release|Any CPU
		{E9145266-23B8-4D93-BBCD-5A0BE6F58334}.Release|x86.Build.0 = Release|Any CPU
		{FBDFE21A-9946-4188-A621-E66186396203}.Debug|Any CPU.ActiveCfg = Debug|Any CPU
		{FBDFE21A-9946-4188-A621-E66186396203}.Debug|Any CPU.Build.0 = Debug|Any CPU
		{FBDFE21A-9946-4188-A621-E66186396203}.Debug|ARM.ActiveCfg = Debug|Any CPU
		{FBDFE21A-9946-4188-A621-E66186396203}.Debug|ARM.Build.0 = Debug|Any CPU
		{FBDFE21A-9946-4188-A621-E66186396203}.Debug|ARM64.ActiveCfg = Debug|Any CPU
		{FBDFE21A-9946-4188-A621-E66186396203}.Debug|ARM64.Build.0 = Debug|Any CPU
		{FBDFE21A-9946-4188-A621-E66186396203}.Debug|x64.ActiveCfg = Debug|Any CPU
		{FBDFE21A-9946-4188-A621-E66186396203}.Debug|x64.Build.0 = Debug|Any CPU
		{FBDFE21A-9946-4188-A621-E66186396203}.Debug|x86.ActiveCfg = Debug|Any CPU
		{FBDFE21A-9946-4188-A621-E66186396203}.Debug|x86.Build.0 = Debug|Any CPU
		{FBDFE21A-9946-4188-A621-E66186396203}.Release|Any CPU.ActiveCfg = Release|Any CPU
		{FBDFE21A-9946-4188-A621-E66186396203}.Release|Any CPU.Build.0 = Release|Any CPU
		{FBDFE21A-9946-4188-A621-E66186396203}.Release|ARM.ActiveCfg = Release|Any CPU
		{FBDFE21A-9946-4188-A621-E66186396203}.Release|ARM.Build.0 = Release|Any CPU
		{FBDFE21A-9946-4188-A621-E66186396203}.Release|ARM64.ActiveCfg = Release|Any CPU
		{FBDFE21A-9946-4188-A621-E66186396203}.Release|ARM64.Build.0 = Release|Any CPU
		{FBDFE21A-9946-4188-A621-E66186396203}.Release|x64.ActiveCfg = Release|Any CPU
		{FBDFE21A-9946-4188-A621-E66186396203}.Release|x64.Build.0 = Release|Any CPU
		{FBDFE21A-9946-4188-A621-E66186396203}.Release|x86.ActiveCfg = Release|Any CPU
		{FBDFE21A-9946-4188-A621-E66186396203}.Release|x86.Build.0 = Release|Any CPU
		{508CE470-F440-496C-8607-361F6AC2ED9C}.Debug|Any CPU.ActiveCfg = Debug|Any CPU
		{508CE470-F440-496C-8607-361F6AC2ED9C}.Debug|Any CPU.Build.0 = Debug|Any CPU
		{508CE470-F440-496C-8607-361F6AC2ED9C}.Debug|ARM.ActiveCfg = Debug|Any CPU
		{508CE470-F440-496C-8607-361F6AC2ED9C}.Debug|ARM.Build.0 = Debug|Any CPU
		{508CE470-F440-496C-8607-361F6AC2ED9C}.Debug|ARM64.ActiveCfg = Debug|Any CPU
		{508CE470-F440-496C-8607-361F6AC2ED9C}.Debug|ARM64.Build.0 = Debug|Any CPU
		{508CE470-F440-496C-8607-361F6AC2ED9C}.Debug|x64.ActiveCfg = Debug|Any CPU
		{508CE470-F440-496C-8607-361F6AC2ED9C}.Debug|x64.Build.0 = Debug|Any CPU
		{508CE470-F440-496C-8607-361F6AC2ED9C}.Debug|x86.ActiveCfg = Debug|Any CPU
		{508CE470-F440-496C-8607-361F6AC2ED9C}.Debug|x86.Build.0 = Debug|Any CPU
		{508CE470-F440-496C-8607-361F6AC2ED9C}.Release|Any CPU.ActiveCfg = Release|Any CPU
		{508CE470-F440-496C-8607-361F6AC2ED9C}.Release|Any CPU.Build.0 = Release|Any CPU
		{508CE470-F440-496C-8607-361F6AC2ED9C}.Release|ARM.ActiveCfg = Release|Any CPU
		{508CE470-F440-496C-8607-361F6AC2ED9C}.Release|ARM.Build.0 = Release|Any CPU
		{508CE470-F440-496C-8607-361F6AC2ED9C}.Release|ARM64.ActiveCfg = Release|Any CPU
		{508CE470-F440-496C-8607-361F6AC2ED9C}.Release|ARM64.Build.0 = Release|Any CPU
		{508CE470-F440-496C-8607-361F6AC2ED9C}.Release|x64.ActiveCfg = Release|Any CPU
		{508CE470-F440-496C-8607-361F6AC2ED9C}.Release|x64.Build.0 = Release|Any CPU
		{508CE470-F440-496C-8607-361F6AC2ED9C}.Release|x86.ActiveCfg = Release|Any CPU
		{508CE470-F440-496C-8607-361F6AC2ED9C}.Release|x86.Build.0 = Release|Any CPU
		{FBF72B0F-C058-43B7-89F5-AC7F3D2B8A10}.Debug|Any CPU.ActiveCfg = Debug|Any CPU
		{FBF72B0F-C058-43B7-89F5-AC7F3D2B8A10}.Debug|Any CPU.Build.0 = Debug|Any CPU
		{FBF72B0F-C058-43B7-89F5-AC7F3D2B8A10}.Debug|ARM.ActiveCfg = Debug|Any CPU
		{FBF72B0F-C058-43B7-89F5-AC7F3D2B8A10}.Debug|ARM.Build.0 = Debug|Any CPU
		{FBF72B0F-C058-43B7-89F5-AC7F3D2B8A10}.Debug|ARM64.ActiveCfg = Debug|Any CPU
		{FBF72B0F-C058-43B7-89F5-AC7F3D2B8A10}.Debug|ARM64.Build.0 = Debug|Any CPU
		{FBF72B0F-C058-43B7-89F5-AC7F3D2B8A10}.Debug|x64.ActiveCfg = Debug|Any CPU
		{FBF72B0F-C058-43B7-89F5-AC7F3D2B8A10}.Debug|x64.Build.0 = Debug|Any CPU
		{FBF72B0F-C058-43B7-89F5-AC7F3D2B8A10}.Debug|x86.ActiveCfg = Debug|Any CPU
		{FBF72B0F-C058-43B7-89F5-AC7F3D2B8A10}.Debug|x86.Build.0 = Debug|Any CPU
		{FBF72B0F-C058-43B7-89F5-AC7F3D2B8A10}.Release|Any CPU.ActiveCfg = Release|Any CPU
		{FBF72B0F-C058-43B7-89F5-AC7F3D2B8A10}.Release|Any CPU.Build.0 = Release|Any CPU
		{FBF72B0F-C058-43B7-89F5-AC7F3D2B8A10}.Release|ARM.ActiveCfg = Release|Any CPU
		{FBF72B0F-C058-43B7-89F5-AC7F3D2B8A10}.Release|ARM.Build.0 = Release|Any CPU
		{FBF72B0F-C058-43B7-89F5-AC7F3D2B8A10}.Release|ARM64.ActiveCfg = Release|Any CPU
		{FBF72B0F-C058-43B7-89F5-AC7F3D2B8A10}.Release|ARM64.Build.0 = Release|Any CPU
		{FBF72B0F-C058-43B7-89F5-AC7F3D2B8A10}.Release|x64.ActiveCfg = Release|Any CPU
		{FBF72B0F-C058-43B7-89F5-AC7F3D2B8A10}.Release|x64.Build.0 = Release|Any CPU
		{FBF72B0F-C058-43B7-89F5-AC7F3D2B8A10}.Release|x86.ActiveCfg = Release|Any CPU
		{FBF72B0F-C058-43B7-89F5-AC7F3D2B8A10}.Release|x86.Build.0 = Release|Any CPU
		{051245BC-0785-47CA-9D11-B060DDC72A07}.Debug|Any CPU.ActiveCfg = Debug|Any CPU
		{051245BC-0785-47CA-9D11-B060DDC72A07}.Debug|Any CPU.Build.0 = Debug|Any CPU
		{051245BC-0785-47CA-9D11-B060DDC72A07}.Debug|ARM.ActiveCfg = Debug|Any CPU
		{051245BC-0785-47CA-9D11-B060DDC72A07}.Debug|ARM.Build.0 = Debug|Any CPU
		{051245BC-0785-47CA-9D11-B060DDC72A07}.Debug|ARM64.ActiveCfg = Debug|Any CPU
		{051245BC-0785-47CA-9D11-B060DDC72A07}.Debug|ARM64.Build.0 = Debug|Any CPU
		{051245BC-0785-47CA-9D11-B060DDC72A07}.Debug|x64.ActiveCfg = Debug|Any CPU
		{051245BC-0785-47CA-9D11-B060DDC72A07}.Debug|x64.Build.0 = Debug|Any CPU
		{051245BC-0785-47CA-9D11-B060DDC72A07}.Debug|x86.ActiveCfg = Debug|Any CPU
		{051245BC-0785-47CA-9D11-B060DDC72A07}.Debug|x86.Build.0 = Debug|Any CPU
		{051245BC-0785-47CA-9D11-B060DDC72A07}.Release|Any CPU.ActiveCfg = Release|Any CPU
		{051245BC-0785-47CA-9D11-B060DDC72A07}.Release|Any CPU.Build.0 = Release|Any CPU
		{051245BC-0785-47CA-9D11-B060DDC72A07}.Release|ARM.ActiveCfg = Release|Any CPU
		{051245BC-0785-47CA-9D11-B060DDC72A07}.Release|ARM.Build.0 = Release|Any CPU
		{051245BC-0785-47CA-9D11-B060DDC72A07}.Release|ARM64.ActiveCfg = Release|Any CPU
		{051245BC-0785-47CA-9D11-B060DDC72A07}.Release|ARM64.Build.0 = Release|Any CPU
		{051245BC-0785-47CA-9D11-B060DDC72A07}.Release|x64.ActiveCfg = Release|Any CPU
		{051245BC-0785-47CA-9D11-B060DDC72A07}.Release|x64.Build.0 = Release|Any CPU
		{051245BC-0785-47CA-9D11-B060DDC72A07}.Release|x86.ActiveCfg = Release|Any CPU
		{051245BC-0785-47CA-9D11-B060DDC72A07}.Release|x86.Build.0 = Release|Any CPU
		{5D9A972E-30EE-4FE3-84CA-03A1FAA7C765}.Debug|Any CPU.ActiveCfg = Debug|Any CPU
		{5D9A972E-30EE-4FE3-84CA-03A1FAA7C765}.Debug|Any CPU.Build.0 = Debug|Any CPU
		{5D9A972E-30EE-4FE3-84CA-03A1FAA7C765}.Debug|ARM.ActiveCfg = Debug|Any CPU
		{5D9A972E-30EE-4FE3-84CA-03A1FAA7C765}.Debug|ARM.Build.0 = Debug|Any CPU
		{5D9A972E-30EE-4FE3-84CA-03A1FAA7C765}.Debug|ARM64.ActiveCfg = Debug|Any CPU
		{5D9A972E-30EE-4FE3-84CA-03A1FAA7C765}.Debug|ARM64.Build.0 = Debug|Any CPU
		{5D9A972E-30EE-4FE3-84CA-03A1FAA7C765}.Debug|x64.ActiveCfg = Debug|Any CPU
		{5D9A972E-30EE-4FE3-84CA-03A1FAA7C765}.Debug|x64.Build.0 = Debug|Any CPU
		{5D9A972E-30EE-4FE3-84CA-03A1FAA7C765}.Debug|x86.ActiveCfg = Debug|Any CPU
		{5D9A972E-30EE-4FE3-84CA-03A1FAA7C765}.Debug|x86.Build.0 = Debug|Any CPU
		{5D9A972E-30EE-4FE3-84CA-03A1FAA7C765}.Release|Any CPU.ActiveCfg = Release|Any CPU
		{5D9A972E-30EE-4FE3-84CA-03A1FAA7C765}.Release|Any CPU.Build.0 = Release|Any CPU
		{5D9A972E-30EE-4FE3-84CA-03A1FAA7C765}.Release|ARM.ActiveCfg = Release|Any CPU
		{5D9A972E-30EE-4FE3-84CA-03A1FAA7C765}.Release|ARM.Build.0 = Release|Any CPU
		{5D9A972E-30EE-4FE3-84CA-03A1FAA7C765}.Release|ARM64.ActiveCfg = Release|Any CPU
		{5D9A972E-30EE-4FE3-84CA-03A1FAA7C765}.Release|ARM64.Build.0 = Release|Any CPU
		{5D9A972E-30EE-4FE3-84CA-03A1FAA7C765}.Release|x64.ActiveCfg = Release|Any CPU
		{5D9A972E-30EE-4FE3-84CA-03A1FAA7C765}.Release|x64.Build.0 = Release|Any CPU
		{5D9A972E-30EE-4FE3-84CA-03A1FAA7C765}.Release|x86.ActiveCfg = Release|Any CPU
		{5D9A972E-30EE-4FE3-84CA-03A1FAA7C765}.Release|x86.Build.0 = Release|Any CPU
		{EA9ECBF2-3E97-41FB-91EA-B5373D8DFBCD}.Debug|Any CPU.ActiveCfg = Debug|Any CPU
		{EA9ECBF2-3E97-41FB-91EA-B5373D8DFBCD}.Debug|Any CPU.Build.0 = Debug|Any CPU
		{EA9ECBF2-3E97-41FB-91EA-B5373D8DFBCD}.Debug|ARM.ActiveCfg = Debug|Any CPU
		{EA9ECBF2-3E97-41FB-91EA-B5373D8DFBCD}.Debug|ARM.Build.0 = Debug|Any CPU
		{EA9ECBF2-3E97-41FB-91EA-B5373D8DFBCD}.Debug|ARM64.ActiveCfg = Debug|Any CPU
		{EA9ECBF2-3E97-41FB-91EA-B5373D8DFBCD}.Debug|ARM64.Build.0 = Debug|Any CPU
		{EA9ECBF2-3E97-41FB-91EA-B5373D8DFBCD}.Debug|x64.ActiveCfg = Debug|Any CPU
		{EA9ECBF2-3E97-41FB-91EA-B5373D8DFBCD}.Debug|x64.Build.0 = Debug|Any CPU
		{EA9ECBF2-3E97-41FB-91EA-B5373D8DFBCD}.Debug|x86.ActiveCfg = Debug|Any CPU
		{EA9ECBF2-3E97-41FB-91EA-B5373D8DFBCD}.Debug|x86.Build.0 = Debug|Any CPU
		{EA9ECBF2-3E97-41FB-91EA-B5373D8DFBCD}.Release|Any CPU.ActiveCfg = Release|Any CPU
		{EA9ECBF2-3E97-41FB-91EA-B5373D8DFBCD}.Release|Any CPU.Build.0 = Release|Any CPU
		{EA9ECBF2-3E97-41FB-91EA-B5373D8DFBCD}.Release|ARM.ActiveCfg = Release|Any CPU
		{EA9ECBF2-3E97-41FB-91EA-B5373D8DFBCD}.Release|ARM.Build.0 = Release|Any CPU
		{EA9ECBF2-3E97-41FB-91EA-B5373D8DFBCD}.Release|ARM64.ActiveCfg = Release|Any CPU
		{EA9ECBF2-3E97-41FB-91EA-B5373D8DFBCD}.Release|ARM64.Build.0 = Release|Any CPU
		{EA9ECBF2-3E97-41FB-91EA-B5373D8DFBCD}.Release|x64.ActiveCfg = Release|Any CPU
		{EA9ECBF2-3E97-41FB-91EA-B5373D8DFBCD}.Release|x64.Build.0 = Release|Any CPU
		{EA9ECBF2-3E97-41FB-91EA-B5373D8DFBCD}.Release|x86.ActiveCfg = Release|Any CPU
		{EA9ECBF2-3E97-41FB-91EA-B5373D8DFBCD}.Release|x86.Build.0 = Release|Any CPU
	EndGlobalSection
	GlobalSection(SolutionProperties) = preSolution
		HideSolutionNode = FALSE
	EndGlobalSection
	GlobalSection(NestedProjects) = preSolution
		{878DC04C-D786-4B03-A88E-B778F9DB947B} = {5A14B6A3-DFB8-4C1E-A9E2-0FA575E11D17}
		{53588FC7-7A26-4DED-A995-6D4CCB64EEA3} = {8AC0BA10-7583-4702-A5D8-4C487B794B69}
		{63E76212-B2A1-4E11-AF72-0D8A01608C89} = {53588FC7-7A26-4DED-A995-6D4CCB64EEA3}
		{5A14B6A3-DFB8-4C1E-A9E2-0FA575E11D17} = {53588FC7-7A26-4DED-A995-6D4CCB64EEA3}
		{056070B3-24B5-48D7-BCA4-235491019646} = {5A14B6A3-DFB8-4C1E-A9E2-0FA575E11D17}
		{713CB01A-8199-4F1D-BACA-6094B133E65C} = {5A14B6A3-DFB8-4C1E-A9E2-0FA575E11D17}
		{7B9E6DC4-B51D-42F6-BB76-2E92A4546C6C} = {5A14B6A3-DFB8-4C1E-A9E2-0FA575E11D17}
		{85EAC9D7-43AA-444F-BFC2-D73E2AD9E683} = {5A14B6A3-DFB8-4C1E-A9E2-0FA575E11D17}
		{83EDD86C-2808-4E55-A0FA-D60DF6A063C9} = {5A14B6A3-DFB8-4C1E-A9E2-0FA575E11D17}
		{E11E0F5F-123B-4CE8-ADFF-C1562814B5FE} = {63E76212-B2A1-4E11-AF72-0D8A01608C89}
		{8F7D78D8-3003-4D0D-9D50-3AD3F92BEB22} = {63E76212-B2A1-4E11-AF72-0D8A01608C89}
		{0A405AAA-B920-495E-BE16-21C8CEA52905} = {63E76212-B2A1-4E11-AF72-0D8A01608C89}
		{52FC3594-7FE0-4B50-AEE2-4FCDF656E0DF} = {63E76212-B2A1-4E11-AF72-0D8A01608C89}
		{B5C7E4D6-4005-425A-B638-8EBC0F9A9D08} = {52FC3594-7FE0-4B50-AEE2-4FCDF656E0DF}
		{985A7CE9-1A3B-437E-B03D-78F1F0400541} = {5A14B6A3-DFB8-4C1E-A9E2-0FA575E11D17}
		{22926F9D-2AED-46E1-9C45-240B09419567} = {5A14B6A3-DFB8-4C1E-A9E2-0FA575E11D17}
		{78FB79C6-74BB-4346-A00E-E3933101BD3B} = {8AC0BA10-7583-4702-A5D8-4C487B794B69}
		{A63D44F4-9FDC-48DE-AD87-293954FB2ED1} = {8AC0BA10-7583-4702-A5D8-4C487B794B69}
		{6EDAF3E8-F536-43E8-818B-30E06B738419} = {8AC0BA10-7583-4702-A5D8-4C487B794B69}
		{FBBCDE98-75A2-458A-B68C-2F81FEC0F686} = {8AC0BA10-7583-4702-A5D8-4C487B794B69}
		{5F31654B-BA70-404C-845E-06698135F505} = {78FB79C6-74BB-4346-A00E-E3933101BD3B}
		{9FBED483-73BA-4F22-B4E9-C58E121C6BE1} = {78FB79C6-74BB-4346-A00E-E3933101BD3B}
		{6F67755A-E982-46DB-A810-8175D7151D31} = {78FB79C6-74BB-4346-A00E-E3933101BD3B}
		{AE49D91C-C524-4EC4-96CB-E462165180F9} = {6EDAF3E8-F536-43E8-818B-30E06B738419}
		{E019BB93-DB0C-45D2-AC93-3D9AA369D972} = {6EDAF3E8-F536-43E8-818B-30E06B738419}
		{3DCA30B7-12CC-4A53-8FFF-12454358C916} = {6EDAF3E8-F536-43E8-818B-30E06B738419}
		{D042D29B-C0F9-4D79-A2F3-E27F5DADA5D8} = {6EDAF3E8-F536-43E8-818B-30E06B738419}
		{3D3D87FA-1BDE-436D-8259-01B036BD42FC} = {6EDAF3E8-F536-43E8-818B-30E06B738419}
		{24321036-B1F5-46E8-9CF4-B02309D4237E} = {6EDAF3E8-F536-43E8-818B-30E06B738419}
		{F0AA81DF-A71B-405E-A34B-2FDACFB8906C} = {A63D44F4-9FDC-48DE-AD87-293954FB2ED1}
		{E9145266-23B8-4D93-BBCD-5A0BE6F58334} = {8AC0BA10-7583-4702-A5D8-4C487B794B69}
		{FBDFE21A-9946-4188-A621-E66186396203} = {FBBCDE98-75A2-458A-B68C-2F81FEC0F686}
		{6F4C7055-E7C1-4256-8779-53D38AA7D2FF} = {879AC60D-510E-4717-AC82-79C9447650DC}
		{283E7207-276B-42D2-B491-6075BA0E0A29} = {879AC60D-510E-4717-AC82-79C9447650DC}
		{26FC3771-00F2-441B-84DD-875F2E374E6D} = {879AC60D-510E-4717-AC82-79C9447650DC}
		{BF67BB33-FA0F-47AB-90B8-D9CFE6C6FAB3} = {879AC60D-510E-4717-AC82-79C9447650DC}
		{508CE470-F440-496C-8607-361F6AC2ED9C} = {879AC60D-510E-4717-AC82-79C9447650DC}
		{FBF72B0F-C058-43B7-89F5-AC7F3D2B8A10} = {24FDC793-9F76-4F81-86F3-26F1AEDF31FD}
		{051245BC-0785-47CA-9D11-B060DDC72A07} = {07B444ED-E145-493E-A509-3E24A0115E5C}
		{07B444ED-E145-493E-A509-3E24A0115E5C} = {6F4C7055-E7C1-4256-8779-53D38AA7D2FF}
		{24FDC793-9F76-4F81-86F3-26F1AEDF31FD} = {6F4C7055-E7C1-4256-8779-53D38AA7D2FF}
		{5D9A972E-30EE-4FE3-84CA-03A1FAA7C765} = {24FDC793-9F76-4F81-86F3-26F1AEDF31FD}
		{EA9ECBF2-3E97-41FB-91EA-B5373D8DFBCD} = {07B444ED-E145-493E-A509-3E24A0115E5C}
	EndGlobalSection
	GlobalSection(ExtensibilityGlobals) = postSolution
		SolutionGuid = {339A61EA-C5C5-4D0C-BBBD-073C2CCC4A53}
	EndGlobalSection
EndGlobal
